// !$*UTF8*$!
{
	archiveVersion = 1;
	classes = {
	};
	objectVersion = 56;
	objects = {

/* Begin PBXBuildFile section */
		4F1DBC9E2D66E18200F7DCE8 /* おにぎりe.mp3 in Resources */ = {isa = PBXBuildFile; fileRef = 4F1DBC9D2D66E18200F7DCE8 /* おにぎりe.mp3 */; };
		4F1DBCA02D66E87C00F7DCE8 /* Select2WordViewController.swift in Sources */ = {isa = PBXBuildFile; fileRef = 4F1DBC9F2D66E87C00F7DCE8 /* Select2WordViewController.swift */; };
		4F1DBCA22D66EAE500F7DCE8 /* Ssp2WordViewController.swift in Sources */ = {isa = PBXBuildFile; fileRef = 4F1DBCA12D66EAE500F7DCE8 /* Ssp2WordViewController.swift */; };
		4F1DBCA42D670C1000F7DCE8 /* あめ.csv in Resources */ = {isa = PBXBuildFile; fileRef = 4F1DBCA32D670C1000F7DCE8 /* あめ.csv */; };
		4F1DBCA62D67139C00F7DCE8 /* あめ.mp3 in Resources */ = {isa = PBXBuildFile; fileRef = 4F1DBCA52D67139C00F7DCE8 /* あめ.mp3 */; };
		4F1DBCA82D6713F300F7DCE8 /* あめ.png in Resources */ = {isa = PBXBuildFile; fileRef = 4F1DBCA72D6713F300F7DCE8 /* あめ.png */; };
		4F1DBCAA2D6716E700F7DCE8 /* あめe.mp3 in Resources */ = {isa = PBXBuildFile; fileRef = 4F1DBCA92D6716E700F7DCE8 /* あめe.mp3 */; };
		4F1DBCAC2D683BC100F7DCE8 /* SelectQuizViewController.swift in Sources */ = {isa = PBXBuildFile; fileRef = 4F1DBCAB2D683BC100F7DCE8 /* SelectQuizViewController.swift */; };
		4F1DBCAE2D69AF2E00F7DCE8 /* PersonalHistoryViewController.swift in Sources */ = {isa = PBXBuildFile; fileRef = 4F1DBCAD2D69AF2E00F7DCE8 /* PersonalHistoryViewController.swift */; };
		4F1DBCB02D69C02800F7DCE8 /* QuizViewController.swift in Sources */ = {isa = PBXBuildFile; fileRef = 4F1DBCAF2D69C02800F7DCE8 /* QuizViewController.swift */; };
		4F1DBCB22D69CB8300F7DCE8 /* 14.csv in Resources */ = {isa = PBXBuildFile; fileRef = 4F1DBCB12D69CB8300F7DCE8 /* 14.csv */; };
		4F1DBCB42D69DB4400F7DCE8 /* SelectCharacterLengthViewController.swift in Sources */ = {isa = PBXBuildFile; fileRef = 4F1DBCB32D69DB4300F7DCE8 /* SelectCharacterLengthViewController.swift */; };
		4F25BFA22C8FD8FB00939AF7 /* AppDelegate.swift in Sources */ = {isa = PBXBuildFile; fileRef = 4F25BFA12C8FD8FB00939AF7 /* AppDelegate.swift */; };
		4F25BFA42C8FD8FB00939AF7 /* SceneDelegate.swift in Sources */ = {isa = PBXBuildFile; fileRef = 4F25BFA32C8FD8FB00939AF7 /* SceneDelegate.swift */; };
		4F25BFA62C8FD8FB00939AF7 /* StartViewController.swift in Sources */ = {isa = PBXBuildFile; fileRef = 4F25BFA52C8FD8FB00939AF7 /* StartViewController.swift */; };
		4F25BFA92C8FD8FB00939AF7 /* Base in Resources */ = {isa = PBXBuildFile; fileRef = 4F25BFA82C8FD8FB00939AF7 /* Base */; };
		4F25BFAB2C8FD8FD00939AF7 /* Assets.xcassets in Resources */ = {isa = PBXBuildFile; fileRef = 4F25BFAA2C8FD8FD00939AF7 /* Assets.xcassets */; };
		4F25BFAE2C8FD8FD00939AF7 /* Base in Resources */ = {isa = PBXBuildFile; fileRef = 4F25BFAD2C8FD8FD00939AF7 /* Base */; };
		4F25BFB62C8FE2C900939AF7 /* Ssp3WordViewController.swift in Sources */ = {isa = PBXBuildFile; fileRef = 4F25BFB52C8FE2C900939AF7 /* Ssp3WordViewController.swift */; };
		4F25BFB82C8FE3BC00939AF7 /* LastViewController.swift in Sources */ = {isa = PBXBuildFile; fileRef = 4F25BFB72C8FE3BC00939AF7 /* LastViewController.swift */; };
		4F25BFBA2C8FE70B00939AF7 /* くじら.csv in Resources */ = {isa = PBXBuildFile; fileRef = 4F25BFB92C8FE70B00939AF7 /* くじら.csv */; };
		4F25BFBC2C90096000939AF7 /* Select3WordViewController.swift in Sources */ = {isa = PBXBuildFile; fileRef = 4F25BFBB2C90096000939AF7 /* Select3WordViewController.swift */; };
		4F25BFBE2C90251500939AF7 /* めだか.csv in Resources */ = {isa = PBXBuildFile; fileRef = 4F25BFBD2C9024DD00939AF7 /* めだか.csv */; };
		4F25BFC72C90257F00939AF7 /* くるま.csv in Resources */ = {isa = PBXBuildFile; fileRef = 4F25BFBF2C90254E00939AF7 /* くるま.csv */; };
		4F25BFCC2C9027FF00939AF7 /* うさぎ.csv in Resources */ = {isa = PBXBuildFile; fileRef = 4F25BFC02C90255200939AF7 /* うさぎ.csv */; };
		4F25BFCD2C90280100939AF7 /* ごはん.csv in Resources */ = {isa = PBXBuildFile; fileRef = 4F25BFC12C90255300939AF7 /* ごはん.csv */; };
		4F25BFCE2C90280400939AF7 /* だんご.csv in Resources */ = {isa = PBXBuildFile; fileRef = 4F25BFC82C90265B00939AF7 /* だんご.csv */; };
		4F25BFCF2C90280600939AF7 /* おばけ.csv in Resources */ = {isa = PBXBuildFile; fileRef = 4F25BFC92C90265D00939AF7 /* おばけ.csv */; };
		4F25BFD02C90280A00939AF7 /* つばめ.csv in Resources */ = {isa = PBXBuildFile; fileRef = 4F25BFCA2C90265F00939AF7 /* つばめ.csv */; };
		4F25BFD12C90280D00939AF7 /* すずめ.csv in Resources */ = {isa = PBXBuildFile; fileRef = 4F25BFC32C90255500939AF7 /* すずめ.csv */; };
		4F25BFD22C90280F00939AF7 /* らくだ.csv in Resources */ = {isa = PBXBuildFile; fileRef = 4F25BFC42C90255700939AF7 /* らくだ.csv */; };
		4F25BFD32C90281200939AF7 /* ひつじ.csv in Resources */ = {isa = PBXBuildFile; fileRef = 4F25BFC52C90255800939AF7 /* ひつじ.csv */; };
		4F25BFD42C90281500939AF7 /* えのぐ.csv in Resources */ = {isa = PBXBuildFile; fileRef = 4F25BFC62C90255900939AF7 /* えのぐ.csv */; };
		4F25BFD62C90321200939AF7 /* めだか.mp3 in Resources */ = {isa = PBXBuildFile; fileRef = 4F25BFD52C90321200939AF7 /* めだか.mp3 */; };
		4F25BFD92C90328900939AF7 /* くるま.mp3 in Resources */ = {isa = PBXBuildFile; fileRef = 4F25BFD82C90328800939AF7 /* くるま.mp3 */; };
		4F25BFE42C9036EA00939AF7 /* ひつじ.mp3 in Resources */ = {isa = PBXBuildFile; fileRef = 4F25BFDA2C9036EA00939AF7 /* ひつじ.mp3 */; };
		4F25BFE52C9036EA00939AF7 /* だんご.mp3 in Resources */ = {isa = PBXBuildFile; fileRef = 4F25BFDB2C9036EA00939AF7 /* だんご.mp3 */; };
		4F25BFE62C9036EA00939AF7 /* つばめ.mp3 in Resources */ = {isa = PBXBuildFile; fileRef = 4F25BFDC2C9036EA00939AF7 /* つばめ.mp3 */; };
		4F25BFE72C9036EA00939AF7 /* すずめ.mp3 in Resources */ = {isa = PBXBuildFile; fileRef = 4F25BFDD2C9036EA00939AF7 /* すずめ.mp3 */; };
		4F25BFE82C9036EA00939AF7 /* らくだ.mp3 in Resources */ = {isa = PBXBuildFile; fileRef = 4F25BFDE2C9036EA00939AF7 /* らくだ.mp3 */; };
		4F25BFE92C9036EA00939AF7 /* えのぐ.mp3 in Resources */ = {isa = PBXBuildFile; fileRef = 4F25BFDF2C9036EA00939AF7 /* えのぐ.mp3 */; };
		4F25BFEA2C9036EA00939AF7 /* うさぎ.mp3 in Resources */ = {isa = PBXBuildFile; fileRef = 4F25BFE02C9036EA00939AF7 /* うさぎ.mp3 */; };
		4F25BFEB2C9036EA00939AF7 /* おばけ.mp3 in Resources */ = {isa = PBXBuildFile; fileRef = 4F25BFE12C9036EA00939AF7 /* おばけ.mp3 */; };
		4F25BFEC2C9036EA00939AF7 /* くじら.mp3 in Resources */ = {isa = PBXBuildFile; fileRef = 4F25BFE22C9036EA00939AF7 /* くじら.mp3 */; };
		4F25BFED2C9036EA00939AF7 /* ごはん.mp3 in Resources */ = {isa = PBXBuildFile; fileRef = 4F25BFE32C9036EA00939AF7 /* ごはん.mp3 */; };
		4F25BFFA2C904BEA00939AF7 /* だんご.png in Resources */ = {isa = PBXBuildFile; fileRef = 4F25BFEE2C904BE900939AF7 /* だんご.png */; };
		4F25BFFB2C904BEA00939AF7 /* つばめ.png in Resources */ = {isa = PBXBuildFile; fileRef = 4F25BFEF2C904BE900939AF7 /* つばめ.png */; };
		4F25BFFC2C904BEA00939AF7 /* ごはん.png in Resources */ = {isa = PBXBuildFile; fileRef = 4F25BFF02C904BE900939AF7 /* ごはん.png */; };
		4F25BFFD2C904BEA00939AF7 /* えのぐ.png in Resources */ = {isa = PBXBuildFile; fileRef = 4F25BFF12C904BE900939AF7 /* えのぐ.png */; };
		4F25BFFE2C904BEA00939AF7 /* ひつじ.png in Resources */ = {isa = PBXBuildFile; fileRef = 4F25BFF22C904BE900939AF7 /* ひつじ.png */; };
		4F25BFFF2C904BEA00939AF7 /* めだか.png in Resources */ = {isa = PBXBuildFile; fileRef = 4F25BFF32C904BE900939AF7 /* めだか.png */; };
		4F25C0002C904BEA00939AF7 /* らくだ.png in Resources */ = {isa = PBXBuildFile; fileRef = 4F25BFF42C904BE900939AF7 /* らくだ.png */; };
		4F25C0012C904BEA00939AF7 /* うさぎ.png in Resources */ = {isa = PBXBuildFile; fileRef = 4F25BFF52C904BE900939AF7 /* うさぎ.png */; };
		4F25C0022C904BEA00939AF7 /* すずめ.png in Resources */ = {isa = PBXBuildFile; fileRef = 4F25BFF62C904BE900939AF7 /* すずめ.png */; };
		4F25C0032C904BEA00939AF7 /* おばけ.png in Resources */ = {isa = PBXBuildFile; fileRef = 4F25BFF72C904BE900939AF7 /* おばけ.png */; };
		4F25C0042C904BEA00939AF7 /* くるま.png in Resources */ = {isa = PBXBuildFile; fileRef = 4F25BFF82C904BE900939AF7 /* くるま.png */; };
		4F25C0052C904BEA00939AF7 /* くじら.png in Resources */ = {isa = PBXBuildFile; fileRef = 4F25BFF92C904BE900939AF7 /* くじら.png */; };
		4F25C00D2C90592F00939AF7 /* く.mp3 in Resources */ = {isa = PBXBuildFile; fileRef = 4F25C0072C90592F00939AF7 /* く.mp3 */; };
		4F25C00E2C90592F00939AF7 /* だ.mp3 in Resources */ = {isa = PBXBuildFile; fileRef = 4F25C0082C90592F00939AF7 /* だ.mp3 */; };
		4F25C00F2C90592F00939AF7 /* る.mp3 in Resources */ = {isa = PBXBuildFile; fileRef = 4F25C0092C90592F00939AF7 /* る.mp3 */; };
		4F25C0102C90592F00939AF7 /* め.mp3 in Resources */ = {isa = PBXBuildFile; fileRef = 4F25C00A2C90592F00939AF7 /* め.mp3 */; };
		4F25C0112C90592F00939AF7 /* か.mp3 in Resources */ = {isa = PBXBuildFile; fileRef = 4F25C00B2C90592F00939AF7 /* か.mp3 */; };
		4F25C0122C90592F00939AF7 /* ま.mp3 in Resources */ = {isa = PBXBuildFile; fileRef = 4F25C00C2C90592F00939AF7 /* ま.mp3 */; };
		4F25C0242C905F9F00939AF7 /* ら.mp3 in Resources */ = {isa = PBXBuildFile; fileRef = 4F25C0132C905F9F00939AF7 /* ら.mp3 */; };
		4F25C0252C905F9F00939AF7 /* ぎ.mp3 in Resources */ = {isa = PBXBuildFile; fileRef = 4F25C0142C905F9F00939AF7 /* ぎ.mp3 */; };
		4F25C0262C905F9F00939AF7 /* け.mp3 in Resources */ = {isa = PBXBuildFile; fileRef = 4F25C0152C905F9F00939AF7 /* け.mp3 */; };
		4F25C0272C905F9F00939AF7 /* ぐ.mp3 in Resources */ = {isa = PBXBuildFile; fileRef = 4F25C0162C905F9F00939AF7 /* ぐ.mp3 */; };
		4F25C0282C905F9F00939AF7 /* さ.mp3 in Resources */ = {isa = PBXBuildFile; fileRef = 4F25C0172C905F9F00939AF7 /* さ.mp3 */; };
		4F25C0292C905F9F00939AF7 /* じ.mp3 in Resources */ = {isa = PBXBuildFile; fileRef = 4F25C0182C905F9F00939AF7 /* じ.mp3 */; };
		4F25C02A2C905F9F00939AF7 /* つ.mp3 in Resources */ = {isa = PBXBuildFile; fileRef = 4F25C0192C905F9F00939AF7 /* つ.mp3 */; };
		4F25C02B2C905F9F00939AF7 /* の.mp3 in Resources */ = {isa = PBXBuildFile; fileRef = 4F25C01A2C905F9F00939AF7 /* の.mp3 */; };
		4F25C02C2C905F9F00939AF7 /* お.mp3 in Resources */ = {isa = PBXBuildFile; fileRef = 4F25C01B2C905F9F00939AF7 /* お.mp3 */; };
		4F25C02D2C905F9F00939AF7 /* ご.mp3 in Resources */ = {isa = PBXBuildFile; fileRef = 4F25C01C2C905F9F00939AF7 /* ご.mp3 */; };
		4F25C02E2C905F9F00939AF7 /* ひ.mp3 in Resources */ = {isa = PBXBuildFile; fileRef = 4F25C01D2C905F9F00939AF7 /* ひ.mp3 */; };
		4F25C02F2C905F9F00939AF7 /* え.mp3 in Resources */ = {isa = PBXBuildFile; fileRef = 4F25C01E2C905F9F00939AF7 /* え.mp3 */; };
		4F25C0302C905F9F00939AF7 /* す.mp3 in Resources */ = {isa = PBXBuildFile; fileRef = 4F25C01F2C905F9F00939AF7 /* す.mp3 */; };
		4F25C0312C905F9F00939AF7 /* ば.mp3 in Resources */ = {isa = PBXBuildFile; fileRef = 4F25C0202C905F9F00939AF7 /* ば.mp3 */; };
		4F25C0322C905F9F00939AF7 /* ん.mp3 in Resources */ = {isa = PBXBuildFile; fileRef = 4F25C0212C905F9F00939AF7 /* ん.mp3 */; };
		4F25C0332C905F9F00939AF7 /* ず.mp3 in Resources */ = {isa = PBXBuildFile; fileRef = 4F25C0222C905F9F00939AF7 /* ず.mp3 */; };
		4F25C0342C905F9F00939AF7 /* う.mp3 in Resources */ = {isa = PBXBuildFile; fileRef = 4F25C0232C905F9F00939AF7 /* う.mp3 */; };
		4F25C0362C910FD800939AF7 /* Select4WordViewController.swift in Sources */ = {isa = PBXBuildFile; fileRef = 4F25C0352C910FD800939AF7 /* Select4WordViewController.swift */; };
		4F25C0382C91101000939AF7 /* Ssp4WordViewController.swift in Sources */ = {isa = PBXBuildFile; fileRef = 4F25C0372C91101000939AF7 /* Ssp4WordViewController.swift */; };
		4F25C03C2C912B8100939AF7 /* SelectViewController.swift in Sources */ = {isa = PBXBuildFile; fileRef = 4F25C03B2C912B8100939AF7 /* SelectViewController.swift */; };
		4F25C0522C913EAB00939AF7 /* たんぽぽ.csv in Resources */ = {isa = PBXBuildFile; fileRef = 4F25C03E2C913B1F00939AF7 /* たんぽぽ.csv */; };
		4F25C0532C913EAB00939AF7 /* てぶくろ.csv in Resources */ = {isa = PBXBuildFile; fileRef = 4F25C0462C913B3000939AF7 /* てぶくろ.csv */; };
		4F25C0542C913EAB00939AF7 /* はみがき.csv in Resources */ = {isa = PBXBuildFile; fileRef = 4F25C0402C913B2400939AF7 /* はみがき.csv */; };
		4F25C0552C913EAB00939AF7 /* にんじん.csv in Resources */ = {isa = PBXBuildFile; fileRef = 4F25C0442C913B3000939AF7 /* にんじん.csv */; };
		4F25C0562C913EAB00939AF7 /* あいさつ.csv in Resources */ = {isa = PBXBuildFile; fileRef = 4F25C0512C913D1900939AF7 /* あいさつ.csv */; };
		4F25C0572C913EAB00939AF7 /* ながぐつ.csv in Resources */ = {isa = PBXBuildFile; fileRef = 4F25C0432C913B3000939AF7 /* ながぐつ.csv */; };
		4F25C0582C913EAB00939AF7 /* すいとう.csv in Resources */ = {isa = PBXBuildFile; fileRef = 4F25C0422C913B3000939AF7 /* すいとう.csv */; };
		4F25C0592C913EAB00939AF7 /* おみくじ.csv in Resources */ = {isa = PBXBuildFile; fileRef = 4F25C0502C913D1900939AF7 /* おみくじ.csv */; };
		4F25C05A2C913EAB00939AF7 /* にくまん.csv in Resources */ = {isa = PBXBuildFile; fileRef = 4F25C0472C913B3600939AF7 /* にくまん.csv */; };
		4F25C05B2C913EAB00939AF7 /* ふくろう.csv in Resources */ = {isa = PBXBuildFile; fileRef = 4F25C0492C913B3600939AF7 /* ふくろう.csv */; };
		4F25C05C2C913EAB00939AF7 /* わりばし.csv in Resources */ = {isa = PBXBuildFile; fileRef = 4F25C0412C913B2B00939AF7 /* わりばし.csv */; };
		4F25C05D2C913EAB00939AF7 /* ぶらんこ.csv in Resources */ = {isa = PBXBuildFile; fileRef = 4F25C04A2C913B3600939AF7 /* ぶらんこ.csv */; };
		4F25C05E2C913EAB00939AF7 /* くつした.csv in Resources */ = {isa = PBXBuildFile; fileRef = 4F25C03D2C913AE400939AF7 /* くつした.csv */; };
		4F25C05F2C913EAB00939AF7 /* しんごう.csv in Resources */ = {isa = PBXBuildFile; fileRef = 4F25C04F2C913B3600939AF7 /* しんごう.csv */; };
		4F25C0602C913EAB00939AF7 /* なわとび.csv in Resources */ = {isa = PBXBuildFile; fileRef = 4F25C04B2C913B3600939AF7 /* なわとび.csv */; };
		4F25C0612C913EAB00939AF7 /* おにぎり.csv in Resources */ = {isa = PBXBuildFile; fileRef = 4F25C04D2C913B3600939AF7 /* おにぎり.csv */; };
		4F25C0622C913EAB00939AF7 /* たこやき.csv in Resources */ = {isa = PBXBuildFile; fileRef = 4F25C03F2C913B2200939AF7 /* たこやき.csv */; };
		4F25C0632C913EAB00939AF7 /* やきそば.csv in Resources */ = {isa = PBXBuildFile; fileRef = 4F25C04E2C913B3600939AF7 /* やきそば.csv */; };
		4F25C0642C913EAB00939AF7 /* ふうせん.csv in Resources */ = {isa = PBXBuildFile; fileRef = 4F25C04C2C913B3600939AF7 /* ふうせん.csv */; };
		4F25C0652C913EAB00939AF7 /* どんぐり.csv in Resources */ = {isa = PBXBuildFile; fileRef = 4F25C0452C913B3000939AF7 /* どんぐり.csv */; };
		4F25C0662C913EAB00939AF7 /* ろうそく.csv in Resources */ = {isa = PBXBuildFile; fileRef = 4F25C0482C913B3600939AF7 /* ろうそく.csv */; };
		4F25C07C2C91516D00939AF7 /* てぶくろ.png in Resources */ = {isa = PBXBuildFile; fileRef = 4F25C0672C91516D00939AF7 /* てぶくろ.png */; };
		4F25C07D2C91516D00939AF7 /* にくまん.png in Resources */ = {isa = PBXBuildFile; fileRef = 4F25C0682C91516D00939AF7 /* にくまん.png */; };
		4F25C07E2C91516D00939AF7 /* たこやき.png in Resources */ = {isa = PBXBuildFile; fileRef = 4F25C0692C91516D00939AF7 /* たこやき.png */; };
		4F25C07F2C91516D00939AF7 /* ふくろう.png in Resources */ = {isa = PBXBuildFile; fileRef = 4F25C06A2C91516D00939AF7 /* ふくろう.png */; };
		4F25C0802C91516D00939AF7 /* ぶらんこ.png in Resources */ = {isa = PBXBuildFile; fileRef = 4F25C06B2C91516D00939AF7 /* ぶらんこ.png */; };
		4F25C0812C91516D00939AF7 /* やきそば.png in Resources */ = {isa = PBXBuildFile; fileRef = 4F25C06C2C91516D00939AF7 /* やきそば.png */; };
		4F25C0822C91516D00939AF7 /* わりばし.png in Resources */ = {isa = PBXBuildFile; fileRef = 4F25C06D2C91516D00939AF7 /* わりばし.png */; };
		4F25C0832C91516D00939AF7 /* なわとび.png in Resources */ = {isa = PBXBuildFile; fileRef = 4F25C06E2C91516D00939AF7 /* なわとび.png */; };
		4F25C0842C91516D00939AF7 /* すいとう.png in Resources */ = {isa = PBXBuildFile; fileRef = 4F25C06F2C91516D00939AF7 /* すいとう.png */; };
		4F25C0852C91516D00939AF7 /* ふうせん.png in Resources */ = {isa = PBXBuildFile; fileRef = 4F25C0702C91516D00939AF7 /* ふうせん.png */; };
		4F25C0862C91516D00939AF7 /* たんぽぽ.png in Resources */ = {isa = PBXBuildFile; fileRef = 4F25C0712C91516D00939AF7 /* たんぽぽ.png */; };
		4F25C0872C91516D00939AF7 /* おにぎり.png in Resources */ = {isa = PBXBuildFile; fileRef = 4F25C0722C91516D00939AF7 /* おにぎり.png */; };
		4F25C0882C91516D00939AF7 /* はみがき.png in Resources */ = {isa = PBXBuildFile; fileRef = 4F25C0732C91516D00939AF7 /* はみがき.png */; };
		4F25C0892C91516D00939AF7 /* にんじん.png in Resources */ = {isa = PBXBuildFile; fileRef = 4F25C0742C91516D00939AF7 /* にんじん.png */; };
		4F25C08A2C91516D00939AF7 /* ながぐつ.png in Resources */ = {isa = PBXBuildFile; fileRef = 4F25C0752C91516D00939AF7 /* ながぐつ.png */; };
		4F25C08B2C91516D00939AF7 /* どんぐり.png in Resources */ = {isa = PBXBuildFile; fileRef = 4F25C0762C91516D00939AF7 /* どんぐり.png */; };
		4F25C08C2C91516D00939AF7 /* くつした.png in Resources */ = {isa = PBXBuildFile; fileRef = 4F25C0772C91516D00939AF7 /* くつした.png */; };
		4F25C08D2C91516D00939AF7 /* ろうそく.png in Resources */ = {isa = PBXBuildFile; fileRef = 4F25C0782C91516D00939AF7 /* ろうそく.png */; };
		4F25C08E2C91516D00939AF7 /* しんごう.png in Resources */ = {isa = PBXBuildFile; fileRef = 4F25C0792C91516D00939AF7 /* しんごう.png */; };
		4F25C08F2C91516D00939AF7 /* おみくじ.png in Resources */ = {isa = PBXBuildFile; fileRef = 4F25C07A2C91516D00939AF7 /* おみくじ.png */; };
		4F25C0902C91516D00939AF7 /* にわとり.png in Resources */ = {isa = PBXBuildFile; fileRef = 4F25C07B2C91516D00939AF7 /* にわとり.png */; };
		4F39971E2D66A6BE00F7C305 /* うさぎe.mp3 in Resources */ = {isa = PBXBuildFile; fileRef = 4F39971D2D66A6BE00F7C305 /* うさぎe.mp3 */; };
		4F5E172F2C91A0E700597A03 /* こ.mp3 in Resources */ = {isa = PBXBuildFile; fileRef = 4F5E172E2C91A0E700597A03 /* こ.mp3 */; };
		4F5E173A2C91A10400597A03 /* ち.mp3 in Resources */ = {isa = PBXBuildFile; fileRef = 4F5E17302C91A10400597A03 /* ち.mp3 */; };
		4F5E173B2C91A10400597A03 /* そ.mp3 in Resources */ = {isa = PBXBuildFile; fileRef = 4F5E17312C91A10400597A03 /* そ.mp3 */; };
		4F5E173C2C91A10400597A03 /* ふ.mp3 in Resources */ = {isa = PBXBuildFile; fileRef = 4F5E17322C91A10400597A03 /* ふ.mp3 */; };
		4F5E173D2C91A10400597A03 /* な.mp3 in Resources */ = {isa = PBXBuildFile; fileRef = 4F5E17332C91A10400597A03 /* な.mp3 */; };
		4F5E173E2C91A10400597A03 /* て.mp3 in Resources */ = {isa = PBXBuildFile; fileRef = 4F5E17342C91A10400597A03 /* て.mp3 */; };
		4F5E173F2C91A10400597A03 /* た.mp3 in Resources */ = {isa = PBXBuildFile; fileRef = 4F5E17352C91A10400597A03 /* た.mp3 */; };
		4F5E17402C91A10400597A03 /* ぶ.mp3 in Resources */ = {isa = PBXBuildFile; fileRef = 4F5E17362C91A10400597A03 /* ぶ.mp3 */; };
		4F5E17412C91A10400597A03 /* ど.mp3 in Resources */ = {isa = PBXBuildFile; fileRef = 4F5E17372C91A10400597A03 /* ど.mp3 */; };
		4F5E17422C91A10400597A03 /* は.mp3 in Resources */ = {isa = PBXBuildFile; fileRef = 4F5E17382C91A10400597A03 /* は.mp3 */; };
		4F5E17432C91A10400597A03 /* と.mp3 in Resources */ = {isa = PBXBuildFile; fileRef = 4F5E17392C91A10400597A03 /* と.mp3 */; };
		4F5E17452C91A12900597A03 /* に.mp3 in Resources */ = {isa = PBXBuildFile; fileRef = 4F5E17442C91A12900597A03 /* に.mp3 */; };
		4F5E17472C91A30400597A03 /* ぽ.mp3 in Resources */ = {isa = PBXBuildFile; fileRef = 4F5E17462C91A30400597A03 /* ぽ.mp3 */; };
		4F5E17492C91A35500597A03 /* ろ.mp3 in Resources */ = {isa = PBXBuildFile; fileRef = 4F5E17482C91A35500597A03 /* ろ.mp3 */; };
		4F5E174B2C91A3B700597A03 /* や.mp3 in Resources */ = {isa = PBXBuildFile; fileRef = 4F5E174A2C91A3B700597A03 /* や.mp3 */; };
		4F5E174D2C91A40000597A03 /* み.mp3 in Resources */ = {isa = PBXBuildFile; fileRef = 4F5E174C2C91A40000597A03 /* み.mp3 */; };
		4F5E174F2C91A44200597A03 /* が.mp3 in Resources */ = {isa = PBXBuildFile; fileRef = 4F5E174E2C91A44200597A03 /* が.mp3 */; };
		4F5E17512C91A4CB00597A03 /* り.mp3 in Resources */ = {isa = PBXBuildFile; fileRef = 4F5E17502C91A4CB00597A03 /* り.mp3 */; };
		4F5E17532C91A5F500597A03 /* わ.mp3 in Resources */ = {isa = PBXBuildFile; fileRef = 4F5E17522C91A5F500597A03 /* わ.mp3 */; };
		4F5E17552C91A65800597A03 /* び.mp3 in Resources */ = {isa = PBXBuildFile; fileRef = 4F5E17542C91A65800597A03 /* び.mp3 */; };
		4F5E17572C91A73900597A03 /* にわとり.csv in Resources */ = {isa = PBXBuildFile; fileRef = 4F5E17562C91A71E00597A03 /* にわとり.csv */; };
		4F75C0282D6A84D600534812 /* ResultViewController.swift in Sources */ = {isa = PBXBuildFile; fileRef = 4F75C0272D6A84D600534812 /* ResultViewController.swift */; };
		4F75C02A2D6A96BC00534812 /* まる.png in Resources */ = {isa = PBXBuildFile; fileRef = 4F75C0292D6A96BC00534812 /* まる.png */; };
		4F75C02C2D6A99F400534812 /* ばつ.png in Resources */ = {isa = PBXBuildFile; fileRef = 4F75C02B2D6A99F400534812 /* ばつ.png */; };
		4F75C02E2D6AAB2F00534812 /* QuizResult.swift in Sources */ = {isa = PBXBuildFile; fileRef = 4F75C02D2D6AAB2F00534812 /* QuizResult.swift */; };
		4F777B312C915B1E009E3A7A /* ふくろう.mp3 in Resources */ = {isa = PBXBuildFile; fileRef = 4F777B1C2C915B1E009E3A7A /* ふくろう.mp3 */; };
		4F777B322C915B1E009E3A7A /* すいとう.mp3 in Resources */ = {isa = PBXBuildFile; fileRef = 4F777B1D2C915B1E009E3A7A /* すいとう.mp3 */; };
		4F777B332C915B1E009E3A7A /* おにぎり.mp3 in Resources */ = {isa = PBXBuildFile; fileRef = 4F777B1E2C915B1E009E3A7A /* おにぎり.mp3 */; };
		4F777B342C915B1E009E3A7A /* にんじん.mp3 in Resources */ = {isa = PBXBuildFile; fileRef = 4F777B1F2C915B1E009E3A7A /* にんじん.mp3 */; };
		4F777B352C915B1E009E3A7A /* はみがき.mp3 in Resources */ = {isa = PBXBuildFile; fileRef = 4F777B202C915B1E009E3A7A /* はみがき.mp3 */; };
		4F777B362C915B1E009E3A7A /* やきそば.mp3 in Resources */ = {isa = PBXBuildFile; fileRef = 4F777B212C915B1E009E3A7A /* やきそば.mp3 */; };
		4F777B372C915B1E009E3A7A /* ぶらんこ.mp3 in Resources */ = {isa = PBXBuildFile; fileRef = 4F777B222C915B1E009E3A7A /* ぶらんこ.mp3 */; };
		4F777B382C915B1E009E3A7A /* なわとび.mp3 in Resources */ = {isa = PBXBuildFile; fileRef = 4F777B232C915B1E009E3A7A /* なわとび.mp3 */; };
		4F777B392C915B1E009E3A7A /* ろうそく.mp3 in Resources */ = {isa = PBXBuildFile; fileRef = 4F777B242C915B1E009E3A7A /* ろうそく.mp3 */; };
		4F777B3A2C915B1E009E3A7A /* てぶくろ.mp3 in Resources */ = {isa = PBXBuildFile; fileRef = 4F777B252C915B1E009E3A7A /* てぶくろ.mp3 */; };
		4F777B3B2C915B1E009E3A7A /* おみくじ.mp3 in Resources */ = {isa = PBXBuildFile; fileRef = 4F777B262C915B1E009E3A7A /* おみくじ.mp3 */; };
		4F777B3C2C915B1E009E3A7A /* にわとり.mp3 in Resources */ = {isa = PBXBuildFile; fileRef = 4F777B272C915B1E009E3A7A /* にわとり.mp3 */; };
		4F777B3D2C915B1E009E3A7A /* ながぐつ.mp3 in Resources */ = {isa = PBXBuildFile; fileRef = 4F777B282C915B1E009E3A7A /* ながぐつ.mp3 */; };
		4F777B3E2C915B1E009E3A7A /* にくまん.mp3 in Resources */ = {isa = PBXBuildFile; fileRef = 4F777B292C915B1E009E3A7A /* にくまん.mp3 */; };
		4F777B3F2C915B1E009E3A7A /* どんぐり.mp3 in Resources */ = {isa = PBXBuildFile; fileRef = 4F777B2A2C915B1E009E3A7A /* どんぐり.mp3 */; };
		4F777B402C915B1E009E3A7A /* わりばし.mp3 in Resources */ = {isa = PBXBuildFile; fileRef = 4F777B2B2C915B1E009E3A7A /* わりばし.mp3 */; };
		4F777B412C915B1E009E3A7A /* たこやき.mp3 in Resources */ = {isa = PBXBuildFile; fileRef = 4F777B2C2C915B1E009E3A7A /* たこやき.mp3 */; };
		4F777B422C915B1E009E3A7A /* しんごう.mp3 in Resources */ = {isa = PBXBuildFile; fileRef = 4F777B2D2C915B1E009E3A7A /* しんごう.mp3 */; };
		4F777B432C915B1E009E3A7A /* たんぽぽ.mp3 in Resources */ = {isa = PBXBuildFile; fileRef = 4F777B2E2C915B1E009E3A7A /* たんぽぽ.mp3 */; };
		4F777B442C915B1E009E3A7A /* くつした.mp3 in Resources */ = {isa = PBXBuildFile; fileRef = 4F777B2F2C915B1E009E3A7A /* くつした.mp3 */; };
		4F777B452C915B1E009E3A7A /* ふうせん.mp3 in Resources */ = {isa = PBXBuildFile; fileRef = 4F777B302C915B1E009E3A7A /* ふうせん.mp3 */; };
		4F777B4B2C915F12009E3A7A /* し.mp3 in Resources */ = {isa = PBXBuildFile; fileRef = 4F777B462C915F12009E3A7A /* し.mp3 */; };
		4F777B4C2C915F12009E3A7A /* せ.mp3 in Resources */ = {isa = PBXBuildFile; fileRef = 4F777B472C915F12009E3A7A /* せ.mp3 */; };
		4F777B4D2C915F12009E3A7A /* き.mp3 in Resources */ = {isa = PBXBuildFile; fileRef = 4F777B482C915F12009E3A7A /* き.mp3 */; };
		4F777B4E2C915F12009E3A7A /* い.mp3 in Resources */ = {isa = PBXBuildFile; fileRef = 4F777B492C915F12009E3A7A /* い.mp3 */; };
		4F777B4F2C915F12009E3A7A /* あ.mp3 in Resources */ = {isa = PBXBuildFile; fileRef = 4F777B4A2C915F12009E3A7A /* あ.mp3 */; };
		889E6CB5C8231E5AEE69CF98 /* Pods_WordReading4.framework in Frameworks */ = {isa = PBXBuildFile; fileRef = 48E1DA2FDB33D5248F2A8B4B /* Pods_WordReading4.framework */; };
/* End PBXBuildFile section */

/* Begin PBXFileReference section */
		48E1DA2FDB33D5248F2A8B4B /* Pods_WordReading4.framework */ = {isa = PBXFileReference; explicitFileType = wrapper.framework; includeInIndex = 0; path = Pods_WordReading4.framework; sourceTree = BUILT_PRODUCTS_DIR; };
		4F1DBC9D2D66E18200F7DCE8 /* おにぎりe.mp3 */ = {isa = PBXFileReference; lastKnownFileType = audio.mp3; path = "おにぎりe.mp3"; sourceTree = "<group>"; };
		4F1DBC9F2D66E87C00F7DCE8 /* Select2WordViewController.swift */ = {isa = PBXFileReference; lastKnownFileType = sourcecode.swift; path = Select2WordViewController.swift; sourceTree = "<group>"; };
		4F1DBCA12D66EAE500F7DCE8 /* Ssp2WordViewController.swift */ = {isa = PBXFileReference; lastKnownFileType = sourcecode.swift; path = Ssp2WordViewController.swift; sourceTree = "<group>"; };
		4F1DBCA32D670C1000F7DCE8 /* あめ.csv */ = {isa = PBXFileReference; lastKnownFileType = text; path = "あめ.csv"; sourceTree = "<group>"; };
		4F1DBCA52D67139C00F7DCE8 /* あめ.mp3 */ = {isa = PBXFileReference; lastKnownFileType = audio.mp3; path = "あめ.mp3"; sourceTree = "<group>"; };
		4F1DBCA72D6713F300F7DCE8 /* あめ.png */ = {isa = PBXFileReference; lastKnownFileType = image.png; path = "あめ.png"; sourceTree = "<group>"; };
		4F1DBCA92D6716E700F7DCE8 /* あめe.mp3 */ = {isa = PBXFileReference; lastKnownFileType = audio.mp3; path = "あめe.mp3"; sourceTree = "<group>"; };
		4F1DBCAB2D683BC100F7DCE8 /* SelectQuizViewController.swift */ = {isa = PBXFileReference; lastKnownFileType = sourcecode.swift; path = SelectQuizViewController.swift; sourceTree = "<group>"; };
		4F1DBCAD2D69AF2E00F7DCE8 /* PersonalHistoryViewController.swift */ = {isa = PBXFileReference; lastKnownFileType = sourcecode.swift; path = PersonalHistoryViewController.swift; sourceTree = "<group>"; };
		4F1DBCAF2D69C02800F7DCE8 /* QuizViewController.swift */ = {isa = PBXFileReference; lastKnownFileType = sourcecode.swift; path = QuizViewController.swift; sourceTree = "<group>"; };
		4F1DBCB12D69CB8300F7DCE8 /* 14.csv */ = {isa = PBXFileReference; lastKnownFileType = text; path = 14.csv; sourceTree = "<group>"; };
		4F1DBCB32D69DB4300F7DCE8 /* SelectCharacterLengthViewController.swift */ = {isa = PBXFileReference; lastKnownFileType = sourcecode.swift; path = SelectCharacterLengthViewController.swift; sourceTree = "<group>"; };
		4F25BF9E2C8FD8FB00939AF7 /* WordReading4.app */ = {isa = PBXFileReference; explicitFileType = wrapper.application; includeInIndex = 0; path = WordReading4.app; sourceTree = BUILT_PRODUCTS_DIR; };
		4F25BFA12C8FD8FB00939AF7 /* AppDelegate.swift */ = {isa = PBXFileReference; lastKnownFileType = sourcecode.swift; path = AppDelegate.swift; sourceTree = "<group>"; };
		4F25BFA32C8FD8FB00939AF7 /* SceneDelegate.swift */ = {isa = PBXFileReference; lastKnownFileType = sourcecode.swift; path = SceneDelegate.swift; sourceTree = "<group>"; };
		4F25BFA52C8FD8FB00939AF7 /* StartViewController.swift */ = {isa = PBXFileReference; lastKnownFileType = sourcecode.swift; path = StartViewController.swift; sourceTree = "<group>"; };
		4F25BFA82C8FD8FB00939AF7 /* Base */ = {isa = PBXFileReference; lastKnownFileType = file.storyboard; name = Base; path = Base.lproj/Main.storyboard; sourceTree = "<group>"; };
		4F25BFAA2C8FD8FD00939AF7 /* Assets.xcassets */ = {isa = PBXFileReference; lastKnownFileType = folder.assetcatalog; path = Assets.xcassets; sourceTree = "<group>"; };
		4F25BFAD2C8FD8FD00939AF7 /* Base */ = {isa = PBXFileReference; lastKnownFileType = file.storyboard; name = Base; path = Base.lproj/LaunchScreen.storyboard; sourceTree = "<group>"; };
		4F25BFAF2C8FD8FD00939AF7 /* Info.plist */ = {isa = PBXFileReference; lastKnownFileType = text.plist.xml; path = Info.plist; sourceTree = "<group>"; };
		4F25BFB52C8FE2C900939AF7 /* Ssp3WordViewController.swift */ = {isa = PBXFileReference; lastKnownFileType = sourcecode.swift; path = Ssp3WordViewController.swift; sourceTree = "<group>"; };
		4F25BFB72C8FE3BC00939AF7 /* LastViewController.swift */ = {isa = PBXFileReference; lastKnownFileType = sourcecode.swift; path = LastViewController.swift; sourceTree = "<group>"; };
		4F25BFB92C8FE70B00939AF7 /* くじら.csv */ = {isa = PBXFileReference; lastKnownFileType = text; path = "くじら.csv"; sourceTree = "<group>"; };
		4F25BFBB2C90096000939AF7 /* Select3WordViewController.swift */ = {isa = PBXFileReference; lastKnownFileType = sourcecode.swift; path = Select3WordViewController.swift; sourceTree = "<group>"; };
		4F25BFBD2C9024DD00939AF7 /* めだか.csv */ = {isa = PBXFileReference; lastKnownFileType = text; path = "めだか.csv"; sourceTree = "<group>"; };
		4F25BFBF2C90254E00939AF7 /* くるま.csv */ = {isa = PBXFileReference; lastKnownFileType = text; path = "くるま.csv"; sourceTree = "<group>"; };
		4F25BFC02C90255200939AF7 /* うさぎ.csv */ = {isa = PBXFileReference; lastKnownFileType = text; path = "うさぎ.csv"; sourceTree = "<group>"; };
		4F25BFC12C90255300939AF7 /* ごはん.csv */ = {isa = PBXFileReference; lastKnownFileType = text; path = "ごはん.csv"; sourceTree = "<group>"; };
		4F25BFC32C90255500939AF7 /* すずめ.csv */ = {isa = PBXFileReference; lastKnownFileType = text; path = "すずめ.csv"; sourceTree = "<group>"; };
		4F25BFC42C90255700939AF7 /* らくだ.csv */ = {isa = PBXFileReference; lastKnownFileType = text; path = "らくだ.csv"; sourceTree = "<group>"; };
		4F25BFC52C90255800939AF7 /* ひつじ.csv */ = {isa = PBXFileReference; lastKnownFileType = text; path = "ひつじ.csv"; sourceTree = "<group>"; };
		4F25BFC62C90255900939AF7 /* えのぐ.csv */ = {isa = PBXFileReference; lastKnownFileType = text; path = "えのぐ.csv"; sourceTree = "<group>"; };
		4F25BFC82C90265B00939AF7 /* だんご.csv */ = {isa = PBXFileReference; lastKnownFileType = text; path = "だんご.csv"; sourceTree = "<group>"; };
		4F25BFC92C90265D00939AF7 /* おばけ.csv */ = {isa = PBXFileReference; lastKnownFileType = text; path = "おばけ.csv"; sourceTree = "<group>"; };
		4F25BFCA2C90265F00939AF7 /* つばめ.csv */ = {isa = PBXFileReference; lastKnownFileType = text; path = "つばめ.csv"; sourceTree = "<group>"; };
		4F25BFD52C90321200939AF7 /* めだか.mp3 */ = {isa = PBXFileReference; lastKnownFileType = audio.mp3; path = "めだか.mp3"; sourceTree = "<group>"; };
		4F25BFD82C90328800939AF7 /* くるま.mp3 */ = {isa = PBXFileReference; lastKnownFileType = audio.mp3; path = "くるま.mp3"; sourceTree = "<group>"; };
		4F25BFDA2C9036EA00939AF7 /* ひつじ.mp3 */ = {isa = PBXFileReference; lastKnownFileType = audio.mp3; path = "ひつじ.mp3"; sourceTree = "<group>"; };
		4F25BFDB2C9036EA00939AF7 /* だんご.mp3 */ = {isa = PBXFileReference; lastKnownFileType = audio.mp3; path = "だんご.mp3"; sourceTree = "<group>"; };
		4F25BFDC2C9036EA00939AF7 /* つばめ.mp3 */ = {isa = PBXFileReference; lastKnownFileType = audio.mp3; path = "つばめ.mp3"; sourceTree = "<group>"; };
		4F25BFDD2C9036EA00939AF7 /* すずめ.mp3 */ = {isa = PBXFileReference; lastKnownFileType = audio.mp3; path = "すずめ.mp3"; sourceTree = "<group>"; };
		4F25BFDE2C9036EA00939AF7 /* らくだ.mp3 */ = {isa = PBXFileReference; lastKnownFileType = audio.mp3; path = "らくだ.mp3"; sourceTree = "<group>"; };
		4F25BFDF2C9036EA00939AF7 /* えのぐ.mp3 */ = {isa = PBXFileReference; lastKnownFileType = audio.mp3; path = "えのぐ.mp3"; sourceTree = "<group>"; };
		4F25BFE02C9036EA00939AF7 /* うさぎ.mp3 */ = {isa = PBXFileReference; lastKnownFileType = audio.mp3; path = "うさぎ.mp3"; sourceTree = "<group>"; };
		4F25BFE12C9036EA00939AF7 /* おばけ.mp3 */ = {isa = PBXFileReference; lastKnownFileType = audio.mp3; path = "おばけ.mp3"; sourceTree = "<group>"; };
		4F25BFE22C9036EA00939AF7 /* くじら.mp3 */ = {isa = PBXFileReference; lastKnownFileType = audio.mp3; path = "くじら.mp3"; sourceTree = "<group>"; };
		4F25BFE32C9036EA00939AF7 /* ごはん.mp3 */ = {isa = PBXFileReference; lastKnownFileType = audio.mp3; path = "ごはん.mp3"; sourceTree = "<group>"; };
		4F25BFEE2C904BE900939AF7 /* だんご.png */ = {isa = PBXFileReference; lastKnownFileType = image.png; path = "だんご.png"; sourceTree = "<group>"; };
		4F25BFEF2C904BE900939AF7 /* つばめ.png */ = {isa = PBXFileReference; lastKnownFileType = image.png; path = "つばめ.png"; sourceTree = "<group>"; };
		4F25BFF02C904BE900939AF7 /* ごはん.png */ = {isa = PBXFileReference; lastKnownFileType = image.png; path = "ごはん.png"; sourceTree = "<group>"; };
		4F25BFF12C904BE900939AF7 /* えのぐ.png */ = {isa = PBXFileReference; lastKnownFileType = image.png; path = "えのぐ.png"; sourceTree = "<group>"; };
		4F25BFF22C904BE900939AF7 /* ひつじ.png */ = {isa = PBXFileReference; lastKnownFileType = image.png; path = "ひつじ.png"; sourceTree = "<group>"; };
		4F25BFF32C904BE900939AF7 /* めだか.png */ = {isa = PBXFileReference; lastKnownFileType = image.png; path = "めだか.png"; sourceTree = "<group>"; };
		4F25BFF42C904BE900939AF7 /* らくだ.png */ = {isa = PBXFileReference; lastKnownFileType = image.png; path = "らくだ.png"; sourceTree = "<group>"; };
		4F25BFF52C904BE900939AF7 /* うさぎ.png */ = {isa = PBXFileReference; lastKnownFileType = image.png; path = "うさぎ.png"; sourceTree = "<group>"; };
		4F25BFF62C904BE900939AF7 /* すずめ.png */ = {isa = PBXFileReference; lastKnownFileType = image.png; path = "すずめ.png"; sourceTree = "<group>"; };
		4F25BFF72C904BE900939AF7 /* おばけ.png */ = {isa = PBXFileReference; lastKnownFileType = image.png; path = "おばけ.png"; sourceTree = "<group>"; };
		4F25BFF82C904BE900939AF7 /* くるま.png */ = {isa = PBXFileReference; lastKnownFileType = image.png; path = "くるま.png"; sourceTree = "<group>"; };
		4F25BFF92C904BE900939AF7 /* くじら.png */ = {isa = PBXFileReference; lastKnownFileType = image.png; path = "くじら.png"; sourceTree = "<group>"; };
		4F25C0072C90592F00939AF7 /* く.mp3 */ = {isa = PBXFileReference; lastKnownFileType = audio.mp3; path = "く.mp3"; sourceTree = "<group>"; };
		4F25C0082C90592F00939AF7 /* だ.mp3 */ = {isa = PBXFileReference; lastKnownFileType = audio.mp3; path = "だ.mp3"; sourceTree = "<group>"; };
		4F25C0092C90592F00939AF7 /* る.mp3 */ = {isa = PBXFileReference; lastKnownFileType = audio.mp3; path = "る.mp3"; sourceTree = "<group>"; };
		4F25C00A2C90592F00939AF7 /* め.mp3 */ = {isa = PBXFileReference; lastKnownFileType = audio.mp3; path = "め.mp3"; sourceTree = "<group>"; };
		4F25C00B2C90592F00939AF7 /* か.mp3 */ = {isa = PBXFileReference; lastKnownFileType = audio.mp3; path = "か.mp3"; sourceTree = "<group>"; };
		4F25C00C2C90592F00939AF7 /* ま.mp3 */ = {isa = PBXFileReference; lastKnownFileType = audio.mp3; path = "ま.mp3"; sourceTree = "<group>"; };
		4F25C0132C905F9F00939AF7 /* ら.mp3 */ = {isa = PBXFileReference; lastKnownFileType = audio.mp3; path = "ら.mp3"; sourceTree = "<group>"; };
		4F25C0142C905F9F00939AF7 /* ぎ.mp3 */ = {isa = PBXFileReference; lastKnownFileType = audio.mp3; path = "ぎ.mp3"; sourceTree = "<group>"; };
		4F25C0152C905F9F00939AF7 /* け.mp3 */ = {isa = PBXFileReference; lastKnownFileType = audio.mp3; path = "け.mp3"; sourceTree = "<group>"; };
		4F25C0162C905F9F00939AF7 /* ぐ.mp3 */ = {isa = PBXFileReference; lastKnownFileType = audio.mp3; path = "ぐ.mp3"; sourceTree = "<group>"; };
		4F25C0172C905F9F00939AF7 /* さ.mp3 */ = {isa = PBXFileReference; lastKnownFileType = audio.mp3; path = "さ.mp3"; sourceTree = "<group>"; };
		4F25C0182C905F9F00939AF7 /* じ.mp3 */ = {isa = PBXFileReference; lastKnownFileType = audio.mp3; path = "じ.mp3"; sourceTree = "<group>"; };
		4F25C0192C905F9F00939AF7 /* つ.mp3 */ = {isa = PBXFileReference; lastKnownFileType = audio.mp3; path = "つ.mp3"; sourceTree = "<group>"; };
		4F25C01A2C905F9F00939AF7 /* の.mp3 */ = {isa = PBXFileReference; lastKnownFileType = audio.mp3; path = "の.mp3"; sourceTree = "<group>"; };
		4F25C01B2C905F9F00939AF7 /* お.mp3 */ = {isa = PBXFileReference; lastKnownFileType = audio.mp3; path = "お.mp3"; sourceTree = "<group>"; };
		4F25C01C2C905F9F00939AF7 /* ご.mp3 */ = {isa = PBXFileReference; lastKnownFileType = audio.mp3; path = "ご.mp3"; sourceTree = "<group>"; };
		4F25C01D2C905F9F00939AF7 /* ひ.mp3 */ = {isa = PBXFileReference; lastKnownFileType = audio.mp3; path = "ひ.mp3"; sourceTree = "<group>"; };
		4F25C01E2C905F9F00939AF7 /* え.mp3 */ = {isa = PBXFileReference; lastKnownFileType = audio.mp3; path = "え.mp3"; sourceTree = "<group>"; };
		4F25C01F2C905F9F00939AF7 /* す.mp3 */ = {isa = PBXFileReference; lastKnownFileType = audio.mp3; path = "す.mp3"; sourceTree = "<group>"; };
		4F25C0202C905F9F00939AF7 /* ば.mp3 */ = {isa = PBXFileReference; lastKnownFileType = audio.mp3; path = "ば.mp3"; sourceTree = "<group>"; };
		4F25C0212C905F9F00939AF7 /* ん.mp3 */ = {isa = PBXFileReference; lastKnownFileType = audio.mp3; path = "ん.mp3"; sourceTree = "<group>"; };
		4F25C0222C905F9F00939AF7 /* ず.mp3 */ = {isa = PBXFileReference; lastKnownFileType = audio.mp3; path = "ず.mp3"; sourceTree = "<group>"; };
		4F25C0232C905F9F00939AF7 /* う.mp3 */ = {isa = PBXFileReference; lastKnownFileType = audio.mp3; path = "う.mp3"; sourceTree = "<group>"; };
		4F25C0352C910FD800939AF7 /* Select4WordViewController.swift */ = {isa = PBXFileReference; lastKnownFileType = sourcecode.swift; path = Select4WordViewController.swift; sourceTree = "<group>"; };
		4F25C0372C91101000939AF7 /* Ssp4WordViewController.swift */ = {isa = PBXFileReference; lastKnownFileType = sourcecode.swift; path = Ssp4WordViewController.swift; sourceTree = "<group>"; };
		4F25C03B2C912B8100939AF7 /* SelectViewController.swift */ = {isa = PBXFileReference; lastKnownFileType = sourcecode.swift; path = SelectViewController.swift; sourceTree = "<group>"; };
		4F25C03D2C913AE400939AF7 /* くつした.csv */ = {isa = PBXFileReference; lastKnownFileType = text; path = "くつした.csv"; sourceTree = "<group>"; };
		4F25C03E2C913B1F00939AF7 /* たんぽぽ.csv */ = {isa = PBXFileReference; lastKnownFileType = text; path = "たんぽぽ.csv"; sourceTree = "<group>"; };
		4F25C03F2C913B2200939AF7 /* たこやき.csv */ = {isa = PBXFileReference; lastKnownFileType = text; path = "たこやき.csv"; sourceTree = "<group>"; };
		4F25C0402C913B2400939AF7 /* はみがき.csv */ = {isa = PBXFileReference; lastKnownFileType = text; path = "はみがき.csv"; sourceTree = "<group>"; };
		4F25C0412C913B2B00939AF7 /* わりばし.csv */ = {isa = PBXFileReference; lastKnownFileType = text; path = "わりばし.csv"; sourceTree = "<group>"; };
		4F25C0422C913B3000939AF7 /* すいとう.csv */ = {isa = PBXFileReference; lastKnownFileType = text; path = "すいとう.csv"; sourceTree = "<group>"; };
		4F25C0432C913B3000939AF7 /* ながぐつ.csv */ = {isa = PBXFileReference; lastKnownFileType = text; path = "ながぐつ.csv"; sourceTree = "<group>"; };
		4F25C0442C913B3000939AF7 /* にんじん.csv */ = {isa = PBXFileReference; lastKnownFileType = text; path = "にんじん.csv"; sourceTree = "<group>"; };
		4F25C0452C913B3000939AF7 /* どんぐり.csv */ = {isa = PBXFileReference; lastKnownFileType = text; path = "どんぐり.csv"; sourceTree = "<group>"; };
		4F25C0462C913B3000939AF7 /* てぶくろ.csv */ = {isa = PBXFileReference; lastKnownFileType = text; path = "てぶくろ.csv"; sourceTree = "<group>"; };
		4F25C0472C913B3600939AF7 /* にくまん.csv */ = {isa = PBXFileReference; lastKnownFileType = text; path = "にくまん.csv"; sourceTree = "<group>"; };
		4F25C0482C913B3600939AF7 /* ろうそく.csv */ = {isa = PBXFileReference; lastKnownFileType = text; path = "ろうそく.csv"; sourceTree = "<group>"; };
		4F25C0492C913B3600939AF7 /* ふくろう.csv */ = {isa = PBXFileReference; lastKnownFileType = text; path = "ふくろう.csv"; sourceTree = "<group>"; };
		4F25C04A2C913B3600939AF7 /* ぶらんこ.csv */ = {isa = PBXFileReference; lastKnownFileType = text; path = "ぶらんこ.csv"; sourceTree = "<group>"; };
		4F25C04B2C913B3600939AF7 /* なわとび.csv */ = {isa = PBXFileReference; lastKnownFileType = text; path = "なわとび.csv"; sourceTree = "<group>"; };
		4F25C04C2C913B3600939AF7 /* ふうせん.csv */ = {isa = PBXFileReference; lastKnownFileType = text; path = "ふうせん.csv"; sourceTree = "<group>"; };
		4F25C04D2C913B3600939AF7 /* おにぎり.csv */ = {isa = PBXFileReference; lastKnownFileType = text; path = "おにぎり.csv"; sourceTree = "<group>"; };
		4F25C04E2C913B3600939AF7 /* やきそば.csv */ = {isa = PBXFileReference; lastKnownFileType = text; path = "やきそば.csv"; sourceTree = "<group>"; };
		4F25C04F2C913B3600939AF7 /* しんごう.csv */ = {isa = PBXFileReference; lastKnownFileType = text; path = "しんごう.csv"; sourceTree = "<group>"; };
		4F25C0502C913D1900939AF7 /* おみくじ.csv */ = {isa = PBXFileReference; lastKnownFileType = text; path = "おみくじ.csv"; sourceTree = "<group>"; };
		4F25C0512C913D1900939AF7 /* あいさつ.csv */ = {isa = PBXFileReference; lastKnownFileType = text; path = "あいさつ.csv"; sourceTree = "<group>"; };
		4F25C0672C91516D00939AF7 /* てぶくろ.png */ = {isa = PBXFileReference; lastKnownFileType = image.png; path = "てぶくろ.png"; sourceTree = "<group>"; };
		4F25C0682C91516D00939AF7 /* にくまん.png */ = {isa = PBXFileReference; lastKnownFileType = image.png; path = "にくまん.png"; sourceTree = "<group>"; };
		4F25C0692C91516D00939AF7 /* たこやき.png */ = {isa = PBXFileReference; lastKnownFileType = image.png; path = "たこやき.png"; sourceTree = "<group>"; };
		4F25C06A2C91516D00939AF7 /* ふくろう.png */ = {isa = PBXFileReference; lastKnownFileType = image.png; path = "ふくろう.png"; sourceTree = "<group>"; };
		4F25C06B2C91516D00939AF7 /* ぶらんこ.png */ = {isa = PBXFileReference; lastKnownFileType = image.png; path = "ぶらんこ.png"; sourceTree = "<group>"; };
		4F25C06C2C91516D00939AF7 /* やきそば.png */ = {isa = PBXFileReference; lastKnownFileType = image.png; path = "やきそば.png"; sourceTree = "<group>"; };
		4F25C06D2C91516D00939AF7 /* わりばし.png */ = {isa = PBXFileReference; lastKnownFileType = image.png; path = "わりばし.png"; sourceTree = "<group>"; };
		4F25C06E2C91516D00939AF7 /* なわとび.png */ = {isa = PBXFileReference; lastKnownFileType = image.png; path = "なわとび.png"; sourceTree = "<group>"; };
		4F25C06F2C91516D00939AF7 /* すいとう.png */ = {isa = PBXFileReference; lastKnownFileType = image.png; path = "すいとう.png"; sourceTree = "<group>"; };
		4F25C0702C91516D00939AF7 /* ふうせん.png */ = {isa = PBXFileReference; lastKnownFileType = image.png; path = "ふうせん.png"; sourceTree = "<group>"; };
		4F25C0712C91516D00939AF7 /* たんぽぽ.png */ = {isa = PBXFileReference; lastKnownFileType = image.png; path = "たんぽぽ.png"; sourceTree = "<group>"; };
		4F25C0722C91516D00939AF7 /* おにぎり.png */ = {isa = PBXFileReference; lastKnownFileType = image.png; path = "おにぎり.png"; sourceTree = "<group>"; };
		4F25C0732C91516D00939AF7 /* はみがき.png */ = {isa = PBXFileReference; lastKnownFileType = image.png; path = "はみがき.png"; sourceTree = "<group>"; };
		4F25C0742C91516D00939AF7 /* にんじん.png */ = {isa = PBXFileReference; lastKnownFileType = image.png; path = "にんじん.png"; sourceTree = "<group>"; };
		4F25C0752C91516D00939AF7 /* ながぐつ.png */ = {isa = PBXFileReference; lastKnownFileType = image.png; path = "ながぐつ.png"; sourceTree = "<group>"; };
		4F25C0762C91516D00939AF7 /* どんぐり.png */ = {isa = PBXFileReference; lastKnownFileType = image.png; path = "どんぐり.png"; sourceTree = "<group>"; };
		4F25C0772C91516D00939AF7 /* くつした.png */ = {isa = PBXFileReference; lastKnownFileType = image.png; path = "くつした.png"; sourceTree = "<group>"; };
		4F25C0782C91516D00939AF7 /* ろうそく.png */ = {isa = PBXFileReference; lastKnownFileType = image.png; path = "ろうそく.png"; sourceTree = "<group>"; };
		4F25C0792C91516D00939AF7 /* しんごう.png */ = {isa = PBXFileReference; lastKnownFileType = image.png; path = "しんごう.png"; sourceTree = "<group>"; };
		4F25C07A2C91516D00939AF7 /* おみくじ.png */ = {isa = PBXFileReference; lastKnownFileType = image.png; path = "おみくじ.png"; sourceTree = "<group>"; };
		4F25C07B2C91516D00939AF7 /* にわとり.png */ = {isa = PBXFileReference; lastKnownFileType = image.png; path = "にわとり.png"; sourceTree = "<group>"; };
		4F39971D2D66A6BE00F7C305 /* うさぎe.mp3 */ = {isa = PBXFileReference; lastKnownFileType = audio.mp3; path = "うさぎe.mp3"; sourceTree = "<group>"; };
		4F5E172E2C91A0E700597A03 /* こ.mp3 */ = {isa = PBXFileReference; lastKnownFileType = audio.mp3; path = "こ.mp3"; sourceTree = "<group>"; };
		4F5E17302C91A10400597A03 /* ち.mp3 */ = {isa = PBXFileReference; lastKnownFileType = audio.mp3; path = "ち.mp3"; sourceTree = "<group>"; };
		4F5E17312C91A10400597A03 /* そ.mp3 */ = {isa = PBXFileReference; lastKnownFileType = audio.mp3; path = "そ.mp3"; sourceTree = "<group>"; };
		4F5E17322C91A10400597A03 /* ふ.mp3 */ = {isa = PBXFileReference; lastKnownFileType = audio.mp3; path = "ふ.mp3"; sourceTree = "<group>"; };
		4F5E17332C91A10400597A03 /* な.mp3 */ = {isa = PBXFileReference; lastKnownFileType = audio.mp3; path = "な.mp3"; sourceTree = "<group>"; };
		4F5E17342C91A10400597A03 /* て.mp3 */ = {isa = PBXFileReference; lastKnownFileType = audio.mp3; path = "て.mp3"; sourceTree = "<group>"; };
		4F5E17352C91A10400597A03 /* た.mp3 */ = {isa = PBXFileReference; lastKnownFileType = audio.mp3; path = "た.mp3"; sourceTree = "<group>"; };
		4F5E17362C91A10400597A03 /* ぶ.mp3 */ = {isa = PBXFileReference; lastKnownFileType = audio.mp3; path = "ぶ.mp3"; sourceTree = "<group>"; };
		4F5E17372C91A10400597A03 /* ど.mp3 */ = {isa = PBXFileReference; lastKnownFileType = audio.mp3; path = "ど.mp3"; sourceTree = "<group>"; };
		4F5E17382C91A10400597A03 /* は.mp3 */ = {isa = PBXFileReference; lastKnownFileType = audio.mp3; path = "は.mp3"; sourceTree = "<group>"; };
		4F5E17392C91A10400597A03 /* と.mp3 */ = {isa = PBXFileReference; lastKnownFileType = audio.mp3; path = "と.mp3"; sourceTree = "<group>"; };
		4F5E17442C91A12900597A03 /* に.mp3 */ = {isa = PBXFileReference; lastKnownFileType = audio.mp3; path = "に.mp3"; sourceTree = "<group>"; };
		4F5E17462C91A30400597A03 /* ぽ.mp3 */ = {isa = PBXFileReference; lastKnownFileType = audio.mp3; path = "ぽ.mp3"; sourceTree = "<group>"; };
		4F5E17482C91A35500597A03 /* ろ.mp3 */ = {isa = PBXFileReference; lastKnownFileType = audio.mp3; path = "ろ.mp3"; sourceTree = "<group>"; };
		4F5E174A2C91A3B700597A03 /* や.mp3 */ = {isa = PBXFileReference; lastKnownFileType = audio.mp3; path = "や.mp3"; sourceTree = "<group>"; };
		4F5E174C2C91A40000597A03 /* み.mp3 */ = {isa = PBXFileReference; lastKnownFileType = audio.mp3; path = "み.mp3"; sourceTree = "<group>"; };
		4F5E174E2C91A44200597A03 /* が.mp3 */ = {isa = PBXFileReference; lastKnownFileType = audio.mp3; path = "が.mp3"; sourceTree = "<group>"; };
		4F5E17502C91A4CB00597A03 /* り.mp3 */ = {isa = PBXFileReference; lastKnownFileType = audio.mp3; path = "り.mp3"; sourceTree = "<group>"; };
		4F5E17522C91A5F500597A03 /* わ.mp3 */ = {isa = PBXFileReference; lastKnownFileType = audio.mp3; path = "わ.mp3"; sourceTree = "<group>"; };
		4F5E17542C91A65800597A03 /* び.mp3 */ = {isa = PBXFileReference; lastKnownFileType = audio.mp3; path = "び.mp3"; sourceTree = "<group>"; };
		4F5E17562C91A71E00597A03 /* にわとり.csv */ = {isa = PBXFileReference; lastKnownFileType = text; path = "にわとり.csv"; sourceTree = "<group>"; };
		4F75C0272D6A84D600534812 /* ResultViewController.swift */ = {isa = PBXFileReference; lastKnownFileType = sourcecode.swift; path = ResultViewController.swift; sourceTree = "<group>"; };
		4F75C0292D6A96BC00534812 /* まる.png */ = {isa = PBXFileReference; lastKnownFileType = image.png; path = "まる.png"; sourceTree = "<group>"; };
		4F75C02B2D6A99F400534812 /* ばつ.png */ = {isa = PBXFileReference; lastKnownFileType = image.png; path = "ばつ.png"; sourceTree = "<group>"; };
		4F75C02D2D6AAB2F00534812 /* QuizResult.swift */ = {isa = PBXFileReference; lastKnownFileType = sourcecode.swift; path = QuizResult.swift; sourceTree = "<group>"; };
		4F777B1C2C915B1E009E3A7A /* ふくろう.mp3 */ = {isa = PBXFileReference; lastKnownFileType = audio.mp3; path = "ふくろう.mp3"; sourceTree = "<group>"; };
		4F777B1D2C915B1E009E3A7A /* すいとう.mp3 */ = {isa = PBXFileReference; lastKnownFileType = audio.mp3; path = "すいとう.mp3"; sourceTree = "<group>"; };
		4F777B1E2C915B1E009E3A7A /* おにぎり.mp3 */ = {isa = PBXFileReference; lastKnownFileType = audio.mp3; path = "おにぎり.mp3"; sourceTree = "<group>"; };
		4F777B1F2C915B1E009E3A7A /* にんじん.mp3 */ = {isa = PBXFileReference; lastKnownFileType = audio.mp3; path = "にんじん.mp3"; sourceTree = "<group>"; };
		4F777B202C915B1E009E3A7A /* はみがき.mp3 */ = {isa = PBXFileReference; lastKnownFileType = audio.mp3; path = "はみがき.mp3"; sourceTree = "<group>"; };
		4F777B212C915B1E009E3A7A /* やきそば.mp3 */ = {isa = PBXFileReference; lastKnownFileType = audio.mp3; path = "やきそば.mp3"; sourceTree = "<group>"; };
		4F777B222C915B1E009E3A7A /* ぶらんこ.mp3 */ = {isa = PBXFileReference; lastKnownFileType = audio.mp3; path = "ぶらんこ.mp3"; sourceTree = "<group>"; };
		4F777B232C915B1E009E3A7A /* なわとび.mp3 */ = {isa = PBXFileReference; lastKnownFileType = audio.mp3; path = "なわとび.mp3"; sourceTree = "<group>"; };
		4F777B242C915B1E009E3A7A /* ろうそく.mp3 */ = {isa = PBXFileReference; lastKnownFileType = audio.mp3; path = "ろうそく.mp3"; sourceTree = "<group>"; };
		4F777B252C915B1E009E3A7A /* てぶくろ.mp3 */ = {isa = PBXFileReference; lastKnownFileType = audio.mp3; path = "てぶくろ.mp3"; sourceTree = "<group>"; };
		4F777B262C915B1E009E3A7A /* おみくじ.mp3 */ = {isa = PBXFileReference; lastKnownFileType = audio.mp3; path = "おみくじ.mp3"; sourceTree = "<group>"; };
		4F777B272C915B1E009E3A7A /* にわとり.mp3 */ = {isa = PBXFileReference; lastKnownFileType = audio.mp3; path = "にわとり.mp3"; sourceTree = "<group>"; };
		4F777B282C915B1E009E3A7A /* ながぐつ.mp3 */ = {isa = PBXFileReference; lastKnownFileType = audio.mp3; path = "ながぐつ.mp3"; sourceTree = "<group>"; };
		4F777B292C915B1E009E3A7A /* にくまん.mp3 */ = {isa = PBXFileReference; lastKnownFileType = audio.mp3; path = "にくまん.mp3"; sourceTree = "<group>"; };
		4F777B2A2C915B1E009E3A7A /* どんぐり.mp3 */ = {isa = PBXFileReference; lastKnownFileType = audio.mp3; path = "どんぐり.mp3"; sourceTree = "<group>"; };
		4F777B2B2C915B1E009E3A7A /* わりばし.mp3 */ = {isa = PBXFileReference; lastKnownFileType = audio.mp3; path = "わりばし.mp3"; sourceTree = "<group>"; };
		4F777B2C2C915B1E009E3A7A /* たこやき.mp3 */ = {isa = PBXFileReference; lastKnownFileType = audio.mp3; path = "たこやき.mp3"; sourceTree = "<group>"; };
		4F777B2D2C915B1E009E3A7A /* しんごう.mp3 */ = {isa = PBXFileReference; lastKnownFileType = audio.mp3; path = "しんごう.mp3"; sourceTree = "<group>"; };
		4F777B2E2C915B1E009E3A7A /* たんぽぽ.mp3 */ = {isa = PBXFileReference; lastKnownFileType = audio.mp3; path = "たんぽぽ.mp3"; sourceTree = "<group>"; };
		4F777B2F2C915B1E009E3A7A /* くつした.mp3 */ = {isa = PBXFileReference; lastKnownFileType = audio.mp3; path = "くつした.mp3"; sourceTree = "<group>"; };
		4F777B302C915B1E009E3A7A /* ふうせん.mp3 */ = {isa = PBXFileReference; lastKnownFileType = audio.mp3; path = "ふうせん.mp3"; sourceTree = "<group>"; };
		4F777B462C915F12009E3A7A /* し.mp3 */ = {isa = PBXFileReference; lastKnownFileType = audio.mp3; path = "し.mp3"; sourceTree = "<group>"; };
		4F777B472C915F12009E3A7A /* せ.mp3 */ = {isa = PBXFileReference; lastKnownFileType = audio.mp3; path = "せ.mp3"; sourceTree = "<group>"; };
		4F777B482C915F12009E3A7A /* き.mp3 */ = {isa = PBXFileReference; lastKnownFileType = audio.mp3; path = "き.mp3"; sourceTree = "<group>"; };
		4F777B492C915F12009E3A7A /* い.mp3 */ = {isa = PBXFileReference; lastKnownFileType = audio.mp3; path = "い.mp3"; sourceTree = "<group>"; };
		4F777B4A2C915F12009E3A7A /* あ.mp3 */ = {isa = PBXFileReference; lastKnownFileType = audio.mp3; path = "あ.mp3"; sourceTree = "<group>"; };
		57CD20213335CF6F3F670AE4 /* Pods-WordReading4.release.xcconfig */ = {isa = PBXFileReference; includeInIndex = 1; lastKnownFileType = text.xcconfig; name = "Pods-WordReading4.release.xcconfig"; path = "Target Support Files/Pods-WordReading4/Pods-WordReading4.release.xcconfig"; sourceTree = "<group>"; };
		D04E762ADA905AFAB33395B6 /* Pods-WordReading4.debug.xcconfig */ = {isa = PBXFileReference; includeInIndex = 1; lastKnownFileType = text.xcconfig; name = "Pods-WordReading4.debug.xcconfig"; path = "Target Support Files/Pods-WordReading4/Pods-WordReading4.debug.xcconfig"; sourceTree = "<group>"; };
/* End PBXFileReference section */

/* Begin PBXFrameworksBuildPhase section */
		4F25BF9B2C8FD8FB00939AF7 /* Frameworks */ = {
			isa = PBXFrameworksBuildPhase;
			buildActionMask = 2147483647;
			files = (
				889E6CB5C8231E5AEE69CF98 /* Pods_WordReading4.framework in Frameworks */,
			);
			runOnlyForDeploymentPostprocessing = 0;
		};
/* End PBXFrameworksBuildPhase section */

/* Begin PBXGroup section */
		4F25BF952C8FD8FB00939AF7 = {
			isa = PBXGroup;
			children = (
				4F25BFA02C8FD8FB00939AF7 /* WordReading */,
				4F25BF9F2C8FD8FB00939AF7 /* Products */,
				67BC5E918D986672FD0BD43B /* Pods */,
				B16EAE522D1AECD04345DA62 /* Frameworks */,
			);
			sourceTree = "<group>";
		};
		4F25BF9F2C8FD8FB00939AF7 /* Products */ = {
			isa = PBXGroup;
			children = (
				4F25BF9E2C8FD8FB00939AF7 /* WordReading4.app */,
			);
			name = Products;
			sourceTree = "<group>";
		};
		4F25BFA02C8FD8FB00939AF7 /* WordReading */ = {
			isa = PBXGroup;
			children = (
				4F25BFA12C8FD8FB00939AF7 /* AppDelegate.swift */,
				4F25BFA32C8FD8FB00939AF7 /* SceneDelegate.swift */,
				4F25BFA72C8FD8FB00939AF7 /* Main.storyboard */,
				4F25BFA52C8FD8FB00939AF7 /* StartViewController.swift */,
				4F25C03B2C912B8100939AF7 /* SelectViewController.swift */,
				4F1DBC9F2D66E87C00F7DCE8 /* Select2WordViewController.swift */,
				4F1DBCA12D66EAE500F7DCE8 /* Ssp2WordViewController.swift */,
				4F25BFBB2C90096000939AF7 /* Select3WordViewController.swift */,
				4F25BFB52C8FE2C900939AF7 /* Ssp3WordViewController.swift */,
				4F25C0352C910FD800939AF7 /* Select4WordViewController.swift */,
				4F25C0372C91101000939AF7 /* Ssp4WordViewController.swift */,
				4F25BFB72C8FE3BC00939AF7 /* LastViewController.swift */,
				4F1DBCAB2D683BC100F7DCE8 /* SelectQuizViewController.swift */,
				4F1DBCB32D69DB4300F7DCE8 /* SelectCharacterLengthViewController.swift */,
				4F1DBCAF2D69C02800F7DCE8 /* QuizViewController.swift */,
				4F75C0272D6A84D600534812 /* ResultViewController.swift */,
				4F1DBCAD2D69AF2E00F7DCE8 /* PersonalHistoryViewController.swift */,
				4F75C02D2D6AAB2F00534812 /* QuizResult.swift */,
				4F25BFAA2C8FD8FD00939AF7 /* Assets.xcassets */,
				4F1DBCB12D69CB8300F7DCE8 /* 14.csv */,
				4F25BFAC2C8FD8FD00939AF7 /* LaunchScreen.storyboard */,
				4F25C0062C904BF400939AF7 /* png */,
				4F25BFD72C90322E00939AF7 /* mp3 */,
				4F25BFCB2C90272600939AF7 /* csv */,
				4F25BFAF2C8FD8FD00939AF7 /* Info.plist */,
			);
			path = WordReading;
			sourceTree = "<group>";
		};
		4F25BFCB2C90272600939AF7 /* csv */ = {
			isa = PBXGroup;
			children = (
				4F1DBCA32D670C1000F7DCE8 /* あめ.csv */,
				4F25BFBD2C9024DD00939AF7 /* めだか.csv */,
				4F25BFBF2C90254E00939AF7 /* くるま.csv */,
				4F25BFC02C90255200939AF7 /* うさぎ.csv */,
				4F25BFC12C90255300939AF7 /* ごはん.csv */,
				4F25BFC82C90265B00939AF7 /* だんご.csv */,
				4F25BFC92C90265D00939AF7 /* おばけ.csv */,
				4F25BFB92C8FE70B00939AF7 /* くじら.csv */,
				4F25BFCA2C90265F00939AF7 /* つばめ.csv */,
				4F25BFC32C90255500939AF7 /* すずめ.csv */,
				4F25BFC42C90255700939AF7 /* らくだ.csv */,
				4F25BFC52C90255800939AF7 /* ひつじ.csv */,
				4F25BFC62C90255900939AF7 /* えのぐ.csv */,
				4F25C03D2C913AE400939AF7 /* くつした.csv */,
				4F25C0422C913B3000939AF7 /* すいとう.csv */,
				4F25C04C2C913B3600939AF7 /* ふうせん.csv */,
				4F25C03E2C913B1F00939AF7 /* たんぽぽ.csv */,
				4F25C0492C913B3600939AF7 /* ふくろう.csv */,
				4F25C03F2C913B2200939AF7 /* たこやき.csv */,
				4F25C0442C913B3000939AF7 /* にんじん.csv */,
				4F25C0462C913B3000939AF7 /* てぶくろ.csv */,
				4F25C0402C913B2400939AF7 /* はみがき.csv */,
				4F25C04E2C913B3600939AF7 /* やきそば.csv */,
				4F25C04F2C913B3600939AF7 /* しんごう.csv */,
				4F25C0432C913B3000939AF7 /* ながぐつ.csv */,
				4F25C04A2C913B3600939AF7 /* ぶらんこ.csv */,
				4F25C04D2C913B3600939AF7 /* おにぎり.csv */,
				4F25C0412C913B2B00939AF7 /* わりばし.csv */,
				4F25C0452C913B3000939AF7 /* どんぐり.csv */,
				4F25C0472C913B3600939AF7 /* にくまん.csv */,
				4F5E17562C91A71E00597A03 /* にわとり.csv */,
				4F25C0482C913B3600939AF7 /* ろうそく.csv */,
				4F25C04B2C913B3600939AF7 /* なわとび.csv */,
				4F25C0502C913D1900939AF7 /* おみくじ.csv */,
				4F25C0512C913D1900939AF7 /* あいさつ.csv */,
			);
			path = csv;
			sourceTree = "<group>";
		};
		4F25BFD72C90322E00939AF7 /* mp3 */ = {
			isa = PBXGroup;
			children = (
				4F1DBCA92D6716E700F7DCE8 /* あめe.mp3 */,
				4F1DBCA52D67139C00F7DCE8 /* あめ.mp3 */,
				4F777B1E2C915B1E009E3A7A /* おにぎり.mp3 */,
				4F1DBC9D2D66E18200F7DCE8 /* おにぎりe.mp3 */,
				4F777B262C915B1E009E3A7A /* おみくじ.mp3 */,
				4F777B2F2C915B1E009E3A7A /* くつした.mp3 */,
				4F777B2D2C915B1E009E3A7A /* しんごう.mp3 */,
				4F777B1D2C915B1E009E3A7A /* すいとう.mp3 */,
				4F777B2C2C915B1E009E3A7A /* たこやき.mp3 */,
				4F777B2E2C915B1E009E3A7A /* たんぽぽ.mp3 */,
				4F777B252C915B1E009E3A7A /* てぶくろ.mp3 */,
				4F777B2A2C915B1E009E3A7A /* どんぐり.mp3 */,
				4F777B282C915B1E009E3A7A /* ながぐつ.mp3 */,
				4F777B232C915B1E009E3A7A /* なわとび.mp3 */,
				4F777B292C915B1E009E3A7A /* にくまん.mp3 */,
				4F777B272C915B1E009E3A7A /* にわとり.mp3 */,
				4F777B1F2C915B1E009E3A7A /* にんじん.mp3 */,
				4F777B202C915B1E009E3A7A /* はみがき.mp3 */,
				4F777B302C915B1E009E3A7A /* ふうせん.mp3 */,
				4F777B1C2C915B1E009E3A7A /* ふくろう.mp3 */,
				4F777B222C915B1E009E3A7A /* ぶらんこ.mp3 */,
				4F777B212C915B1E009E3A7A /* やきそば.mp3 */,
				4F777B242C915B1E009E3A7A /* ろうそく.mp3 */,
				4F777B2B2C915B1E009E3A7A /* わりばし.mp3 */,
				4F777B4A2C915F12009E3A7A /* あ.mp3 */,
				4F777B492C915F12009E3A7A /* い.mp3 */,
				4F25C0232C905F9F00939AF7 /* う.mp3 */,
				4F25C01E2C905F9F00939AF7 /* え.mp3 */,
				4F25C01B2C905F9F00939AF7 /* お.mp3 */,
				4F25C00B2C90592F00939AF7 /* か.mp3 */,
				4F5E174E2C91A44200597A03 /* が.mp3 */,
				4F777B482C915F12009E3A7A /* き.mp3 */,
				4F25C0142C905F9F00939AF7 /* ぎ.mp3 */,
				4F25C0072C90592F00939AF7 /* く.mp3 */,
				4F25C0162C905F9F00939AF7 /* ぐ.mp3 */,
				4F25C0152C905F9F00939AF7 /* け.mp3 */,
				4F5E172E2C91A0E700597A03 /* こ.mp3 */,
				4F25C01C2C905F9F00939AF7 /* ご.mp3 */,
				4F25C0172C905F9F00939AF7 /* さ.mp3 */,
				4F777B462C915F12009E3A7A /* し.mp3 */,
				4F25C0182C905F9F00939AF7 /* じ.mp3 */,
				4F25C01F2C905F9F00939AF7 /* す.mp3 */,
				4F25C0222C905F9F00939AF7 /* ず.mp3 */,
				4F777B472C915F12009E3A7A /* せ.mp3 */,
				4F5E17312C91A10400597A03 /* そ.mp3 */,
				4F5E17352C91A10400597A03 /* た.mp3 */,
				4F5E17302C91A10400597A03 /* ち.mp3 */,
				4F25C0192C905F9F00939AF7 /* つ.mp3 */,
				4F5E17342C91A10400597A03 /* て.mp3 */,
				4F5E17392C91A10400597A03 /* と.mp3 */,
				4F5E17372C91A10400597A03 /* ど.mp3 */,
				4F5E17332C91A10400597A03 /* な.mp3 */,
				4F5E17442C91A12900597A03 /* に.mp3 */,
				4F5E17382C91A10400597A03 /* は.mp3 */,
				4F5E17322C91A10400597A03 /* ふ.mp3 */,
				4F5E17362C91A10400597A03 /* ぶ.mp3 */,
				4F5E17462C91A30400597A03 /* ぽ.mp3 */,
				4F25C0082C90592F00939AF7 /* だ.mp3 */,
				4F25C01A2C905F9F00939AF7 /* の.mp3 */,
				4F25C0202C905F9F00939AF7 /* ば.mp3 */,
				4F25C01D2C905F9F00939AF7 /* ひ.mp3 */,
				4F5E17542C91A65800597A03 /* び.mp3 */,
				4F25C00C2C90592F00939AF7 /* ま.mp3 */,
				4F5E174C2C91A40000597A03 /* み.mp3 */,
				4F25C00A2C90592F00939AF7 /* め.mp3 */,
				4F25C0132C905F9F00939AF7 /* ら.mp3 */,
				4F5E17502C91A4CB00597A03 /* り.mp3 */,
				4F25C0092C90592F00939AF7 /* る.mp3 */,
				4F5E17482C91A35500597A03 /* ろ.mp3 */,
				4F5E174A2C91A3B700597A03 /* や.mp3 */,
				4F5E17522C91A5F500597A03 /* わ.mp3 */,
				4F25C0212C905F9F00939AF7 /* ん.mp3 */,
				4F39971D2D66A6BE00F7C305 /* うさぎe.mp3 */,
				4F25BFE02C9036EA00939AF7 /* うさぎ.mp3 */,
				4F25BFDF2C9036EA00939AF7 /* えのぐ.mp3 */,
				4F25BFE12C9036EA00939AF7 /* おばけ.mp3 */,
				4F25BFE22C9036EA00939AF7 /* くじら.mp3 */,
				4F25BFE32C9036EA00939AF7 /* ごはん.mp3 */,
				4F25BFDD2C9036EA00939AF7 /* すずめ.mp3 */,
				4F25BFDB2C9036EA00939AF7 /* だんご.mp3 */,
				4F25BFDC2C9036EA00939AF7 /* つばめ.mp3 */,
				4F25BFDA2C9036EA00939AF7 /* ひつじ.mp3 */,
				4F25BFDE2C9036EA00939AF7 /* らくだ.mp3 */,
				4F25BFD82C90328800939AF7 /* くるま.mp3 */,
				4F25BFD52C90321200939AF7 /* めだか.mp3 */,
			);
			path = mp3;
			sourceTree = "<group>";
		};
		4F25C0062C904BF400939AF7 /* png */ = {
			isa = PBXGroup;
			children = (
				4F75C02B2D6A99F400534812 /* ばつ.png */,
				4F75C0292D6A96BC00534812 /* まる.png */,
				4F1DBCA72D6713F300F7DCE8 /* あめ.png */,
				4F25C0722C91516D00939AF7 /* おにぎり.png */,
				4F25C07A2C91516D00939AF7 /* おみくじ.png */,
				4F25C0772C91516D00939AF7 /* くつした.png */,
				4F25C0792C91516D00939AF7 /* しんごう.png */,
				4F25C06F2C91516D00939AF7 /* すいとう.png */,
				4F25C0692C91516D00939AF7 /* たこやき.png */,
				4F25C0712C91516D00939AF7 /* たんぽぽ.png */,
				4F25C0672C91516D00939AF7 /* てぶくろ.png */,
				4F25C0762C91516D00939AF7 /* どんぐり.png */,
				4F25C0752C91516D00939AF7 /* ながぐつ.png */,
				4F25C06E2C91516D00939AF7 /* なわとび.png */,
				4F25C0682C91516D00939AF7 /* にくまん.png */,
				4F25C07B2C91516D00939AF7 /* にわとり.png */,
				4F25C0742C91516D00939AF7 /* にんじん.png */,
				4F25C0732C91516D00939AF7 /* はみがき.png */,
				4F25C0702C91516D00939AF7 /* ふうせん.png */,
				4F25C06A2C91516D00939AF7 /* ふくろう.png */,
				4F25C06B2C91516D00939AF7 /* ぶらんこ.png */,
				4F25C06C2C91516D00939AF7 /* やきそば.png */,
				4F25C0782C91516D00939AF7 /* ろうそく.png */,
				4F25C06D2C91516D00939AF7 /* わりばし.png */,
				4F25BFF52C904BE900939AF7 /* うさぎ.png */,
				4F25BFF12C904BE900939AF7 /* えのぐ.png */,
				4F25BFF72C904BE900939AF7 /* おばけ.png */,
				4F25BFF92C904BE900939AF7 /* くじら.png */,
				4F25BFF82C904BE900939AF7 /* くるま.png */,
				4F25BFF02C904BE900939AF7 /* ごはん.png */,
				4F25BFF62C904BE900939AF7 /* すずめ.png */,
				4F25BFEE2C904BE900939AF7 /* だんご.png */,
				4F25BFEF2C904BE900939AF7 /* つばめ.png */,
				4F25BFF22C904BE900939AF7 /* ひつじ.png */,
				4F25BFF32C904BE900939AF7 /* めだか.png */,
				4F25BFF42C904BE900939AF7 /* らくだ.png */,
			);
			path = png;
			sourceTree = "<group>";
		};
		67BC5E918D986672FD0BD43B /* Pods */ = {
			isa = PBXGroup;
			children = (
				D04E762ADA905AFAB33395B6 /* Pods-WordReading4.debug.xcconfig */,
				57CD20213335CF6F3F670AE4 /* Pods-WordReading4.release.xcconfig */,
			);
			path = Pods;
			sourceTree = "<group>";
		};
		B16EAE522D1AECD04345DA62 /* Frameworks */ = {
			isa = PBXGroup;
			children = (
				48E1DA2FDB33D5248F2A8B4B /* Pods_WordReading4.framework */,
			);
			name = Frameworks;
			sourceTree = "<group>";
		};
/* End PBXGroup section */

/* Begin PBXNativeTarget section */
		4F25BF9D2C8FD8FB00939AF7 /* WordReading4 */ = {
			isa = PBXNativeTarget;
			buildConfigurationList = 4F25BFB22C8FD8FD00939AF7 /* Build configuration list for PBXNativeTarget "WordReading4" */;
			buildPhases = (
				8FDECEBB4EF6479F1A791860 /* [CP] Check Pods Manifest.lock */,
				4F25BF9A2C8FD8FB00939AF7 /* Sources */,
				4F25BF9B2C8FD8FB00939AF7 /* Frameworks */,
				4F25BF9C2C8FD8FB00939AF7 /* Resources */,
				79C0AE68B677E26D3A38AFE9 /* [CP] Embed Pods Frameworks */,
			);
			buildRules = (
			);
			dependencies = (
			);
			name = WordReading4;
			productName = WordReading;
			productReference = 4F25BF9E2C8FD8FB00939AF7 /* WordReading4.app */;
			productType = "com.apple.product-type.application";
		};
/* End PBXNativeTarget section */

/* Begin PBXProject section */
		4F25BF962C8FD8FB00939AF7 /* Project object */ = {
			isa = PBXProject;
			attributes = {
				BuildIndependentTargetsInParallel = 1;
				LastSwiftUpdateCheck = 1540;
				LastUpgradeCheck = 1540;
				TargetAttributes = {
					4F25BF9D2C8FD8FB00939AF7 = {
						CreatedOnToolsVersion = 15.4;
					};
				};
			};
			buildConfigurationList = 4F25BF992C8FD8FB00939AF7 /* Build configuration list for PBXProject "WordReading4" */;
			compatibilityVersion = "Xcode 14.0";
			developmentRegion = en;
			hasScannedForEncodings = 0;
			knownRegions = (
				en,
				Base,
			);
			mainGroup = 4F25BF952C8FD8FB00939AF7;
			productRefGroup = 4F25BF9F2C8FD8FB00939AF7 /* Products */;
			projectDirPath = "";
			projectRoot = "";
			targets = (
				4F25BF9D2C8FD8FB00939AF7 /* WordReading4 */,
			);
		};
/* End PBXProject section */

/* Begin PBXResourcesBuildPhase section */
		4F25BF9C2C8FD8FB00939AF7 /* Resources */ = {
			isa = PBXResourcesBuildPhase;
			buildActionMask = 2147483647;
			files = (
				4F5E17492C91A35500597A03 /* ろ.mp3 in Resources */,
				4F5E173A2C91A10400597A03 /* ち.mp3 in Resources */,
				4F777B4E2C915F12009E3A7A /* い.mp3 in Resources */,
				4F25C0122C90592F00939AF7 /* ま.mp3 in Resources */,
				4F25BFE42C9036EA00939AF7 /* ひつじ.mp3 in Resources */,
				4F777B412C915B1E009E3A7A /* たこやき.mp3 in Resources */,
				4F777B3B2C915B1E009E3A7A /* おみくじ.mp3 in Resources */,
				4F25C0032C904BEA00939AF7 /* おばけ.png in Resources */,
				4F25BFFE2C904BEA00939AF7 /* ひつじ.png in Resources */,
				4F25BFD22C90280F00939AF7 /* らくだ.csv in Resources */,
				4F777B3C2C915B1E009E3A7A /* にわとり.mp3 in Resources */,
				4F25C0102C90592F00939AF7 /* め.mp3 in Resources */,
				4F25BFE82C9036EA00939AF7 /* らくだ.mp3 in Resources */,
				4F25C08B2C91516D00939AF7 /* どんぐり.png in Resources */,
				4F5E17532C91A5F500597A03 /* わ.mp3 in Resources */,
				4F25BFD92C90328900939AF7 /* くるま.mp3 in Resources */,
				4F75C02A2D6A96BC00534812 /* まる.png in Resources */,
				4F777B362C915B1E009E3A7A /* やきそば.mp3 in Resources */,
				4F25BFFB2C904BEA00939AF7 /* つばめ.png in Resources */,
				4F25C0332C905F9F00939AF7 /* ず.mp3 in Resources */,
				4F25C0822C91516D00939AF7 /* わりばし.png in Resources */,
				4F5E173C2C91A10400597A03 /* ふ.mp3 in Resources */,
				4F777B4D2C915F12009E3A7A /* き.mp3 in Resources */,
				4F777B3E2C915B1E009E3A7A /* にくまん.mp3 in Resources */,
				4F5E17432C91A10400597A03 /* と.mp3 in Resources */,
				4F25C08A2C91516D00939AF7 /* ながぐつ.png in Resources */,
				4F25BFD02C90280A00939AF7 /* つばめ.csv in Resources */,
				4F25C0252C905F9F00939AF7 /* ぎ.mp3 in Resources */,
				4F25C0022C904BEA00939AF7 /* すずめ.png in Resources */,
				4F777B3F2C915B1E009E3A7A /* どんぐり.mp3 in Resources */,
				4F25C0522C913EAB00939AF7 /* たんぽぽ.csv in Resources */,
				4F777B3D2C915B1E009E3A7A /* ながぐつ.mp3 in Resources */,
				4F25C0532C913EAB00939AF7 /* てぶくろ.csv in Resources */,
				4F25C0542C913EAB00939AF7 /* はみがき.csv in Resources */,
				4F25C0552C913EAB00939AF7 /* にんじん.csv in Resources */,
				4F25C0562C913EAB00939AF7 /* あいさつ.csv in Resources */,
				4F777B352C915B1E009E3A7A /* はみがき.mp3 in Resources */,
				4F25C0572C913EAB00939AF7 /* ながぐつ.csv in Resources */,
				4F25C0582C913EAB00939AF7 /* すいとう.csv in Resources */,
				4F25C0592C913EAB00939AF7 /* おみくじ.csv in Resources */,
				4F25C05A2C913EAB00939AF7 /* にくまん.csv in Resources */,
				4F25C05B2C913EAB00939AF7 /* ふくろう.csv in Resources */,
				4F25C05C2C913EAB00939AF7 /* わりばし.csv in Resources */,
				4F25C05D2C913EAB00939AF7 /* ぶらんこ.csv in Resources */,
				4F25C05E2C913EAB00939AF7 /* くつした.csv in Resources */,
				4F5E173B2C91A10400597A03 /* そ.mp3 in Resources */,
				4F25C05F2C913EAB00939AF7 /* しんごう.csv in Resources */,
				4F25C0602C913EAB00939AF7 /* なわとび.csv in Resources */,
				4F25C0612C913EAB00939AF7 /* おにぎり.csv in Resources */,
				4F25C0622C913EAB00939AF7 /* たこやき.csv in Resources */,
				4F25C0632C913EAB00939AF7 /* やきそば.csv in Resources */,
				4F25C0642C913EAB00939AF7 /* ふうせん.csv in Resources */,
				4F5E172F2C91A0E700597A03 /* こ.mp3 in Resources */,
				4F25C0652C913EAB00939AF7 /* どんぐり.csv in Resources */,
				4F5E17422C91A10400597A03 /* は.mp3 in Resources */,
				4F5E17472C91A30400597A03 /* ぽ.mp3 in Resources */,
				4F25C0662C913EAB00939AF7 /* ろうそく.csv in Resources */,
				4F777B392C915B1E009E3A7A /* ろうそく.mp3 in Resources */,
				4F25C02B2C905F9F00939AF7 /* の.mp3 in Resources */,
				4F25BFCE2C90280400939AF7 /* だんご.csv in Resources */,
				4F777B432C915B1E009E3A7A /* たんぽぽ.mp3 in Resources */,
				4F25C08F2C91516D00939AF7 /* おみくじ.png in Resources */,
				4F25C00D2C90592F00939AF7 /* く.mp3 in Resources */,
				4F1DBCA42D670C1000F7DCE8 /* あめ.csv in Resources */,
				4F777B442C915B1E009E3A7A /* くつした.mp3 in Resources */,
				4F25C07D2C91516D00939AF7 /* にくまん.png in Resources */,
				4F25C00E2C90592F00939AF7 /* だ.mp3 in Resources */,
				4F25C0042C904BEA00939AF7 /* くるま.png in Resources */,
				4F25BFCD2C90280100939AF7 /* ごはん.csv in Resources */,
				4F5E17402C91A10400597A03 /* ぶ.mp3 in Resources */,
				4F25C0322C905F9F00939AF7 /* ん.mp3 in Resources */,
				4F1DBCAA2D6716E700F7DCE8 /* あめe.mp3 in Resources */,
				4F777B3A2C915B1E009E3A7A /* てぶくろ.mp3 in Resources */,
				4F777B402C915B1E009E3A7A /* わりばし.mp3 in Resources */,
				4F25BFEA2C9036EA00939AF7 /* うさぎ.mp3 in Resources */,
				4F25C0282C905F9F00939AF7 /* さ.mp3 in Resources */,
				4F25BFD42C90281500939AF7 /* えのぐ.csv in Resources */,
				4F25BFE62C9036EA00939AF7 /* つばめ.mp3 in Resources */,
				4F777B332C915B1E009E3A7A /* おにぎり.mp3 in Resources */,
				4F25BFFD2C904BEA00939AF7 /* えのぐ.png in Resources */,
				4F25C0242C905F9F00939AF7 /* ら.mp3 in Resources */,
				4F25C02F2C905F9F00939AF7 /* え.mp3 in Resources */,
				4F5E174B2C91A3B700597A03 /* や.mp3 in Resources */,
				4F25BFEC2C9036EA00939AF7 /* くじら.mp3 in Resources */,
				4F25BFFA2C904BEA00939AF7 /* だんご.png in Resources */,
				4F25C0002C904BEA00939AF7 /* らくだ.png in Resources */,
				4F25C0862C91516D00939AF7 /* たんぽぽ.png in Resources */,
				4F777B422C915B1E009E3A7A /* しんごう.mp3 in Resources */,
				4F25C0812C91516D00939AF7 /* やきそば.png in Resources */,
				4F5E17512C91A4CB00597A03 /* り.mp3 in Resources */,
				4F25C0112C90592F00939AF7 /* か.mp3 in Resources */,
				4F25BFFC2C904BEA00939AF7 /* ごはん.png in Resources */,
				4F1DBCB22D69CB8300F7DCE8 /* 14.csv in Resources */,
				4F25BFCC2C9027FF00939AF7 /* うさぎ.csv in Resources */,
				4F25C0852C91516D00939AF7 /* ふうせん.png in Resources */,
				4F25C0882C91516D00939AF7 /* はみがき.png in Resources */,
				4F25C0012C904BEA00939AF7 /* うさぎ.png in Resources */,
				4F25BFBA2C8FE70B00939AF7 /* くじら.csv in Resources */,
				4F5E17572C91A73900597A03 /* にわとり.csv in Resources */,
				4F25C0802C91516D00939AF7 /* ぶらんこ.png in Resources */,
				4F5E17552C91A65800597A03 /* び.mp3 in Resources */,
				4F25C0892C91516D00939AF7 /* にんじん.png in Resources */,
				4F75C02C2D6A99F400534812 /* ばつ.png in Resources */,
				4F25BFE92C9036EA00939AF7 /* えのぐ.mp3 in Resources */,
				4F25C02C2C905F9F00939AF7 /* お.mp3 in Resources */,
				4F25C08C2C91516D00939AF7 /* くつした.png in Resources */,
				4F25C0342C905F9F00939AF7 /* う.mp3 in Resources */,
				4F25BFAB2C8FD8FD00939AF7 /* Assets.xcassets in Resources */,
				4F1DBCA82D6713F300F7DCE8 /* あめ.png in Resources */,
				4F777B372C915B1E009E3A7A /* ぶらんこ.mp3 in Resources */,
				4F777B4C2C915F12009E3A7A /* せ.mp3 in Resources */,
				4F25BFAE2C8FD8FD00939AF7 /* Base in Resources */,
				4F5E174D2C91A40000597A03 /* み.mp3 in Resources */,
				4F5E173F2C91A10400597A03 /* た.mp3 in Resources */,
				4F25C0312C905F9F00939AF7 /* ば.mp3 in Resources */,
				4F25C0272C905F9F00939AF7 /* ぐ.mp3 in Resources */,
				4F25C0832C91516D00939AF7 /* なわとび.png in Resources */,
				4F1DBC9E2D66E18200F7DCE8 /* おにぎりe.mp3 in Resources */,
				4F25C02A2C905F9F00939AF7 /* つ.mp3 in Resources */,
				4F25BFED2C9036EA00939AF7 /* ごはん.mp3 in Resources */,
				4F25BFC72C90257F00939AF7 /* くるま.csv in Resources */,
				4F25C02D2C905F9F00939AF7 /* ご.mp3 in Resources */,
				4F25C0052C904BEA00939AF7 /* くじら.png in Resources */,
				4F777B452C915B1E009E3A7A /* ふうせん.mp3 in Resources */,
				4F5E173E2C91A10400597A03 /* て.mp3 in Resources */,
				4F1DBCA62D67139C00F7DCE8 /* あめ.mp3 in Resources */,
				4F5E17452C91A12900597A03 /* に.mp3 in Resources */,
				4F777B4F2C915F12009E3A7A /* あ.mp3 in Resources */,
				4F777B322C915B1E009E3A7A /* すいとう.mp3 in Resources */,
				4F25C0262C905F9F00939AF7 /* け.mp3 in Resources */,
				4F25C08D2C91516D00939AF7 /* ろうそく.png in Resources */,
				4F25C0302C905F9F00939AF7 /* す.mp3 in Resources */,
				4F39971E2D66A6BE00F7C305 /* うさぎe.mp3 in Resources */,
				4F25BFD62C90321200939AF7 /* めだか.mp3 in Resources */,
				4F25BFE52C9036EA00939AF7 /* だんご.mp3 in Resources */,
				4F777B342C915B1E009E3A7A /* にんじん.mp3 in Resources */,
				4F25C02E2C905F9F00939AF7 /* ひ.mp3 in Resources */,
				4F25BFEB2C9036EA00939AF7 /* おばけ.mp3 in Resources */,
				4F25BFBE2C90251500939AF7 /* めだか.csv in Resources */,
				4F25BFD32C90281200939AF7 /* ひつじ.csv in Resources */,
				4F25C0872C91516D00939AF7 /* おにぎり.png in Resources */,
				4F5E174F2C91A44200597A03 /* が.mp3 in Resources */,
				4F25C08E2C91516D00939AF7 /* しんごう.png in Resources */,
				4F25C07C2C91516D00939AF7 /* てぶくろ.png in Resources */,
				4F777B382C915B1E009E3A7A /* なわとび.mp3 in Resources */,
				4F25C00F2C90592F00939AF7 /* る.mp3 in Resources */,
				4F25BFA92C8FD8FB00939AF7 /* Base in Resources */,
				4F25BFD12C90280D00939AF7 /* すずめ.csv in Resources */,
				4F25C07F2C91516D00939AF7 /* ふくろう.png in Resources */,
				4F25C0842C91516D00939AF7 /* すいとう.png in Resources */,
				4F5E17412C91A10400597A03 /* ど.mp3 in Resources */,
				4F5E173D2C91A10400597A03 /* な.mp3 in Resources */,
				4F25C0292C905F9F00939AF7 /* じ.mp3 in Resources */,
				4F25BFFF2C904BEA00939AF7 /* めだか.png in Resources */,
				4F777B4B2C915F12009E3A7A /* し.mp3 in Resources */,
				4F25BFE72C9036EA00939AF7 /* すずめ.mp3 in Resources */,
				4F25C07E2C91516D00939AF7 /* たこやき.png in Resources */,
				4F777B312C915B1E009E3A7A /* ふくろう.mp3 in Resources */,
				4F25BFCF2C90280600939AF7 /* おばけ.csv in Resources */,
				4F25C0902C91516D00939AF7 /* にわとり.png in Resources */,
			);
			runOnlyForDeploymentPostprocessing = 0;
		};
/* End PBXResourcesBuildPhase section */

/* Begin PBXShellScriptBuildPhase section */
		79C0AE68B677E26D3A38AFE9 /* [CP] Embed Pods Frameworks */ = {
			isa = PBXShellScriptBuildPhase;
			buildActionMask = 2147483647;
			files = (
			);
			inputFileListPaths = (
				"${PODS_ROOT}/Target Support Files/Pods-WordReading4/Pods-WordReading4-frameworks-${CONFIGURATION}-input-files.xcfilelist",
			);
			name = "[CP] Embed Pods Frameworks";
			outputFileListPaths = (
				"${PODS_ROOT}/Target Support Files/Pods-WordReading4/Pods-WordReading4-frameworks-${CONFIGURATION}-output-files.xcfilelist",
			);
			runOnlyForDeploymentPostprocessing = 0;
			shellPath = /bin/sh;
			shellScript = "\"${PODS_ROOT}/Target Support Files/Pods-WordReading4/Pods-WordReading4-frameworks.sh\"\n";
			showEnvVarsInLog = 0;
		};
		8FDECEBB4EF6479F1A791860 /* [CP] Check Pods Manifest.lock */ = {
			isa = PBXShellScriptBuildPhase;
			buildActionMask = 2147483647;
			files = (
			);
			inputFileListPaths = (
			);
			inputPaths = (
				"${PODS_PODFILE_DIR_PATH}/Podfile.lock",
				"${PODS_ROOT}/Manifest.lock",
			);
			name = "[CP] Check Pods Manifest.lock";
			outputFileListPaths = (
			);
			outputPaths = (
				"$(DERIVED_FILE_DIR)/Pods-WordReading4-checkManifestLockResult.txt",
			);
			runOnlyForDeploymentPostprocessing = 0;
			shellPath = /bin/sh;
			shellScript = "diff \"${PODS_PODFILE_DIR_PATH}/Podfile.lock\" \"${PODS_ROOT}/Manifest.lock\" > /dev/null\nif [ $? != 0 ] ; then\n    # print error to STDERR\n    echo \"error: The sandbox is not in sync with the Podfile.lock. Run 'pod install' or update your CocoaPods installation.\" >&2\n    exit 1\nfi\n# This output is used by Xcode 'outputs' to avoid re-running this script phase.\necho \"SUCCESS\" > \"${SCRIPT_OUTPUT_FILE_0}\"\n";
			showEnvVarsInLog = 0;
		};
/* End PBXShellScriptBuildPhase section */

/* Begin PBXSourcesBuildPhase section */
		4F25BF9A2C8FD8FB00939AF7 /* Sources */ = {
			isa = PBXSourcesBuildPhase;
			buildActionMask = 2147483647;
			files = (
				4F25BFA62C8FD8FB00939AF7 /* StartViewController.swift in Sources */,
				4F1DBCB02D69C02800F7DCE8 /* QuizViewController.swift in Sources */,
				4F1DBCA22D66EAE500F7DCE8 /* Ssp2WordViewController.swift in Sources */,
				4F75C0282D6A84D600534812 /* ResultViewController.swift in Sources */,
				4F25C0382C91101000939AF7 /* Ssp4WordViewController.swift in Sources */,
				4F1DBCAE2D69AF2E00F7DCE8 /* PersonalHistoryViewController.swift in Sources */,
				4F1DBCAC2D683BC100F7DCE8 /* SelectQuizViewController.swift in Sources */,
				4F25BFB82C8FE3BC00939AF7 /* LastViewController.swift in Sources */,
				4F25BFA22C8FD8FB00939AF7 /* AppDelegate.swift in Sources */,
				4F25BFB62C8FE2C900939AF7 /* Ssp3WordViewController.swift in Sources */,
				4F1DBCA02D66E87C00F7DCE8 /* Select2WordViewController.swift in Sources */,
				4F1DBCB42D69DB4400F7DCE8 /* SelectCharacterLengthViewController.swift in Sources */,
				4F75C02E2D6AAB2F00534812 /* QuizResult.swift in Sources */,
				4F25C03C2C912B8100939AF7 /* SelectViewController.swift in Sources */,
				4F25BFBC2C90096000939AF7 /* Select3WordViewController.swift in Sources */,
				4F25C0362C910FD800939AF7 /* Select4WordViewController.swift in Sources */,
				4F25BFA42C8FD8FB00939AF7 /* SceneDelegate.swift in Sources */,
			);
			runOnlyForDeploymentPostprocessing = 0;
		};
/* End PBXSourcesBuildPhase section */

/* Begin PBXVariantGroup section */
		4F25BFA72C8FD8FB00939AF7 /* Main.storyboard */ = {
			isa = PBXVariantGroup;
			children = (
				4F25BFA82C8FD8FB00939AF7 /* Base */,
			);
			name = Main.storyboard;
			sourceTree = "<group>";
		};
		4F25BFAC2C8FD8FD00939AF7 /* LaunchScreen.storyboard */ = {
			isa = PBXVariantGroup;
			children = (
				4F25BFAD2C8FD8FD00939AF7 /* Base */,
			);
			name = LaunchScreen.storyboard;
			sourceTree = "<group>";
		};
/* End PBXVariantGroup section */

/* Begin XCBuildConfiguration section */
		4F25BFB02C8FD8FD00939AF7 /* Debug */ = {
			isa = XCBuildConfiguration;
			buildSettings = {
				ALWAYS_SEARCH_USER_PATHS = NO;
				ASSETCATALOG_COMPILER_GENERATE_SWIFT_ASSET_SYMBOL_EXTENSIONS = YES;
				CLANG_ANALYZER_NONNULL = YES;
				CLANG_ANALYZER_NUMBER_OBJECT_CONVERSION = YES_AGGRESSIVE;
				CLANG_CXX_LANGUAGE_STANDARD = "gnu++20";
				CLANG_ENABLE_MODULES = YES;
				CLANG_ENABLE_OBJC_ARC = YES;
				CLANG_ENABLE_OBJC_WEAK = YES;
				CLANG_WARN_BLOCK_CAPTURE_AUTORELEASING = YES;
				CLANG_WARN_BOOL_CONVERSION = YES;
				CLANG_WARN_COMMA = YES;
				CLANG_WARN_CONSTANT_CONVERSION = YES;
				CLANG_WARN_DEPRECATED_OBJC_IMPLEMENTATIONS = YES;
				CLANG_WARN_DIRECT_OBJC_ISA_USAGE = YES_ERROR;
				CLANG_WARN_DOCUMENTATION_COMMENTS = YES;
				CLANG_WARN_EMPTY_BODY = YES;
				CLANG_WARN_ENUM_CONVERSION = YES;
				CLANG_WARN_INFINITE_RECURSION = YES;
				CLANG_WARN_INT_CONVERSION = YES;
				CLANG_WARN_NON_LITERAL_NULL_CONVERSION = YES;
				CLANG_WARN_OBJC_IMPLICIT_RETAIN_SELF = YES;
				CLANG_WARN_OBJC_LITERAL_CONVERSION = YES;
				CLANG_WARN_OBJC_ROOT_CLASS = YES_ERROR;
				CLANG_WARN_QUOTED_INCLUDE_IN_FRAMEWORK_HEADER = YES;
				CLANG_WARN_RANGE_LOOP_ANALYSIS = YES;
				CLANG_WARN_STRICT_PROTOTYPES = YES;
				CLANG_WARN_SUSPICIOUS_MOVE = YES;
				CLANG_WARN_UNGUARDED_AVAILABILITY = YES_AGGRESSIVE;
				CLANG_WARN_UNREACHABLE_CODE = YES;
				CLANG_WARN__DUPLICATE_METHOD_MATCH = YES;
				COPY_PHASE_STRIP = NO;
				DEBUG_INFORMATION_FORMAT = dwarf;
				ENABLE_STRICT_OBJC_MSGSEND = YES;
				ENABLE_TESTABILITY = YES;
				ENABLE_USER_SCRIPT_SANDBOXING = YES;
				GCC_C_LANGUAGE_STANDARD = gnu17;
				GCC_DYNAMIC_NO_PIC = NO;
				GCC_NO_COMMON_BLOCKS = YES;
				GCC_OPTIMIZATION_LEVEL = 0;
				GCC_PREPROCESSOR_DEFINITIONS = (
					"DEBUG=1",
					"$(inherited)",
				);
				GCC_WARN_64_TO_32_BIT_CONVERSION = YES;
				GCC_WARN_ABOUT_RETURN_TYPE = YES_ERROR;
				GCC_WARN_UNDECLARED_SELECTOR = YES;
				GCC_WARN_UNINITIALIZED_AUTOS = YES_AGGRESSIVE;
				GCC_WARN_UNUSED_FUNCTION = YES;
				GCC_WARN_UNUSED_VARIABLE = YES;
				IPHONEOS_DEPLOYMENT_TARGET = 17.5;
				LOCALIZATION_PREFERS_STRING_CATALOGS = YES;
				MTL_ENABLE_DEBUG_INFO = INCLUDE_SOURCE;
				MTL_FAST_MATH = YES;
				ONLY_ACTIVE_ARCH = YES;
				SDKROOT = iphoneos;
				SWIFT_ACTIVE_COMPILATION_CONDITIONS = "DEBUG $(inherited)";
				SWIFT_OPTIMIZATION_LEVEL = "-Onone";
			};
			name = Debug;
		};
		4F25BFB12C8FD8FD00939AF7 /* Release */ = {
			isa = XCBuildConfiguration;
			buildSettings = {
				ALWAYS_SEARCH_USER_PATHS = NO;
				ASSETCATALOG_COMPILER_GENERATE_SWIFT_ASSET_SYMBOL_EXTENSIONS = YES;
				CLANG_ANALYZER_NONNULL = YES;
				CLANG_ANALYZER_NUMBER_OBJECT_CONVERSION = YES_AGGRESSIVE;
				CLANG_CXX_LANGUAGE_STANDARD = "gnu++20";
				CLANG_ENABLE_MODULES = YES;
				CLANG_ENABLE_OBJC_ARC = YES;
				CLANG_ENABLE_OBJC_WEAK = YES;
				CLANG_WARN_BLOCK_CAPTURE_AUTORELEASING = YES;
				CLANG_WARN_BOOL_CONVERSION = YES;
				CLANG_WARN_COMMA = YES;
				CLANG_WARN_CONSTANT_CONVERSION = YES;
				CLANG_WARN_DEPRECATED_OBJC_IMPLEMENTATIONS = YES;
				CLANG_WARN_DIRECT_OBJC_ISA_USAGE = YES_ERROR;
				CLANG_WARN_DOCUMENTATION_COMMENTS = YES;
				CLANG_WARN_EMPTY_BODY = YES;
				CLANG_WARN_ENUM_CONVERSION = YES;
				CLANG_WARN_INFINITE_RECURSION = YES;
				CLANG_WARN_INT_CONVERSION = YES;
				CLANG_WARN_NON_LITERAL_NULL_CONVERSION = YES;
				CLANG_WARN_OBJC_IMPLICIT_RETAIN_SELF = YES;
				CLANG_WARN_OBJC_LITERAL_CONVERSION = YES;
				CLANG_WARN_OBJC_ROOT_CLASS = YES_ERROR;
				CLANG_WARN_QUOTED_INCLUDE_IN_FRAMEWORK_HEADER = YES;
				CLANG_WARN_RANGE_LOOP_ANALYSIS = YES;
				CLANG_WARN_STRICT_PROTOTYPES = YES;
				CLANG_WARN_SUSPICIOUS_MOVE = YES;
				CLANG_WARN_UNGUARDED_AVAILABILITY = YES_AGGRESSIVE;
				CLANG_WARN_UNREACHABLE_CODE = YES;
				CLANG_WARN__DUPLICATE_METHOD_MATCH = YES;
				COPY_PHASE_STRIP = NO;
				DEBUG_INFORMATION_FORMAT = "dwarf-with-dsym";
				ENABLE_NS_ASSERTIONS = NO;
				ENABLE_STRICT_OBJC_MSGSEND = YES;
				ENABLE_USER_SCRIPT_SANDBOXING = YES;
				GCC_C_LANGUAGE_STANDARD = gnu17;
				GCC_NO_COMMON_BLOCKS = YES;
				GCC_WARN_64_TO_32_BIT_CONVERSION = YES;
				GCC_WARN_ABOUT_RETURN_TYPE = YES_ERROR;
				GCC_WARN_UNDECLARED_SELECTOR = YES;
				GCC_WARN_UNINITIALIZED_AUTOS = YES_AGGRESSIVE;
				GCC_WARN_UNUSED_FUNCTION = YES;
				GCC_WARN_UNUSED_VARIABLE = YES;
				IPHONEOS_DEPLOYMENT_TARGET = 17.5;
				LOCALIZATION_PREFERS_STRING_CATALOGS = YES;
				MTL_ENABLE_DEBUG_INFO = NO;
				MTL_FAST_MATH = YES;
				SDKROOT = iphoneos;
				SWIFT_COMPILATION_MODE = wholemodule;
				VALIDATE_PRODUCT = YES;
			};
			name = Release;
		};
		4F25BFB32C8FD8FD00939AF7 /* Debug */ = {
			isa = XCBuildConfiguration;
			baseConfigurationReference = D04E762ADA905AFAB33395B6 /* Pods-WordReading4.debug.xcconfig */;
			buildSettings = {
				ASSETCATALOG_COMPILER_APPICON_NAME = AppIcon;
				ASSETCATALOG_COMPILER_GLOBAL_ACCENT_COLOR_NAME = AccentColor;
				CODE_SIGN_STYLE = Automatic;
				CURRENT_PROJECT_VERSION = 1;
				DEVELOPMENT_TEAM = K2789NPGR4;
				ENABLE_USER_SCRIPT_SANDBOXING = NO;
				GENERATE_INFOPLIST_FILE = YES;
				INFOPLIST_FILE = WordReading/Info.plist;
				INFOPLIST_KEY_UIApplicationSupportsIndirectInputEvents = YES;
				INFOPLIST_KEY_UILaunchStoryboardName = LaunchScreen;
				INFOPLIST_KEY_UIMainStoryboardFile = Main;
				INFOPLIST_KEY_UISupportedInterfaceOrientations_iPad = "UIInterfaceOrientationPortrait UIInterfaceOrientationPortraitUpsideDown UIInterfaceOrientationLandscapeLeft UIInterfaceOrientationLandscapeRight";
				INFOPLIST_KEY_UISupportedInterfaceOrientations_iPhone = "UIInterfaceOrientationPortrait UIInterfaceOrientationLandscapeLeft UIInterfaceOrientationLandscapeRight";
				LD_RUNPATH_SEARCH_PATHS = (
					"$(inherited)",
					"@executable_path/Frameworks",
				);
				MARKETING_VERSION = 1.0;
				PRODUCT_BUNDLE_IDENTIFIER = "Swift-Beginners.WordReading";
				PRODUCT_NAME = "$(TARGET_NAME)";
				SWIFT_EMIT_LOC_STRINGS = YES;
				SWIFT_VERSION = 5.0;
				TARGETED_DEVICE_FAMILY = "1,2";
			};
			name = Debug;
		};
		4F25BFB42C8FD8FD00939AF7 /* Release */ = {
			isa = XCBuildConfiguration;
			baseConfigurationReference = 57CD20213335CF6F3F670AE4 /* Pods-WordReading4.release.xcconfig */;
			buildSettings = {
				ASSETCATALOG_COMPILER_APPICON_NAME = AppIcon;
				ASSETCATALOG_COMPILER_GLOBAL_ACCENT_COLOR_NAME = AccentColor;
				CODE_SIGN_STYLE = Automatic;
				CURRENT_PROJECT_VERSION = 1;
				DEVELOPMENT_TEAM = K2789NPGR4;
				ENABLE_USER_SCRIPT_SANDBOXING = NO;
				GENERATE_INFOPLIST_FILE = YES;
				INFOPLIST_FILE = WordReading/Info.plist;
				INFOPLIST_KEY_UIApplicationSupportsIndirectInputEvents = YES;
				INFOPLIST_KEY_UILaunchStoryboardName = LaunchScreen;
				INFOPLIST_KEY_UIMainStoryboardFile = Main;
				INFOPLIST_KEY_UISupportedInterfaceOrientations_iPad = "UIInterfaceOrientationPortrait UIInterfaceOrientationPortraitUpsideDown UIInterfaceOrientationLandscapeLeft UIInterfaceOrientationLandscapeRight";
				INFOPLIST_KEY_UISupportedInterfaceOrientations_iPhone = "UIInterfaceOrientationPortrait UIInterfaceOrientationLandscapeLeft UIInterfaceOrientationLandscapeRight";
				LD_RUNPATH_SEARCH_PATHS = (
					"$(inherited)",
					"@executable_path/Frameworks",
				);
				MARKETING_VERSION = 1.0;
				PRODUCT_BUNDLE_IDENTIFIER = "Swift-Beginners.WordReading";
				PRODUCT_NAME = "$(TARGET_NAME)";
				SWIFT_EMIT_LOC_STRINGS = YES;
				SWIFT_VERSION = 5.0;
				TARGETED_DEVICE_FAMILY = "1,2";
			};
			name = Release;
		};
/* End XCBuildConfiguration section */

/* Begin XCConfigurationList section */
		4F25BF992C8FD8FB00939AF7 /* Build configuration list for PBXProject "WordReading4" */ = {
			isa = XCConfigurationList;
			buildConfigurations = (
				4F25BFB02C8FD8FD00939AF7 /* Debug */,
				4F25BFB12C8FD8FD00939AF7 /* Release */,
			);
			defaultConfigurationIsVisible = 0;
			defaultConfigurationName = Release;
		};
		4F25BFB22C8FD8FD00939AF7 /* Build configuration list for PBXNativeTarget "WordReading4" */ = {
			isa = XCConfigurationList;
			buildConfigurations = (
				4F25BFB32C8FD8FD00939AF7 /* Debug */,
				4F25BFB42C8FD8FD00939AF7 /* Release */,
			);
			defaultConfigurationIsVisible = 0;
			defaultConfigurationName = Release;
		};
/* End XCConfigurationList section */
	};
	rootObject = 4F25BF962C8FD8FB00939AF7 /* Project object */;
}
