// !$*UTF8*$!
{
	archiveVersion = 1;
	classes = {
	};
	objectVersion = 56;
	objects = {

/* Begin PBXBuildFile section */
		4F1DBCA02D66E87C00F7DCE8 /* Select2WordViewController.swift in Sources */ = {isa = PBXBuildFile; fileRef = 4F1DBC9F2D66E87C00F7DCE8 /* Select2WordViewController.swift */; };
		4F1DBCA22D66EAE500F7DCE8 /* Ssp2WordViewController.swift in Sources */ = {isa = PBXBuildFile; fileRef = 4F1DBCA12D66EAE500F7DCE8 /* Ssp2WordViewController.swift */; };
		4F1DBCA42D670C1000F7DCE8 /* あめ.csv in Resources */ = {isa = PBXBuildFile; fileRef = 4F1DBCA32D670C1000F7DCE8 /* あめ.csv */; };
		4F1DBCA82D6713F300F7DCE8 /* あめ.png in Resources */ = {isa = PBXBuildFile; fileRef = 4F1DBCA72D6713F300F7DCE8 /* あめ.png */; };
		4F1DBCAC2D683BC100F7DCE8 /* SelectQuizViewController.swift in Sources */ = {isa = PBXBuildFile; fileRef = 4F1DBCAB2D683BC100F7DCE8 /* SelectQuizViewController.swift */; };
		4F1DBCAE2D69AF2E00F7DCE8 /* PersonalHistoryViewController.swift in Sources */ = {isa = PBXBuildFile; fileRef = 4F1DBCAD2D69AF2E00F7DCE8 /* PersonalHistoryViewController.swift */; };
		4F1DBCB02D69C02800F7DCE8 /* QuizViewController.swift in Sources */ = {isa = PBXBuildFile; fileRef = 4F1DBCAF2D69C02800F7DCE8 /* QuizViewController.swift */; };
		4F1DBCB22D69CB8300F7DCE8 /* 14.csv in Resources */ = {isa = PBXBuildFile; fileRef = 4F1DBCB12D69CB8300F7DCE8 /* 14.csv */; };
		4F1DBCB42D69DB4400F7DCE8 /* SelectCharacterLengthViewController.swift in Sources */ = {isa = PBXBuildFile; fileRef = 4F1DBCB32D69DB4300F7DCE8 /* SelectCharacterLengthViewController.swift */; };
		4F25BFA22C8FD8FB00939AF7 /* AppDelegate.swift in Sources */ = {isa = PBXBuildFile; fileRef = 4F25BFA12C8FD8FB00939AF7 /* AppDelegate.swift */; };
		4F25BFA42C8FD8FB00939AF7 /* SceneDelegate.swift in Sources */ = {isa = PBXBuildFile; fileRef = 4F25BFA32C8FD8FB00939AF7 /* SceneDelegate.swift */; };
		4F25BFA62C8FD8FB00939AF7 /* StartViewController.swift in Sources */ = {isa = PBXBuildFile; fileRef = 4F25BFA52C8FD8FB00939AF7 /* StartViewController.swift */; };
		4F25BFA92C8FD8FB00939AF7 /* Base in Resources */ = {isa = PBXBuildFile; fileRef = 4F25BFA82C8FD8FB00939AF7 /* Base */; };
		4F25BFAB2C8FD8FD00939AF7 /* Assets.xcassets in Resources */ = {isa = PBXBuildFile; fileRef = 4F25BFAA2C8FD8FD00939AF7 /* Assets.xcassets */; };
		4F25BFAE2C8FD8FD00939AF7 /* Base in Resources */ = {isa = PBXBuildFile; fileRef = 4F25BFAD2C8FD8FD00939AF7 /* Base */; };
		4F25BFB62C8FE2C900939AF7 /* Ssp3WordViewController.swift in Sources */ = {isa = PBXBuildFile; fileRef = 4F25BFB52C8FE2C900939AF7 /* Ssp3WordViewController.swift */; };
		4F25BFB82C8FE3BC00939AF7 /* LastViewController.swift in Sources */ = {isa = PBXBuildFile; fileRef = 4F25BFB72C8FE3BC00939AF7 /* LastViewController.swift */; };
		4F25BFBA2C8FE70B00939AF7 /* はなび.csv in Resources */ = {isa = PBXBuildFile; fileRef = 4F25BFB92C8FE70B00939AF7 /* はなび.csv */; };
		4F25BFBC2C90096000939AF7 /* Select3WordViewController.swift in Sources */ = {isa = PBXBuildFile; fileRef = 4F25BFBB2C90096000939AF7 /* Select3WordViewController.swift */; };
		4F25BFBE2C90251500939AF7 /* おかね.csv in Resources */ = {isa = PBXBuildFile; fileRef = 4F25BFBD2C9024DD00939AF7 /* おかね.csv */; };
		4F25BFC72C90257F00939AF7 /* おかし.csv in Resources */ = {isa = PBXBuildFile; fileRef = 4F25BFBF2C90254E00939AF7 /* おかし.csv */; };
		4F25BFCC2C9027FF00939AF7 /* とけい.csv in Resources */ = {isa = PBXBuildFile; fileRef = 4F25BFC02C90255200939AF7 /* とけい.csv */; };
		4F25BFCD2C90280100939AF7 /* てれび.csv in Resources */ = {isa = PBXBuildFile; fileRef = 4F25BFC12C90255300939AF7 /* てれび.csv */; };
		4F25BFCE2C90280400939AF7 /* といれ.csv in Resources */ = {isa = PBXBuildFile; fileRef = 4F25BFC82C90265B00939AF7 /* といれ.csv */; };
		4F25BFCF2C90280600939AF7 /* おばけ.csv in Resources */ = {isa = PBXBuildFile; fileRef = 4F25BFC92C90265D00939AF7 /* おばけ.csv */; };
		4F25BFD02C90280A00939AF7 /* じしん.csv in Resources */ = {isa = PBXBuildFile; fileRef = 4F25BFCA2C90265F00939AF7 /* じしん.csv */; };
		4F25BFD12C90280D00939AF7 /* たきび.csv in Resources */ = {isa = PBXBuildFile; fileRef = 4F25BFC32C90255500939AF7 /* たきび.csv */; };
		4F25BFD22C90280F00939AF7 /* からす.csv in Resources */ = {isa = PBXBuildFile; fileRef = 4F25BFC42C90255700939AF7 /* からす.csv */; };
		4F25BFD32C90281200939AF7 /* うんち.csv in Resources */ = {isa = PBXBuildFile; fileRef = 4F25BFC52C90255800939AF7 /* うんち.csv */; };
		4F25BFD42C90281500939AF7 /* やさい.csv in Resources */ = {isa = PBXBuildFile; fileRef = 4F25BFC62C90255900939AF7 /* やさい.csv */; };
		4F25C0362C910FD800939AF7 /* Select4WordViewController.swift in Sources */ = {isa = PBXBuildFile; fileRef = 4F25C0352C910FD800939AF7 /* Select4WordViewController.swift */; };
		4F25C0382C91101000939AF7 /* Ssp4WordViewController.swift in Sources */ = {isa = PBXBuildFile; fileRef = 4F25C0372C91101000939AF7 /* Ssp4WordViewController.swift */; };
		4F25C03C2C912B8100939AF7 /* SelectViewController.swift in Sources */ = {isa = PBXBuildFile; fileRef = 4F25C03B2C912B8100939AF7 /* SelectViewController.swift */; };
		4F25C0522C913EAB00939AF7 /* のみもの.csv in Resources */ = {isa = PBXBuildFile; fileRef = 4F25C03E2C913B1F00939AF7 /* のみもの.csv */; };
		4F25C0532C913EAB00939AF7 /* あおぞら.csv in Resources */ = {isa = PBXBuildFile; fileRef = 4F25C0462C913B3000939AF7 /* あおぞら.csv */; };
		4F25C0542C913EAB00939AF7 /* てぶくろ.csv in Resources */ = {isa = PBXBuildFile; fileRef = 4F25C0402C913B2400939AF7 /* てぶくろ.csv */; };
		4F25C0552C913EAB00939AF7 /* ひまわり.csv in Resources */ = {isa = PBXBuildFile; fileRef = 4F25C0442C913B3000939AF7 /* ひまわり.csv */; };
		4F25C0562C913EAB00939AF7 /* にく.csv in Resources */ = {isa = PBXBuildFile; fileRef = 4F25C0512C913D1900939AF7 /* にく.csv */; };
		4F25C0572C913EAB00939AF7 /* すず.csv in Resources */ = {isa = PBXBuildFile; fileRef = 4F25C0432C913B3000939AF7 /* すず.csv */; };
		4F25C0582C913EAB00939AF7 /* そうじき.csv in Resources */ = {isa = PBXBuildFile; fileRef = 4F25C0422C913B3000939AF7 /* そうじき.csv */; };
		4F25C0592C913EAB00939AF7 /* ほん.csv in Resources */ = {isa = PBXBuildFile; fileRef = 4F25C0502C913D1900939AF7 /* ほん.csv */; };
		4F25C05A2C913EAB00939AF7 /* やま.csv in Resources */ = {isa = PBXBuildFile; fileRef = 4F25C0472C913B3600939AF7 /* やま.csv */; };
		4F25C05B2C913EAB00939AF7 /* かみなり.csv in Resources */ = {isa = PBXBuildFile; fileRef = 4F25C0492C913B3600939AF7 /* かみなり.csv */; };
		4F25C05C2C913EAB00939AF7 /* むし.csv in Resources */ = {isa = PBXBuildFile; fileRef = 4F25C0412C913B2B00939AF7 /* むし.csv */; };
		4F25C05D2C913EAB00939AF7 /* ねこ.csv in Resources */ = {isa = PBXBuildFile; fileRef = 4F25C04A2C913B3600939AF7 /* ねこ.csv */; };
		4F25C05E2C913EAB00939AF7 /* くつした.csv in Resources */ = {isa = PBXBuildFile; fileRef = 4F25C03D2C913AE400939AF7 /* くつした.csv */; };
		4F25C05F2C913EAB00939AF7 /* よむ.csv in Resources */ = {isa = PBXBuildFile; fileRef = 4F25C04F2C913B3600939AF7 /* よむ.csv */; };
		4F25C0602C913EAB00939AF7 /* もも.csv in Resources */ = {isa = PBXBuildFile; fileRef = 4F25C04B2C913B3600939AF7 /* もも.csv */; };
		4F25C0612C913EAB00939AF7 /* せみ.csv in Resources */ = {isa = PBXBuildFile; fileRef = 4F25C04D2C913B3600939AF7 /* せみ.csv */; };
		4F25C0622C913EAB00939AF7 /* ほうせき.csv in Resources */ = {isa = PBXBuildFile; fileRef = 4F25C03F2C913B2200939AF7 /* ほうせき.csv */; };
		4F25C0632C913EAB00939AF7 /* こうえん.csv in Resources */ = {isa = PBXBuildFile; fileRef = 4F25C04E2C913B3600939AF7 /* こうえん.csv */; };
		4F25C0642C913EAB00939AF7 /* ふうりん.csv in Resources */ = {isa = PBXBuildFile; fileRef = 4F25C04C2C913B3600939AF7 /* ふうりん.csv */; };
		4F25C0652C913EAB00939AF7 /* いぬ.csv in Resources */ = {isa = PBXBuildFile; fileRef = 4F25C0452C913B3000939AF7 /* いぬ.csv */; };
		4F25C0662C913EAB00939AF7 /* へび.csv in Resources */ = {isa = PBXBuildFile; fileRef = 4F25C0482C913B3600939AF7 /* へび.csv */; };
		4F5E17572C91A73900597A03 /* よる.csv in Resources */ = {isa = PBXBuildFile; fileRef = 4F5E17562C91A71E00597A03 /* よる.csv */; };
		4F75C0282D6A84D600534812 /* ResultViewController.swift in Sources */ = {isa = PBXBuildFile; fileRef = 4F75C0272D6A84D600534812 /* ResultViewController.swift */; };
		4F75C02A2D6A96BC00534812 /* まる.png in Resources */ = {isa = PBXBuildFile; fileRef = 4F75C0292D6A96BC00534812 /* まる.png */; };
		4F75C02C2D6A99F400534812 /* ばつ.png in Resources */ = {isa = PBXBuildFile; fileRef = 4F75C02B2D6A99F400534812 /* ばつ.png */; };
		4F75C02E2D6AAB2F00534812 /* QuizResult.swift in Sources */ = {isa = PBXBuildFile; fileRef = 4F75C02D2D6AAB2F00534812 /* QuizResult.swift */; };
		4FA2E8612D6D6F50003069CA /* 13.csv in Resources */ = {isa = PBXBuildFile; fileRef = 4FA2E8602D6D6F50003069CA /* 13.csv */; };
		4FA2E8882D6DA81C003069CA /* からす.png in Resources */ = {isa = PBXBuildFile; fileRef = 4FA2E86A2D6DA81C003069CA /* からす.png */; };
		4FA2E8892D6DA81C003069CA /* いぬ.png in Resources */ = {isa = PBXBuildFile; fileRef = 4FA2E8632D6DA81C003069CA /* いぬ.png */; };
		4FA2E88A2D6DA81C003069CA /* にく.png in Resources */ = {isa = PBXBuildFile; fileRef = 4FA2E8772D6DA81C003069CA /* にく.png */; };
		4FA2E88B2D6DA81C003069CA /* すず.png in Resources */ = {isa = PBXBuildFile; fileRef = 4FA2E86F2D6DA81C003069CA /* すず.png */; };
		4FA2E88C2D6DA81C003069CA /* よむ.png in Resources */ = {isa = PBXBuildFile; fileRef = 4FA2E8862D6DA81C003069CA /* よむ.png */; };
		4FA2E88D2D6DA81C003069CA /* ひまわり.png in Resources */ = {isa = PBXBuildFile; fileRef = 4FA2E87C2D6DA81C003069CA /* ひまわり.png */; };
		4FA2E88E2D6DA81C003069CA /* えんぴつ.png in Resources */ = {isa = PBXBuildFile; fileRef = 4FA2E8652D6DA81C003069CA /* えんぴつ.png */; };
		4FA2E88F2D6DA81C003069CA /* へび.png in Resources */ = {isa = PBXBuildFile; fileRef = 4FA2E87F2D6DA81C003069CA /* へび.png */; };
		4FA2E8922D6DA81C003069CA /* てれび.png in Resources */ = {isa = PBXBuildFile; fileRef = 4FA2E8742D6DA81C003069CA /* てれび.png */; };
		4FA2E8932D6DA81C003069CA /* むし.png in Resources */ = {isa = PBXBuildFile; fileRef = 4FA2E8822D6DA81C003069CA /* むし.png */; };
		4FA2E8942D6DA81C003069CA /* たきび.png in Resources */ = {isa = PBXBuildFile; fileRef = 4FA2E8722D6DA81C003069CA /* たきび.png */; };
		4FA2E8952D6DA81C003069CA /* といれ.png in Resources */ = {isa = PBXBuildFile; fileRef = 4FA2E8752D6DA81C003069CA /* といれ.png */; };
		4FA2E8962D6DA81C003069CA /* ねこ.png in Resources */ = {isa = PBXBuildFile; fileRef = 4FA2E8792D6DA81C003069CA /* ねこ.png */; };
		4FA2E8972D6DA81C003069CA /* じしん.png in Resources */ = {isa = PBXBuildFile; fileRef = 4FA2E86E2D6DA81C003069CA /* じしん.png */; };
		4FA2E8982D6DA81C003069CA /* もも.png in Resources */ = {isa = PBXBuildFile; fileRef = 4FA2E8832D6DA81C003069CA /* もも.png */; };
		4FA2E89A2D6DA81C003069CA /* あおぞら.png in Resources */ = {isa = PBXBuildFile; fileRef = 4FA2E8622D6DA81C003069CA /* あおぞら.png */; };
		4FA2E89B2D6DA81C003069CA /* うんち.png in Resources */ = {isa = PBXBuildFile; fileRef = 4FA2E8642D6DA81C003069CA /* うんち.png */; };
		4FA2E89C2D6DA81C003069CA /* かみなり.png in Resources */ = {isa = PBXBuildFile; fileRef = 4FA2E8692D6DA81C003069CA /* かみなり.png */; };
		4FA2E89D2D6DA81C003069CA /* よる.png in Resources */ = {isa = PBXBuildFile; fileRef = 4FA2E8872D6DA81C003069CA /* よる.png */; };
		4FA2E89E2D6DA81C003069CA /* おかね.png in Resources */ = {isa = PBXBuildFile; fileRef = 4FA2E8672D6DA81C003069CA /* おかね.png */; };
		4FA2E89F2D6DA81C003069CA /* とけい.png in Resources */ = {isa = PBXBuildFile; fileRef = 4FA2E8762D6DA81C003069CA /* とけい.png */; };
		4FA2E8A02D6DA81C003069CA /* そうじき.png in Resources */ = {isa = PBXBuildFile; fileRef = 4FA2E8712D6DA81C003069CA /* そうじき.png */; };
		4FA2E8A12D6DA81C003069CA /* さる.png in Resources */ = {isa = PBXBuildFile; fileRef = 4FA2E86D2D6DA81C003069CA /* さる.png */; };
		4FA2E8A22D6DA81C003069CA /* はなび.png in Resources */ = {isa = PBXBuildFile; fileRef = 4FA2E87B2D6DA81C003069CA /* はなび.png */; };
		4FA2E8A32D6DA81C003069CA /* ほうせき.png in Resources */ = {isa = PBXBuildFile; fileRef = 4FA2E8802D6DA81C003069CA /* ほうせき.png */; };
		4FA2E8A42D6DA81C003069CA /* せみ.png in Resources */ = {isa = PBXBuildFile; fileRef = 4FA2E8702D6DA81C003069CA /* せみ.png */; };
		4FA2E8A52D6DA81C003069CA /* ふうりん.png in Resources */ = {isa = PBXBuildFile; fileRef = 4FA2E87D2D6DA81C003069CA /* ふうりん.png */; };
		4FA2E8A72D6DA81C003069CA /* やさい.png in Resources */ = {isa = PBXBuildFile; fileRef = 4FA2E8842D6DA81C003069CA /* やさい.png */; };
		4FA2E8A82D6DA81C003069CA /* こうえん.png in Resources */ = {isa = PBXBuildFile; fileRef = 4FA2E86C2D6DA81C003069CA /* こうえん.png */; };
		4FA2E8A92D6DA81C003069CA /* のみもの.png in Resources */ = {isa = PBXBuildFile; fileRef = 4FA2E87A2D6DA81C003069CA /* のみもの.png */; };
		4FA2E8AA2D6DA81C003069CA /* やま.png in Resources */ = {isa = PBXBuildFile; fileRef = 4FA2E8852D6DA81C003069CA /* やま.png */; };
		4FA2E8AB2D6DA81C003069CA /* おかし.png in Resources */ = {isa = PBXBuildFile; fileRef = 4FA2E8662D6DA81C003069CA /* おかし.png */; };
		4FA2E8AC2D6DA81C003069CA /* ふゆ.png in Resources */ = {isa = PBXBuildFile; fileRef = 4FA2E87E2D6DA81C003069CA /* ふゆ.png */; };
		4FA2E8AD2D6DA81C003069CA /* ほん.png in Resources */ = {isa = PBXBuildFile; fileRef = 4FA2E8812D6DA81C003069CA /* ほん.png */; };
		4FA2E8AF2D6DAAC5003069CA /* ふゆ.csv in Resources */ = {isa = PBXBuildFile; fileRef = 4FA2E8AE2D6DAAC5003069CA /* ふゆ.csv */; };
		4FA2EB472D6DE7A1003069CA /* た.mp3 in Resources */ = {isa = PBXBuildFile; fileRef = 4FA2EB292D6DE7A1003069CA /* た.mp3 */; };
		4FA2EB482D6DE7A1003069CA /* ね.mp3 in Resources */ = {isa = PBXBuildFile; fileRef = 4FA2EB312D6DE7A1003069CA /* ね.mp3 */; };
		4FA2EB492D6DE7A1003069CA /* の.mp3 in Resources */ = {isa = PBXBuildFile; fileRef = 4FA2EB322D6DE7A1003069CA /* の.mp3 */; };
		4FA2EB4A2D6DE7A1003069CA /* ひ.mp3 in Resources */ = {isa = PBXBuildFile; fileRef = 4FA2EB342D6DE7A1003069CA /* ひ.mp3 */; };
		4FA2EB4B2D6DE7A1003069CA /* へ.mp3 in Resources */ = {isa = PBXBuildFile; fileRef = 4FA2EB362D6DE7A1003069CA /* へ.mp3 */; };
		4FA2EB4C2D6DE7A1003069CA /* お.mp3 in Resources */ = {isa = PBXBuildFile; fileRef = 4FA2EB1E2D6DE7A1003069CA /* お.mp3 */; };
		4FA2EB4D2D6DE7A1003069CA /* よ.mp3 in Resources */ = {isa = PBXBuildFile; fileRef = 4FA2EB3F2D6DE7A1003069CA /* よ.mp3 */; };
		4FA2EB4E2D6DE7A1003069CA /* つ.mp3 in Resources */ = {isa = PBXBuildFile; fileRef = 4FA2EB2B2D6DE7A1003069CA /* つ.mp3 */; };
		4FA2EB4F2D6DE7A1003069CA /* ん.mp3 in Resources */ = {isa = PBXBuildFile; fileRef = 4FA2EB462D6DE7A1003069CA /* ん.mp3 */; };
		4FA2EB502D6DE7A1003069CA /* え.mp3 in Resources */ = {isa = PBXBuildFile; fileRef = 4FA2EB1D2D6DE7A1003069CA /* え.mp3 */; };
		4FA2EB512D6DE7A1003069CA /* き.mp3 in Resources */ = {isa = PBXBuildFile; fileRef = 4FA2EB202D6DE7A1003069CA /* き.mp3 */; };
		4FA2EB522D6DE7A1003069CA /* ほ.mp3 in Resources */ = {isa = PBXBuildFile; fileRef = 4FA2EB372D6DE7A1003069CA /* ほ.mp3 */; };
		4FA2EB532D6DE7A1003069CA /* て.mp3 in Resources */ = {isa = PBXBuildFile; fileRef = 4FA2EB2C2D6DE7A1003069CA /* て.mp3 */; };
		4FA2EB542D6DE7A1003069CA /* ら.mp3 in Resources */ = {isa = PBXBuildFile; fileRef = 4FA2EB402D6DE7A1003069CA /* ら.mp3 */; };
		4FA2EB552D6DE7A1003069CA /* と.mp3 in Resources */ = {isa = PBXBuildFile; fileRef = 4FA2EB2D2D6DE7A1003069CA /* と.mp3 */; };
		4FA2EB562D6DE7A1003069CA /* せ.mp3 in Resources */ = {isa = PBXBuildFile; fileRef = 4FA2EB272D6DE7A1003069CA /* せ.mp3 */; };
		4FA2EB572D6DE7A1003069CA /* な.mp3 in Resources */ = {isa = PBXBuildFile; fileRef = 4FA2EB2E2D6DE7A1003069CA /* な.mp3 */; };
		4FA2EB582D6DE7A1003069CA /* い.mp3 in Resources */ = {isa = PBXBuildFile; fileRef = 4FA2EB1B2D6DE7A1003069CA /* い.mp3 */; };
		4FA2EB592D6DE7A1003069CA /* め.mp3 in Resources */ = {isa = PBXBuildFile; fileRef = 4FA2EB3B2D6DE7A1003069CA /* め.mp3 */; };
		4FA2EB5A2D6DE7A1003069CA /* む.mp3 in Resources */ = {isa = PBXBuildFile; fileRef = 4FA2EB3A2D6DE7A1003069CA /* む.mp3 */; };
		4FA2EB5B2D6DE7A1003069CA /* あ.mp3 in Resources */ = {isa = PBXBuildFile; fileRef = 4FA2EB1A2D6DE7A1003069CA /* あ.mp3 */; };
		4FA2EB5C2D6DE7A1003069CA /* る.mp3 in Resources */ = {isa = PBXBuildFile; fileRef = 4FA2EB422D6DE7A1003069CA /* る.mp3 */; };
		4FA2EB5D2D6DE7A1003069CA /* ろ.mp3 in Resources */ = {isa = PBXBuildFile; fileRef = 4FA2EB442D6DE7A1003069CA /* ろ.mp3 */; };
		4FA2EB5E2D6DE7A1003069CA /* し.mp3 in Resources */ = {isa = PBXBuildFile; fileRef = 4FA2EB252D6DE7A1003069CA /* し.mp3 */; };
		4FA2EB5F2D6DE7A1003069CA /* も.mp3 in Resources */ = {isa = PBXBuildFile; fileRef = 4FA2EB3C2D6DE7A1003069CA /* も.mp3 */; };
		4FA2EB602D6DE7A1003069CA /* わ.mp3 in Resources */ = {isa = PBXBuildFile; fileRef = 4FA2EB452D6DE7A1003069CA /* わ.mp3 */; };
		4FA2EB612D6DE7A1003069CA /* か.mp3 in Resources */ = {isa = PBXBuildFile; fileRef = 4FA2EB1F2D6DE7A1003069CA /* か.mp3 */; };
		4FA2EB622D6DE7A1003069CA /* く.mp3 in Resources */ = {isa = PBXBuildFile; fileRef = 4FA2EB212D6DE7A1003069CA /* く.mp3 */; };
		4FA2EB632D6DE7A1003069CA /* け.mp3 in Resources */ = {isa = PBXBuildFile; fileRef = 4FA2EB222D6DE7A1003069CA /* け.mp3 */; };
		4FA2EB642D6DE7A1003069CA /* こ.mp3 in Resources */ = {isa = PBXBuildFile; fileRef = 4FA2EB232D6DE7A1003069CA /* こ.mp3 */; };
		4FA2EB652D6DE7A1003069CA /* そ.mp3 in Resources */ = {isa = PBXBuildFile; fileRef = 4FA2EB282D6DE7A1003069CA /* そ.mp3 */; };
		4FA2EB662D6DE7A1003069CA /* ち.mp3 in Resources */ = {isa = PBXBuildFile; fileRef = 4FA2EB2A2D6DE7A1003069CA /* ち.mp3 */; };
		4FA2EB672D6DE7A1003069CA /* ぬ.mp3 in Resources */ = {isa = PBXBuildFile; fileRef = 4FA2EB302D6DE7A1003069CA /* ぬ.mp3 */; };
		4FA2EB682D6DE7A1003069CA /* に.mp3 in Resources */ = {isa = PBXBuildFile; fileRef = 4FA2EB2F2D6DE7A1003069CA /* に.mp3 */; };
		4FA2EB692D6DE7A1003069CA /* は.mp3 in Resources */ = {isa = PBXBuildFile; fileRef = 4FA2EB332D6DE7A1003069CA /* は.mp3 */; };
		4FA2EB6A2D6DE7A1003069CA /* ふ.mp3 in Resources */ = {isa = PBXBuildFile; fileRef = 4FA2EB352D6DE7A1003069CA /* ふ.mp3 */; };
		4FA2EB6B2D6DE7A1003069CA /* や.mp3 in Resources */ = {isa = PBXBuildFile; fileRef = 4FA2EB3D2D6DE7A1003069CA /* や.mp3 */; };
		4FA2EB6C2D6DE7A1003069CA /* う.mp3 in Resources */ = {isa = PBXBuildFile; fileRef = 4FA2EB1C2D6DE7A1003069CA /* う.mp3 */; };
		4FA2EB6D2D6DE7A1003069CA /* み.mp3 in Resources */ = {isa = PBXBuildFile; fileRef = 4FA2EB392D6DE7A1003069CA /* み.mp3 */; };
		4FA2EB6E2D6DE7A1003069CA /* ゆ.mp3 in Resources */ = {isa = PBXBuildFile; fileRef = 4FA2EB3E2D6DE7A1003069CA /* ゆ.mp3 */; };
		4FA2EB6F2D6DE7A1003069CA /* れ.mp3 in Resources */ = {isa = PBXBuildFile; fileRef = 4FA2EB432D6DE7A1003069CA /* れ.mp3 */; };
		4FA2EB702D6DE7A1003069CA /* さ.mp3 in Resources */ = {isa = PBXBuildFile; fileRef = 4FA2EB242D6DE7A1003069CA /* さ.mp3 */; };
		4FA2EB712D6DE7A1003069CA /* ま.mp3 in Resources */ = {isa = PBXBuildFile; fileRef = 4FA2EB382D6DE7A1003069CA /* ま.mp3 */; };
		4FA2EB722D6DE7A1003069CA /* り.mp3 in Resources */ = {isa = PBXBuildFile; fileRef = 4FA2EB412D6DE7A1003069CA /* り.mp3 */; };
		4FA2EB732D6DE7A1003069CA /* す.mp3 in Resources */ = {isa = PBXBuildFile; fileRef = 4FA2EB262D6DE7A1003069CA /* す.mp3 */; };
		4FA2EB812D6DE838003069CA /* にく.mp3 in Resources */ = {isa = PBXBuildFile; fileRef = 4FA2EB782D6DE838003069CA /* にく.mp3 */; };
		4FA2EB822D6DE838003069CA /* やま.mp3 in Resources */ = {isa = PBXBuildFile; fileRef = 4FA2EB7E2D6DE838003069CA /* やま.mp3 */; };
		4FA2EB832D6DE838003069CA /* よむ.mp3 in Resources */ = {isa = PBXBuildFile; fileRef = 4FA2EB7F2D6DE838003069CA /* よむ.mp3 */; };
		4FA2EB842D6DE838003069CA /* さる.mp3 in Resources */ = {isa = PBXBuildFile; fileRef = 4FA2EB752D6DE838003069CA /* さる.mp3 */; };
		4FA2EB852D6DE838003069CA /* ほん.mp3 in Resources */ = {isa = PBXBuildFile; fileRef = 4FA2EB7C2D6DE838003069CA /* ほん.mp3 */; };
		4FA2EB862D6DE838003069CA /* せみ.mp3 in Resources */ = {isa = PBXBuildFile; fileRef = 4FA2EB772D6DE838003069CA /* せみ.mp3 */; };
		4FA2EB872D6DE838003069CA /* あめ.mp3 in Resources */ = {isa = PBXBuildFile; fileRef = 4FA2EB742D6DE838003069CA /* あめ.mp3 */; };
		4FA2EB882D6DE838003069CA /* よる.mp3 in Resources */ = {isa = PBXBuildFile; fileRef = 4FA2EB802D6DE838003069CA /* よる.mp3 */; };
		4FA2EB892D6DE838003069CA /* すず.mp3 in Resources */ = {isa = PBXBuildFile; fileRef = 4FA2EB762D6DE838003069CA /* すず.mp3 */; };
		4FA2EB8A2D6DE838003069CA /* へび.mp3 in Resources */ = {isa = PBXBuildFile; fileRef = 4FA2EB7B2D6DE838003069CA /* へび.mp3 */; };
		4FA2EB8B2D6DE838003069CA /* ねこ.mp3 in Resources */ = {isa = PBXBuildFile; fileRef = 4FA2EB792D6DE838003069CA /* ねこ.mp3 */; };
		4FA2EB8C2D6DE838003069CA /* ふゆ.mp3 in Resources */ = {isa = PBXBuildFile; fileRef = 4FA2EB7A2D6DE838003069CA /* ふゆ.mp3 */; };
		4FA2EB8D2D6DE838003069CA /* もも.mp3 in Resources */ = {isa = PBXBuildFile; fileRef = 4FA2EB7D2D6DE838003069CA /* もも.mp3 */; };
		4FA2EB8F2D6DE847003069CA /* いぬ.mp3 in Resources */ = {isa = PBXBuildFile; fileRef = 4FA2EB8E2D6DE847003069CA /* いぬ.mp3 */; };
		4FA2EBA92D6DEB84003069CA /* むし.mp3 in Resources */ = {isa = PBXBuildFile; fileRef = 4FA2EBA82D6DEB84003069CA /* むし.mp3 */; };
		4FA2EBAB2D6DECFA003069CA /* てぶくろ.png in Resources */ = {isa = PBXBuildFile; fileRef = 4FA2EBAA2D6DECFA003069CA /* てぶくろ.png */; };
		4FA2EBAD2D6DEDDB003069CA /* おばけ.png in Resources */ = {isa = PBXBuildFile; fileRef = 4FA2EBAC2D6DEDDB003069CA /* おばけ.png */; };
		4FA2EBB02D6DEE57003069CA /* くつした.png in Resources */ = {isa = PBXBuildFile; fileRef = 4FA2EBAE2D6DEE57003069CA /* くつした.png */; };
		4FA2EBB12D6DEE57003069CA /* にわとり.png in Resources */ = {isa = PBXBuildFile; fileRef = 4FA2EBAF2D6DEE57003069CA /* にわとり.png */; };
		4FA2EBB62D6DEE9E003069CA /* おかね.mp3 in Resources */ = {isa = PBXBuildFile; fileRef = 4FA2EBB32D6DEE9E003069CA /* おかね.mp3 */; };
		4FA2EBB72D6DEE9E003069CA /* とけい.mp3 in Resources */ = {isa = PBXBuildFile; fileRef = 4FA2EBB52D6DEE9E003069CA /* とけい.mp3 */; };
		4FA2EBB82D6DEE9E003069CA /* おかし.mp3 in Resources */ = {isa = PBXBuildFile; fileRef = 4FA2EBB22D6DEE9E003069CA /* おかし.mp3 */; };
		4FA2EBB92D6DEE9E003069CA /* てれび.mp3 in Resources */ = {isa = PBXBuildFile; fileRef = 4FA2EBB42D6DEE9E003069CA /* てれび.mp3 */; };
		4FA2EBCE2D6DEF03003069CA /* かみなり.mp3 in Resources */ = {isa = PBXBuildFile; fileRef = 4FA2EBBE2D6DEF03003069CA /* かみなり.mp3 */; };
		4FA2EBCF2D6DEF03003069CA /* はなび.mp3 in Resources */ = {isa = PBXBuildFile; fileRef = 4FA2EBC92D6DEF03003069CA /* はなび.mp3 */; };
		4FA2EBD02D6DEF03003069CA /* えんぴつ.mp3 in Resources */ = {isa = PBXBuildFile; fileRef = 4FA2EBBC2D6DEF03003069CA /* えんぴつ.mp3 */; };
		4FA2EBD12D6DEF03003069CA /* ひまわり.mp3 in Resources */ = {isa = PBXBuildFile; fileRef = 4FA2EBCA2D6DEF03003069CA /* ひまわり.mp3 */; };
		4FA2EBD22D6DEF03003069CA /* からす.mp3 in Resources */ = {isa = PBXBuildFile; fileRef = 4FA2EBBF2D6DEF03003069CA /* からす.mp3 */; };
		4FA2EBD32D6DEF03003069CA /* そうじき.mp3 in Resources */ = {isa = PBXBuildFile; fileRef = 4FA2EBC32D6DEF03003069CA /* そうじき.mp3 */; };
		4FA2EBD42D6DEF03003069CA /* のみもの.mp3 in Resources */ = {isa = PBXBuildFile; fileRef = 4FA2EBC82D6DEF03003069CA /* のみもの.mp3 */; };
		4FA2EBD52D6DEF03003069CA /* くつした.mp3 in Resources */ = {isa = PBXBuildFile; fileRef = 4FA2EBC02D6DEF03003069CA /* くつした.mp3 */; };
		4FA2EBD62D6DEF03003069CA /* おばけ.mp3 in Resources */ = {isa = PBXBuildFile; fileRef = 4FA2EBBD2D6DEF03003069CA /* おばけ.mp3 */; };
		4FA2EBD72D6DEF03003069CA /* あおぞら.mp3 in Resources */ = {isa = PBXBuildFile; fileRef = 4FA2EBBA2D6DEF03003069CA /* あおぞら.mp3 */; };
		4FA2EBD82D6DEF03003069CA /* といれ.mp3 in Resources */ = {isa = PBXBuildFile; fileRef = 4FA2EBC62D6DEF03003069CA /* といれ.mp3 */; };
		4FA2EBD92D6DEF03003069CA /* うんち.mp3 in Resources */ = {isa = PBXBuildFile; fileRef = 4FA2EBBB2D6DEF03003069CA /* うんち.mp3 */; };
		4FA2EBDA2D6DEF03003069CA /* じしん.mp3 in Resources */ = {isa = PBXBuildFile; fileRef = 4FA2EBC22D6DEF03003069CA /* じしん.mp3 */; };
		4FA2EBDB2D6DEF03003069CA /* たきび.mp3 in Resources */ = {isa = PBXBuildFile; fileRef = 4FA2EBC42D6DEF03003069CA /* たきび.mp3 */; };
		4FA2EBDC2D6DEF03003069CA /* にわとり.mp3 in Resources */ = {isa = PBXBuildFile; fileRef = 4FA2EBC72D6DEF03003069CA /* にわとり.mp3 */; };
		4FA2EBDD2D6DEF03003069CA /* ほうせき.mp3 in Resources */ = {isa = PBXBuildFile; fileRef = 4FA2EBCC2D6DEF03003069CA /* ほうせき.mp3 */; };
		4FA2EBDE2D6DEF03003069CA /* ふうりん.mp3 in Resources */ = {isa = PBXBuildFile; fileRef = 4FA2EBCB2D6DEF03003069CA /* ふうりん.mp3 */; };
		4FA2EBDF2D6DEF03003069CA /* こうえん.mp3 in Resources */ = {isa = PBXBuildFile; fileRef = 4FA2EBC12D6DEF03003069CA /* こうえん.mp3 */; };
		4FA2EBE02D6DEF03003069CA /* やさい.mp3 in Resources */ = {isa = PBXBuildFile; fileRef = 4FA2EBCD2D6DEF03003069CA /* やさい.mp3 */; };
		4FA2EBE12D6DEF03003069CA /* てぶくろ.mp3 in Resources */ = {isa = PBXBuildFile; fileRef = 4FA2EBC52D6DEF03003069CA /* てぶくろ.mp3 */; };
		4FA2EBE32D6DF33F003069CA /* さる.csv in Resources */ = {isa = PBXBuildFile; fileRef = 4FA2EBE22D6DF33F003069CA /* さる.csv */; };
		4FA2EDDD2D6E86D3003069CA /* 12.csv in Resources */ = {isa = PBXBuildFile; fileRef = 4FA2EDDC2D6E86D3003069CA /* 12.csv */; };
		889E6CB5C8231E5AEE69CF98 /* Pods_WordReading4.framework in Frameworks */ = {isa = PBXBuildFile; fileRef = 48E1DA2FDB33D5248F2A8B4B /* Pods_WordReading4.framework */; };
/* End PBXBuildFile section */

/* Begin PBXFileReference section */
		48E1DA2FDB33D5248F2A8B4B /* Pods_WordReading4.framework */ = {isa = PBXFileReference; explicitFileType = wrapper.framework; includeInIndex = 0; path = Pods_WordReading4.framework; sourceTree = BUILT_PRODUCTS_DIR; };
		4F1DBC9F2D66E87C00F7DCE8 /* Select2WordViewController.swift */ = {isa = PBXFileReference; lastKnownFileType = sourcecode.swift; path = Select2WordViewController.swift; sourceTree = "<group>"; };
		4F1DBCA12D66EAE500F7DCE8 /* Ssp2WordViewController.swift */ = {isa = PBXFileReference; lastKnownFileType = sourcecode.swift; path = Ssp2WordViewController.swift; sourceTree = "<group>"; };
		4F1DBCA32D670C1000F7DCE8 /* あめ.csv */ = {isa = PBXFileReference; lastKnownFileType = text; path = "あめ.csv"; sourceTree = "<group>"; };
		4F1DBCA72D6713F300F7DCE8 /* あめ.png */ = {isa = PBXFileReference; lastKnownFileType = image.png; path = "あめ.png"; sourceTree = "<group>"; };
		4F1DBCAB2D683BC100F7DCE8 /* SelectQuizViewController.swift */ = {isa = PBXFileReference; lastKnownFileType = sourcecode.swift; path = SelectQuizViewController.swift; sourceTree = "<group>"; };
		4F1DBCAD2D69AF2E00F7DCE8 /* PersonalHistoryViewController.swift */ = {isa = PBXFileReference; lastKnownFileType = sourcecode.swift; path = PersonalHistoryViewController.swift; sourceTree = "<group>"; };
		4F1DBCAF2D69C02800F7DCE8 /* QuizViewController.swift */ = {isa = PBXFileReference; lastKnownFileType = sourcecode.swift; path = QuizViewController.swift; sourceTree = "<group>"; };
		4F1DBCB12D69CB8300F7DCE8 /* 14.csv */ = {isa = PBXFileReference; lastKnownFileType = text; path = 14.csv; sourceTree = "<group>"; };
		4F1DBCB32D69DB4300F7DCE8 /* SelectCharacterLengthViewController.swift */ = {isa = PBXFileReference; lastKnownFileType = sourcecode.swift; path = SelectCharacterLengthViewController.swift; sourceTree = "<group>"; };
		4F25BF9E2C8FD8FB00939AF7 /* WordReading4.app */ = {isa = PBXFileReference; explicitFileType = wrapper.application; includeInIndex = 0; path = WordReading4.app; sourceTree = BUILT_PRODUCTS_DIR; };
		4F25BFA12C8FD8FB00939AF7 /* AppDelegate.swift */ = {isa = PBXFileReference; lastKnownFileType = sourcecode.swift; path = AppDelegate.swift; sourceTree = "<group>"; };
		4F25BFA32C8FD8FB00939AF7 /* SceneDelegate.swift */ = {isa = PBXFileReference; lastKnownFileType = sourcecode.swift; path = SceneDelegate.swift; sourceTree = "<group>"; };
		4F25BFA52C8FD8FB00939AF7 /* StartViewController.swift */ = {isa = PBXFileReference; lastKnownFileType = sourcecode.swift; path = StartViewController.swift; sourceTree = "<group>"; };
		4F25BFA82C8FD8FB00939AF7 /* Base */ = {isa = PBXFileReference; lastKnownFileType = file.storyboard; name = Base; path = Base.lproj/Main.storyboard; sourceTree = "<group>"; };
		4F25BFAA2C8FD8FD00939AF7 /* Assets.xcassets */ = {isa = PBXFileReference; lastKnownFileType = folder.assetcatalog; path = Assets.xcassets; sourceTree = "<group>"; };
		4F25BFAD2C8FD8FD00939AF7 /* Base */ = {isa = PBXFileReference; lastKnownFileType = file.storyboard; name = Base; path = Base.lproj/LaunchScreen.storyboard; sourceTree = "<group>"; };
		4F25BFAF2C8FD8FD00939AF7 /* Info.plist */ = {isa = PBXFileReference; lastKnownFileType = text.plist.xml; path = Info.plist; sourceTree = "<group>"; };
		4F25BFB52C8FE2C900939AF7 /* Ssp3WordViewController.swift */ = {isa = PBXFileReference; lastKnownFileType = sourcecode.swift; path = Ssp3WordViewController.swift; sourceTree = "<group>"; };
		4F25BFB72C8FE3BC00939AF7 /* LastViewController.swift */ = {isa = PBXFileReference; lastKnownFileType = sourcecode.swift; path = LastViewController.swift; sourceTree = "<group>"; };
		4F25BFB92C8FE70B00939AF7 /* はなび.csv */ = {isa = PBXFileReference; lastKnownFileType = text; path = "はなび.csv"; sourceTree = "<group>"; };
		4F25BFBB2C90096000939AF7 /* Select3WordViewController.swift */ = {isa = PBXFileReference; lastKnownFileType = sourcecode.swift; path = Select3WordViewController.swift; sourceTree = "<group>"; };
		4F25BFBD2C9024DD00939AF7 /* おかね.csv */ = {isa = PBXFileReference; lastKnownFileType = text; path = "おかね.csv"; sourceTree = "<group>"; };
		4F25BFBF2C90254E00939AF7 /* おかし.csv */ = {isa = PBXFileReference; lastKnownFileType = text; path = "おかし.csv"; sourceTree = "<group>"; };
		4F25BFC02C90255200939AF7 /* とけい.csv */ = {isa = PBXFileReference; lastKnownFileType = text; path = "とけい.csv"; sourceTree = "<group>"; };
		4F25BFC12C90255300939AF7 /* てれび.csv */ = {isa = PBXFileReference; lastKnownFileType = text; path = "てれび.csv"; sourceTree = "<group>"; };
		4F25BFC32C90255500939AF7 /* たきび.csv */ = {isa = PBXFileReference; lastKnownFileType = text; path = "たきび.csv"; sourceTree = "<group>"; };
		4F25BFC42C90255700939AF7 /* からす.csv */ = {isa = PBXFileReference; lastKnownFileType = text; path = "からす.csv"; sourceTree = "<group>"; };
		4F25BFC52C90255800939AF7 /* うんち.csv */ = {isa = PBXFileReference; lastKnownFileType = text; path = "うんち.csv"; sourceTree = "<group>"; };
		4F25BFC62C90255900939AF7 /* やさい.csv */ = {isa = PBXFileReference; lastKnownFileType = text; path = "やさい.csv"; sourceTree = "<group>"; };
		4F25BFC82C90265B00939AF7 /* といれ.csv */ = {isa = PBXFileReference; lastKnownFileType = text; path = "といれ.csv"; sourceTree = "<group>"; };
		4F25BFC92C90265D00939AF7 /* おばけ.csv */ = {isa = PBXFileReference; lastKnownFileType = text; path = "おばけ.csv"; sourceTree = "<group>"; };
		4F25BFCA2C90265F00939AF7 /* じしん.csv */ = {isa = PBXFileReference; lastKnownFileType = text; path = "じしん.csv"; sourceTree = "<group>"; };
		4F25C0352C910FD800939AF7 /* Select4WordViewController.swift */ = {isa = PBXFileReference; lastKnownFileType = sourcecode.swift; path = Select4WordViewController.swift; sourceTree = "<group>"; };
		4F25C0372C91101000939AF7 /* Ssp4WordViewController.swift */ = {isa = PBXFileReference; lastKnownFileType = sourcecode.swift; path = Ssp4WordViewController.swift; sourceTree = "<group>"; };
		4F25C03B2C912B8100939AF7 /* SelectViewController.swift */ = {isa = PBXFileReference; lastKnownFileType = sourcecode.swift; path = SelectViewController.swift; sourceTree = "<group>"; };
		4F25C03D2C913AE400939AF7 /* くつした.csv */ = {isa = PBXFileReference; lastKnownFileType = text; path = "くつした.csv"; sourceTree = "<group>"; };
		4F25C03E2C913B1F00939AF7 /* のみもの.csv */ = {isa = PBXFileReference; lastKnownFileType = text; path = "のみもの.csv"; sourceTree = "<group>"; };
		4F25C03F2C913B2200939AF7 /* ほうせき.csv */ = {isa = PBXFileReference; lastKnownFileType = text; path = "ほうせき.csv"; sourceTree = "<group>"; };
		4F25C0402C913B2400939AF7 /* てぶくろ.csv */ = {isa = PBXFileReference; lastKnownFileType = text; path = "てぶくろ.csv"; sourceTree = "<group>"; };
		4F25C0412C913B2B00939AF7 /* むし.csv */ = {isa = PBXFileReference; lastKnownFileType = text; path = "むし.csv"; sourceTree = "<group>"; };
		4F25C0422C913B3000939AF7 /* そうじき.csv */ = {isa = PBXFileReference; lastKnownFileType = text; path = "そうじき.csv"; sourceTree = "<group>"; };
		4F25C0432C913B3000939AF7 /* すず.csv */ = {isa = PBXFileReference; lastKnownFileType = text; path = "すず.csv"; sourceTree = "<group>"; };
		4F25C0442C913B3000939AF7 /* ひまわり.csv */ = {isa = PBXFileReference; lastKnownFileType = text; path = "ひまわり.csv"; sourceTree = "<group>"; };
		4F25C0452C913B3000939AF7 /* いぬ.csv */ = {isa = PBXFileReference; lastKnownFileType = text; path = "いぬ.csv"; sourceTree = "<group>"; };
		4F25C0462C913B3000939AF7 /* あおぞら.csv */ = {isa = PBXFileReference; lastKnownFileType = text; path = "あおぞら.csv"; sourceTree = "<group>"; };
		4F25C0472C913B3600939AF7 /* やま.csv */ = {isa = PBXFileReference; lastKnownFileType = text; path = "やま.csv"; sourceTree = "<group>"; };
		4F25C0482C913B3600939AF7 /* へび.csv */ = {isa = PBXFileReference; lastKnownFileType = text; path = "へび.csv"; sourceTree = "<group>"; };
		4F25C0492C913B3600939AF7 /* かみなり.csv */ = {isa = PBXFileReference; lastKnownFileType = text; path = "かみなり.csv"; sourceTree = "<group>"; };
		4F25C04A2C913B3600939AF7 /* ねこ.csv */ = {isa = PBXFileReference; lastKnownFileType = text; path = "ねこ.csv"; sourceTree = "<group>"; };
		4F25C04B2C913B3600939AF7 /* もも.csv */ = {isa = PBXFileReference; lastKnownFileType = text; path = "もも.csv"; sourceTree = "<group>"; };
		4F25C04C2C913B3600939AF7 /* ふうりん.csv */ = {isa = PBXFileReference; lastKnownFileType = text; path = "ふうりん.csv"; sourceTree = "<group>"; };
		4F25C04D2C913B3600939AF7 /* せみ.csv */ = {isa = PBXFileReference; lastKnownFileType = text; path = "せみ.csv"; sourceTree = "<group>"; };
		4F25C04E2C913B3600939AF7 /* こうえん.csv */ = {isa = PBXFileReference; lastKnownFileType = text; path = "こうえん.csv"; sourceTree = "<group>"; };
		4F25C04F2C913B3600939AF7 /* よむ.csv */ = {isa = PBXFileReference; lastKnownFileType = text; path = "よむ.csv"; sourceTree = "<group>"; };
		4F25C0502C913D1900939AF7 /* ほん.csv */ = {isa = PBXFileReference; lastKnownFileType = text; path = "ほん.csv"; sourceTree = "<group>"; };
		4F25C0512C913D1900939AF7 /* にく.csv */ = {isa = PBXFileReference; lastKnownFileType = text; path = "にく.csv"; sourceTree = "<group>"; };
		4F5E17562C91A71E00597A03 /* よる.csv */ = {isa = PBXFileReference; lastKnownFileType = text; path = "よる.csv"; sourceTree = "<group>"; };
		4F75C0272D6A84D600534812 /* ResultViewController.swift */ = {isa = PBXFileReference; lastKnownFileType = sourcecode.swift; path = ResultViewController.swift; sourceTree = "<group>"; };
		4F75C0292D6A96BC00534812 /* まる.png */ = {isa = PBXFileReference; lastKnownFileType = image.png; path = "まる.png"; sourceTree = "<group>"; };
		4F75C02B2D6A99F400534812 /* ばつ.png */ = {isa = PBXFileReference; lastKnownFileType = image.png; path = "ばつ.png"; sourceTree = "<group>"; };
		4F75C02D2D6AAB2F00534812 /* QuizResult.swift */ = {isa = PBXFileReference; lastKnownFileType = sourcecode.swift; path = QuizResult.swift; sourceTree = "<group>"; };
		4FA2E8602D6D6F50003069CA /* 13.csv */ = {isa = PBXFileReference; lastKnownFileType = text; path = 13.csv; sourceTree = "<group>"; };
		4FA2E8622D6DA81C003069CA /* あおぞら.png */ = {isa = PBXFileReference; lastKnownFileType = image.png; path = "あおぞら.png"; sourceTree = "<group>"; };
		4FA2E8632D6DA81C003069CA /* いぬ.png */ = {isa = PBXFileReference; lastKnownFileType = image.png; path = "いぬ.png"; sourceTree = "<group>"; };
		4FA2E8642D6DA81C003069CA /* うんち.png */ = {isa = PBXFileReference; lastKnownFileType = image.png; path = "うんち.png"; sourceTree = "<group>"; };
		4FA2E8652D6DA81C003069CA /* えんぴつ.png */ = {isa = PBXFileReference; lastKnownFileType = image.png; path = "えんぴつ.png"; sourceTree = "<group>"; };
		4FA2E8662D6DA81C003069CA /* おかし.png */ = {isa = PBXFileReference; lastKnownFileType = image.png; path = "おかし.png"; sourceTree = "<group>"; };
		4FA2E8672D6DA81C003069CA /* おかね.png */ = {isa = PBXFileReference; lastKnownFileType = image.png; path = "おかね.png"; sourceTree = "<group>"; };
		4FA2E8692D6DA81C003069CA /* かみなり.png */ = {isa = PBXFileReference; lastKnownFileType = image.png; path = "かみなり.png"; sourceTree = "<group>"; };
		4FA2E86A2D6DA81C003069CA /* からす.png */ = {isa = PBXFileReference; lastKnownFileType = image.png; path = "からす.png"; sourceTree = "<group>"; };
		4FA2E86C2D6DA81C003069CA /* こうえん.png */ = {isa = PBXFileReference; lastKnownFileType = image.png; path = "こうえん.png"; sourceTree = "<group>"; };
		4FA2E86D2D6DA81C003069CA /* さる.png */ = {isa = PBXFileReference; lastKnownFileType = image.png; path = "さる.png"; sourceTree = "<group>"; };
		4FA2E86E2D6DA81C003069CA /* じしん.png */ = {isa = PBXFileReference; lastKnownFileType = image.png; path = "じしん.png"; sourceTree = "<group>"; };
		4FA2E86F2D6DA81C003069CA /* すず.png */ = {isa = PBXFileReference; lastKnownFileType = image.png; path = "すず.png"; sourceTree = "<group>"; };
		4FA2E8702D6DA81C003069CA /* せみ.png */ = {isa = PBXFileReference; lastKnownFileType = image.png; path = "せみ.png"; sourceTree = "<group>"; };
		4FA2E8712D6DA81C003069CA /* そうじき.png */ = {isa = PBXFileReference; lastKnownFileType = image.png; path = "そうじき.png"; sourceTree = "<group>"; };
		4FA2E8722D6DA81C003069CA /* たきび.png */ = {isa = PBXFileReference; lastKnownFileType = image.png; path = "たきび.png"; sourceTree = "<group>"; };
		4FA2E8742D6DA81C003069CA /* てれび.png */ = {isa = PBXFileReference; lastKnownFileType = image.png; path = "てれび.png"; sourceTree = "<group>"; };
		4FA2E8752D6DA81C003069CA /* といれ.png */ = {isa = PBXFileReference; lastKnownFileType = image.png; path = "といれ.png"; sourceTree = "<group>"; };
		4FA2E8762D6DA81C003069CA /* とけい.png */ = {isa = PBXFileReference; lastKnownFileType = image.png; path = "とけい.png"; sourceTree = "<group>"; };
		4FA2E8772D6DA81C003069CA /* にく.png */ = {isa = PBXFileReference; lastKnownFileType = image.png; path = "にく.png"; sourceTree = "<group>"; };
		4FA2E8792D6DA81C003069CA /* ねこ.png */ = {isa = PBXFileReference; lastKnownFileType = image.png; path = "ねこ.png"; sourceTree = "<group>"; };
		4FA2E87A2D6DA81C003069CA /* のみもの.png */ = {isa = PBXFileReference; lastKnownFileType = image.png; path = "のみもの.png"; sourceTree = "<group>"; };
		4FA2E87B2D6DA81C003069CA /* はなび.png */ = {isa = PBXFileReference; lastKnownFileType = image.png; path = "はなび.png"; sourceTree = "<group>"; };
		4FA2E87C2D6DA81C003069CA /* ひまわり.png */ = {isa = PBXFileReference; lastKnownFileType = image.png; path = "ひまわり.png"; sourceTree = "<group>"; };
		4FA2E87D2D6DA81C003069CA /* ふうりん.png */ = {isa = PBXFileReference; lastKnownFileType = image.png; path = "ふうりん.png"; sourceTree = "<group>"; };
		4FA2E87E2D6DA81C003069CA /* ふゆ.png */ = {isa = PBXFileReference; lastKnownFileType = image.png; path = "ふゆ.png"; sourceTree = "<group>"; };
		4FA2E87F2D6DA81C003069CA /* へび.png */ = {isa = PBXFileReference; lastKnownFileType = image.png; path = "へび.png"; sourceTree = "<group>"; };
		4FA2E8802D6DA81C003069CA /* ほうせき.png */ = {isa = PBXFileReference; lastKnownFileType = image.png; path = "ほうせき.png"; sourceTree = "<group>"; };
		4FA2E8812D6DA81C003069CA /* ほん.png */ = {isa = PBXFileReference; lastKnownFileType = image.png; path = "ほん.png"; sourceTree = "<group>"; };
		4FA2E8822D6DA81C003069CA /* むし.png */ = {isa = PBXFileReference; lastKnownFileType = image.png; path = "むし.png"; sourceTree = "<group>"; };
		4FA2E8832D6DA81C003069CA /* もも.png */ = {isa = PBXFileReference; lastKnownFileType = image.png; path = "もも.png"; sourceTree = "<group>"; };
		4FA2E8842D6DA81C003069CA /* やさい.png */ = {isa = PBXFileReference; lastKnownFileType = image.png; path = "やさい.png"; sourceTree = "<group>"; };
		4FA2E8852D6DA81C003069CA /* やま.png */ = {isa = PBXFileReference; lastKnownFileType = image.png; path = "やま.png"; sourceTree = "<group>"; };
		4FA2E8862D6DA81C003069CA /* よむ.png */ = {isa = PBXFileReference; lastKnownFileType = image.png; path = "よむ.png"; sourceTree = "<group>"; };
		4FA2E8872D6DA81C003069CA /* よる.png */ = {isa = PBXFileReference; lastKnownFileType = image.png; path = "よる.png"; sourceTree = "<group>"; };
		4FA2E8AE2D6DAAC5003069CA /* ふゆ.csv */ = {isa = PBXFileReference; lastKnownFileType = text; path = "ふゆ.csv"; sourceTree = "<group>"; };
		4FA2EB1A2D6DE7A1003069CA /* あ.mp3 */ = {isa = PBXFileReference; lastKnownFileType = audio.mp3; path = "あ.mp3"; sourceTree = "<group>"; };
		4FA2EB1B2D6DE7A1003069CA /* い.mp3 */ = {isa = PBXFileReference; lastKnownFileType = audio.mp3; path = "い.mp3"; sourceTree = "<group>"; };
		4FA2EB1C2D6DE7A1003069CA /* う.mp3 */ = {isa = PBXFileReference; lastKnownFileType = audio.mp3; path = "う.mp3"; sourceTree = "<group>"; };
		4FA2EB1D2D6DE7A1003069CA /* え.mp3 */ = {isa = PBXFileReference; lastKnownFileType = audio.mp3; path = "え.mp3"; sourceTree = "<group>"; };
		4FA2EB1E2D6DE7A1003069CA /* お.mp3 */ = {isa = PBXFileReference; lastKnownFileType = audio.mp3; path = "お.mp3"; sourceTree = "<group>"; };
		4FA2EB1F2D6DE7A1003069CA /* か.mp3 */ = {isa = PBXFileReference; lastKnownFileType = audio.mp3; path = "か.mp3"; sourceTree = "<group>"; };
		4FA2EB202D6DE7A1003069CA /* き.mp3 */ = {isa = PBXFileReference; lastKnownFileType = audio.mp3; path = "き.mp3"; sourceTree = "<group>"; };
		4FA2EB212D6DE7A1003069CA /* く.mp3 */ = {isa = PBXFileReference; lastKnownFileType = audio.mp3; path = "く.mp3"; sourceTree = "<group>"; };
		4FA2EB222D6DE7A1003069CA /* け.mp3 */ = {isa = PBXFileReference; lastKnownFileType = audio.mp3; path = "け.mp3"; sourceTree = "<group>"; };
		4FA2EB232D6DE7A1003069CA /* こ.mp3 */ = {isa = PBXFileReference; lastKnownFileType = audio.mp3; path = "こ.mp3"; sourceTree = "<group>"; };
		4FA2EB242D6DE7A1003069CA /* さ.mp3 */ = {isa = PBXFileReference; lastKnownFileType = audio.mp3; path = "さ.mp3"; sourceTree = "<group>"; };
		4FA2EB252D6DE7A1003069CA /* し.mp3 */ = {isa = PBXFileReference; lastKnownFileType = audio.mp3; path = "し.mp3"; sourceTree = "<group>"; };
		4FA2EB262D6DE7A1003069CA /* す.mp3 */ = {isa = PBXFileReference; lastKnownFileType = audio.mp3; path = "す.mp3"; sourceTree = "<group>"; };
		4FA2EB272D6DE7A1003069CA /* せ.mp3 */ = {isa = PBXFileReference; lastKnownFileType = audio.mp3; path = "せ.mp3"; sourceTree = "<group>"; };
		4FA2EB282D6DE7A1003069CA /* そ.mp3 */ = {isa = PBXFileReference; lastKnownFileType = audio.mp3; path = "そ.mp3"; sourceTree = "<group>"; };
		4FA2EB292D6DE7A1003069CA /* た.mp3 */ = {isa = PBXFileReference; lastKnownFileType = audio.mp3; path = "た.mp3"; sourceTree = "<group>"; };
		4FA2EB2A2D6DE7A1003069CA /* ち.mp3 */ = {isa = PBXFileReference; lastKnownFileType = audio.mp3; path = "ち.mp3"; sourceTree = "<group>"; };
		4FA2EB2B2D6DE7A1003069CA /* つ.mp3 */ = {isa = PBXFileReference; lastKnownFileType = audio.mp3; path = "つ.mp3"; sourceTree = "<group>"; };
		4FA2EB2C2D6DE7A1003069CA /* て.mp3 */ = {isa = PBXFileReference; lastKnownFileType = audio.mp3; path = "て.mp3"; sourceTree = "<group>"; };
		4FA2EB2D2D6DE7A1003069CA /* と.mp3 */ = {isa = PBXFileReference; lastKnownFileType = audio.mp3; path = "と.mp3"; sourceTree = "<group>"; };
		4FA2EB2E2D6DE7A1003069CA /* な.mp3 */ = {isa = PBXFileReference; lastKnownFileType = audio.mp3; path = "な.mp3"; sourceTree = "<group>"; };
		4FA2EB2F2D6DE7A1003069CA /* に.mp3 */ = {isa = PBXFileReference; lastKnownFileType = audio.mp3; path = "に.mp3"; sourceTree = "<group>"; };
		4FA2EB302D6DE7A1003069CA /* ぬ.mp3 */ = {isa = PBXFileReference; lastKnownFileType = audio.mp3; path = "ぬ.mp3"; sourceTree = "<group>"; };
		4FA2EB312D6DE7A1003069CA /* ね.mp3 */ = {isa = PBXFileReference; lastKnownFileType = audio.mp3; path = "ね.mp3"; sourceTree = "<group>"; };
		4FA2EB322D6DE7A1003069CA /* の.mp3 */ = {isa = PBXFileReference; lastKnownFileType = audio.mp3; path = "の.mp3"; sourceTree = "<group>"; };
		4FA2EB332D6DE7A1003069CA /* は.mp3 */ = {isa = PBXFileReference; lastKnownFileType = audio.mp3; path = "は.mp3"; sourceTree = "<group>"; };
		4FA2EB342D6DE7A1003069CA /* ひ.mp3 */ = {isa = PBXFileReference; lastKnownFileType = audio.mp3; path = "ひ.mp3"; sourceTree = "<group>"; };
		4FA2EB352D6DE7A1003069CA /* ふ.mp3 */ = {isa = PBXFileReference; lastKnownFileType = audio.mp3; path = "ふ.mp3"; sourceTree = "<group>"; };
		4FA2EB362D6DE7A1003069CA /* へ.mp3 */ = {isa = PBXFileReference; lastKnownFileType = audio.mp3; path = "へ.mp3"; sourceTree = "<group>"; };
		4FA2EB372D6DE7A1003069CA /* ほ.mp3 */ = {isa = PBXFileReference; lastKnownFileType = audio.mp3; path = "ほ.mp3"; sourceTree = "<group>"; };
		4FA2EB382D6DE7A1003069CA /* ま.mp3 */ = {isa = PBXFileReference; lastKnownFileType = audio.mp3; path = "ま.mp3"; sourceTree = "<group>"; };
		4FA2EB392D6DE7A1003069CA /* み.mp3 */ = {isa = PBXFileReference; lastKnownFileType = audio.mp3; path = "み.mp3"; sourceTree = "<group>"; };
		4FA2EB3A2D6DE7A1003069CA /* む.mp3 */ = {isa = PBXFileReference; lastKnownFileType = audio.mp3; path = "む.mp3"; sourceTree = "<group>"; };
		4FA2EB3B2D6DE7A1003069CA /* め.mp3 */ = {isa = PBXFileReference; lastKnownFileType = audio.mp3; path = "め.mp3"; sourceTree = "<group>"; };
		4FA2EB3C2D6DE7A1003069CA /* も.mp3 */ = {isa = PBXFileReference; lastKnownFileType = audio.mp3; path = "も.mp3"; sourceTree = "<group>"; };
		4FA2EB3D2D6DE7A1003069CA /* や.mp3 */ = {isa = PBXFileReference; lastKnownFileType = audio.mp3; path = "や.mp3"; sourceTree = "<group>"; };
		4FA2EB3E2D6DE7A1003069CA /* ゆ.mp3 */ = {isa = PBXFileReference; lastKnownFileType = audio.mp3; path = "ゆ.mp3"; sourceTree = "<group>"; };
		4FA2EB3F2D6DE7A1003069CA /* よ.mp3 */ = {isa = PBXFileReference; lastKnownFileType = audio.mp3; path = "よ.mp3"; sourceTree = "<group>"; };
		4FA2EB402D6DE7A1003069CA /* ら.mp3 */ = {isa = PBXFileReference; lastKnownFileType = audio.mp3; path = "ら.mp3"; sourceTree = "<group>"; };
		4FA2EB412D6DE7A1003069CA /* り.mp3 */ = {isa = PBXFileReference; lastKnownFileType = audio.mp3; path = "り.mp3"; sourceTree = "<group>"; };
		4FA2EB422D6DE7A1003069CA /* る.mp3 */ = {isa = PBXFileReference; lastKnownFileType = audio.mp3; path = "る.mp3"; sourceTree = "<group>"; };
		4FA2EB432D6DE7A1003069CA /* れ.mp3 */ = {isa = PBXFileReference; lastKnownFileType = audio.mp3; path = "れ.mp3"; sourceTree = "<group>"; };
		4FA2EB442D6DE7A1003069CA /* ろ.mp3 */ = {isa = PBXFileReference; lastKnownFileType = audio.mp3; path = "ろ.mp3"; sourceTree = "<group>"; };
		4FA2EB452D6DE7A1003069CA /* わ.mp3 */ = {isa = PBXFileReference; lastKnownFileType = audio.mp3; path = "わ.mp3"; sourceTree = "<group>"; };
		4FA2EB462D6DE7A1003069CA /* ん.mp3 */ = {isa = PBXFileReference; lastKnownFileType = audio.mp3; path = "ん.mp3"; sourceTree = "<group>"; };
		4FA2EB742D6DE838003069CA /* あめ.mp3 */ = {isa = PBXFileReference; lastKnownFileType = audio.mp3; path = "あめ.mp3"; sourceTree = "<group>"; };
		4FA2EB752D6DE838003069CA /* さる.mp3 */ = {isa = PBXFileReference; lastKnownFileType = audio.mp3; path = "さる.mp3"; sourceTree = "<group>"; };
		4FA2EB762D6DE838003069CA /* すず.mp3 */ = {isa = PBXFileReference; lastKnownFileType = audio.mp3; path = "すず.mp3"; sourceTree = "<group>"; };
		4FA2EB772D6DE838003069CA /* せみ.mp3 */ = {isa = PBXFileReference; lastKnownFileType = audio.mp3; path = "せみ.mp3"; sourceTree = "<group>"; };
		4FA2EB782D6DE838003069CA /* にく.mp3 */ = {isa = PBXFileReference; lastKnownFileType = audio.mp3; path = "にく.mp3"; sourceTree = "<group>"; };
		4FA2EB792D6DE838003069CA /* ねこ.mp3 */ = {isa = PBXFileReference; lastKnownFileType = audio.mp3; path = "ねこ.mp3"; sourceTree = "<group>"; };
		4FA2EB7A2D6DE838003069CA /* ふゆ.mp3 */ = {isa = PBXFileReference; lastKnownFileType = audio.mp3; path = "ふゆ.mp3"; sourceTree = "<group>"; };
		4FA2EB7B2D6DE838003069CA /* へび.mp3 */ = {isa = PBXFileReference; lastKnownFileType = audio.mp3; path = "へび.mp3"; sourceTree = "<group>"; };
		4FA2EB7C2D6DE838003069CA /* ほん.mp3 */ = {isa = PBXFileReference; lastKnownFileType = audio.mp3; path = "ほん.mp3"; sourceTree = "<group>"; };
		4FA2EB7D2D6DE838003069CA /* もも.mp3 */ = {isa = PBXFileReference; lastKnownFileType = audio.mp3; path = "もも.mp3"; sourceTree = "<group>"; };
		4FA2EB7E2D6DE838003069CA /* やま.mp3 */ = {isa = PBXFileReference; lastKnownFileType = audio.mp3; path = "やま.mp3"; sourceTree = "<group>"; };
		4FA2EB7F2D6DE838003069CA /* よむ.mp3 */ = {isa = PBXFileReference; lastKnownFileType = audio.mp3; path = "よむ.mp3"; sourceTree = "<group>"; };
		4FA2EB802D6DE838003069CA /* よる.mp3 */ = {isa = PBXFileReference; lastKnownFileType = audio.mp3; path = "よる.mp3"; sourceTree = "<group>"; };
		4FA2EB8E2D6DE847003069CA /* いぬ.mp3 */ = {isa = PBXFileReference; lastKnownFileType = audio.mp3; path = "いぬ.mp3"; sourceTree = "<group>"; };
		4FA2EBA82D6DEB84003069CA /* むし.mp3 */ = {isa = PBXFileReference; lastKnownFileType = audio.mp3; path = "むし.mp3"; sourceTree = "<group>"; };
		4FA2EBAA2D6DECFA003069CA /* てぶくろ.png */ = {isa = PBXFileReference; lastKnownFileType = image.png; path = "てぶくろ.png"; sourceTree = "<group>"; };
		4FA2EBAC2D6DEDDB003069CA /* おばけ.png */ = {isa = PBXFileReference; lastKnownFileType = image.png; path = "おばけ.png"; sourceTree = "<group>"; };
		4FA2EBAE2D6DEE57003069CA /* くつした.png */ = {isa = PBXFileReference; lastKnownFileType = image.png; path = "くつした.png"; sourceTree = "<group>"; };
		4FA2EBAF2D6DEE57003069CA /* にわとり.png */ = {isa = PBXFileReference; lastKnownFileType = image.png; path = "にわとり.png"; sourceTree = "<group>"; };
		4FA2EBB22D6DEE9E003069CA /* おかし.mp3 */ = {isa = PBXFileReference; lastKnownFileType = audio.mp3; path = "おかし.mp3"; sourceTree = "<group>"; };
		4FA2EBB32D6DEE9E003069CA /* おかね.mp3 */ = {isa = PBXFileReference; lastKnownFileType = audio.mp3; path = "おかね.mp3"; sourceTree = "<group>"; };
		4FA2EBB42D6DEE9E003069CA /* てれび.mp3 */ = {isa = PBXFileReference; lastKnownFileType = audio.mp3; path = "てれび.mp3"; sourceTree = "<group>"; };
		4FA2EBB52D6DEE9E003069CA /* とけい.mp3 */ = {isa = PBXFileReference; lastKnownFileType = audio.mp3; path = "とけい.mp3"; sourceTree = "<group>"; };
		4FA2EBBA2D6DEF03003069CA /* あおぞら.mp3 */ = {isa = PBXFileReference; lastKnownFileType = audio.mp3; path = "あおぞら.mp3"; sourceTree = "<group>"; };
		4FA2EBBB2D6DEF03003069CA /* うんち.mp3 */ = {isa = PBXFileReference; lastKnownFileType = audio.mp3; path = "うんち.mp3"; sourceTree = "<group>"; };
		4FA2EBBC2D6DEF03003069CA /* えんぴつ.mp3 */ = {isa = PBXFileReference; lastKnownFileType = audio.mp3; path = "えんぴつ.mp3"; sourceTree = "<group>"; };
		4FA2EBBD2D6DEF03003069CA /* おばけ.mp3 */ = {isa = PBXFileReference; lastKnownFileType = audio.mp3; path = "おばけ.mp3"; sourceTree = "<group>"; };
		4FA2EBBE2D6DEF03003069CA /* かみなり.mp3 */ = {isa = PBXFileReference; lastKnownFileType = audio.mp3; path = "かみなり.mp3"; sourceTree = "<group>"; };
		4FA2EBBF2D6DEF03003069CA /* からす.mp3 */ = {isa = PBXFileReference; lastKnownFileType = audio.mp3; path = "からす.mp3"; sourceTree = "<group>"; };
		4FA2EBC02D6DEF03003069CA /* くつした.mp3 */ = {isa = PBXFileReference; lastKnownFileType = audio.mp3; path = "くつした.mp3"; sourceTree = "<group>"; };
		4FA2EBC12D6DEF03003069CA /* こうえん.mp3 */ = {isa = PBXFileReference; lastKnownFileType = audio.mp3; path = "こうえん.mp3"; sourceTree = "<group>"; };
		4FA2EBC22D6DEF03003069CA /* じしん.mp3 */ = {isa = PBXFileReference; lastKnownFileType = audio.mp3; path = "じしん.mp3"; sourceTree = "<group>"; };
		4FA2EBC32D6DEF03003069CA /* そうじき.mp3 */ = {isa = PBXFileReference; lastKnownFileType = audio.mp3; path = "そうじき.mp3"; sourceTree = "<group>"; };
		4FA2EBC42D6DEF03003069CA /* たきび.mp3 */ = {isa = PBXFileReference; lastKnownFileType = audio.mp3; path = "たきび.mp3"; sourceTree = "<group>"; };
		4FA2EBC52D6DEF03003069CA /* てぶくろ.mp3 */ = {isa = PBXFileReference; lastKnownFileType = audio.mp3; path = "てぶくろ.mp3"; sourceTree = "<group>"; };
		4FA2EBC62D6DEF03003069CA /* といれ.mp3 */ = {isa = PBXFileReference; lastKnownFileType = audio.mp3; path = "といれ.mp3"; sourceTree = "<group>"; };
		4FA2EBC72D6DEF03003069CA /* にわとり.mp3 */ = {isa = PBXFileReference; lastKnownFileType = audio.mp3; path = "にわとり.mp3"; sourceTree = "<group>"; };
		4FA2EBC82D6DEF03003069CA /* のみもの.mp3 */ = {isa = PBXFileReference; lastKnownFileType = audio.mp3; path = "のみもの.mp3"; sourceTree = "<group>"; };
		4FA2EBC92D6DEF03003069CA /* はなび.mp3 */ = {isa = PBXFileReference; lastKnownFileType = audio.mp3; path = "はなび.mp3"; sourceTree = "<group>"; };
		4FA2EBCA2D6DEF03003069CA /* ひまわり.mp3 */ = {isa = PBXFileReference; lastKnownFileType = audio.mp3; path = "ひまわり.mp3"; sourceTree = "<group>"; };
		4FA2EBCB2D6DEF03003069CA /* ふうりん.mp3 */ = {isa = PBXFileReference; lastKnownFileType = audio.mp3; path = "ふうりん.mp3"; sourceTree = "<group>"; };
		4FA2EBCC2D6DEF03003069CA /* ほうせき.mp3 */ = {isa = PBXFileReference; lastKnownFileType = audio.mp3; path = "ほうせき.mp3"; sourceTree = "<group>"; };
		4FA2EBCD2D6DEF03003069CA /* やさい.mp3 */ = {isa = PBXFileReference; lastKnownFileType = audio.mp3; path = "やさい.mp3"; sourceTree = "<group>"; };
		4FA2EBE22D6DF33F003069CA /* さる.csv */ = {isa = PBXFileReference; lastKnownFileType = text; path = "さる.csv"; sourceTree = "<group>"; };
		4FA2EDDC2D6E86D3003069CA /* 12.csv */ = {isa = PBXFileReference; lastKnownFileType = text; path = 12.csv; sourceTree = "<group>"; };
		57CD20213335CF6F3F670AE4 /* Pods-WordReading4.release.xcconfig */ = {isa = PBXFileReference; includeInIndex = 1; lastKnownFileType = text.xcconfig; name = "Pods-WordReading4.release.xcconfig"; path = "Target Support Files/Pods-WordReading4/Pods-WordReading4.release.xcconfig"; sourceTree = "<group>"; };
		D04E762ADA905AFAB33395B6 /* Pods-WordReading4.debug.xcconfig */ = {isa = PBXFileReference; includeInIndex = 1; lastKnownFileType = text.xcconfig; name = "Pods-WordReading4.debug.xcconfig"; path = "Target Support Files/Pods-WordReading4/Pods-WordReading4.debug.xcconfig"; sourceTree = "<group>"; };
/* End PBXFileReference section */

/* Begin PBXFrameworksBuildPhase section */
		4F25BF9B2C8FD8FB00939AF7 /* Frameworks */ = {
			isa = PBXFrameworksBuildPhase;
			buildActionMask = 2147483647;
			files = (
				889E6CB5C8231E5AEE69CF98 /* Pods_WordReading4.framework in Frameworks */,
			);
			runOnlyForDeploymentPostprocessing = 0;
		};
/* End PBXFrameworksBuildPhase section */

/* Begin PBXGroup section */
		4F25BF952C8FD8FB00939AF7 = {
			isa = PBXGroup;
			children = (
				4F25BFA02C8FD8FB00939AF7 /* WordReading */,
				4F25BF9F2C8FD8FB00939AF7 /* Products */,
				67BC5E918D986672FD0BD43B /* Pods */,
				B16EAE522D1AECD04345DA62 /* Frameworks */,
			);
			sourceTree = "<group>";
		};
		4F25BF9F2C8FD8FB00939AF7 /* Products */ = {
			isa = PBXGroup;
			children = (
				4F25BF9E2C8FD8FB00939AF7 /* WordReading4.app */,
			);
			name = Products;
			sourceTree = "<group>";
		};
		4F25BFA02C8FD8FB00939AF7 /* WordReading */ = {
			isa = PBXGroup;
			children = (
				4F25BFA12C8FD8FB00939AF7 /* AppDelegate.swift */,
				4F25BFA32C8FD8FB00939AF7 /* SceneDelegate.swift */,
				4F25BFA72C8FD8FB00939AF7 /* Main.storyboard */,
				4F25BFA52C8FD8FB00939AF7 /* StartViewController.swift */,
				4F25C03B2C912B8100939AF7 /* SelectViewController.swift */,
				4F1DBC9F2D66E87C00F7DCE8 /* Select2WordViewController.swift */,
				4F1DBCA12D66EAE500F7DCE8 /* Ssp2WordViewController.swift */,
				4F25BFBB2C90096000939AF7 /* Select3WordViewController.swift */,
				4F25BFB52C8FE2C900939AF7 /* Ssp3WordViewController.swift */,
				4F25C0352C910FD800939AF7 /* Select4WordViewController.swift */,
				4F25C0372C91101000939AF7 /* Ssp4WordViewController.swift */,
				4F25BFB72C8FE3BC00939AF7 /* LastViewController.swift */,
				4F1DBCAB2D683BC100F7DCE8 /* SelectQuizViewController.swift */,
				4F1DBCB32D69DB4300F7DCE8 /* SelectCharacterLengthViewController.swift */,
				4F1DBCAF2D69C02800F7DCE8 /* QuizViewController.swift */,
				4F75C0272D6A84D600534812 /* ResultViewController.swift */,
				4F1DBCAD2D69AF2E00F7DCE8 /* PersonalHistoryViewController.swift */,
				4F75C02D2D6AAB2F00534812 /* QuizResult.swift */,
				4F25BFAA2C8FD8FD00939AF7 /* Assets.xcassets */,
				4FA2EDDC2D6E86D3003069CA /* 12.csv */,
				4FA2E8602D6D6F50003069CA /* 13.csv */,
				4F1DBCB12D69CB8300F7DCE8 /* 14.csv */,
				4F25BFAC2C8FD8FD00939AF7 /* LaunchScreen.storyboard */,
				4F25C0062C904BF400939AF7 /* png */,
				4F25BFD72C90322E00939AF7 /* mp3 */,
				4F25BFCB2C90272600939AF7 /* csv */,
				4F25BFAF2C8FD8FD00939AF7 /* Info.plist */,
			);
			path = WordReading;
			sourceTree = "<group>";
		};
		4F25BFCB2C90272600939AF7 /* csv */ = {
			isa = PBXGroup;
			children = (
				4F1DBCA32D670C1000F7DCE8 /* あめ.csv */,
				4F25BFBD2C9024DD00939AF7 /* おかね.csv */,
				4F25BFBF2C90254E00939AF7 /* おかし.csv */,
				4F25BFC02C90255200939AF7 /* とけい.csv */,
				4F25BFC12C90255300939AF7 /* てれび.csv */,
				4F25BFC82C90265B00939AF7 /* といれ.csv */,
				4F25BFC92C90265D00939AF7 /* おばけ.csv */,
				4F25BFB92C8FE70B00939AF7 /* はなび.csv */,
				4F25BFCA2C90265F00939AF7 /* じしん.csv */,
				4F25BFC32C90255500939AF7 /* たきび.csv */,
				4F25BFC42C90255700939AF7 /* からす.csv */,
				4F25BFC52C90255800939AF7 /* うんち.csv */,
				4F25BFC62C90255900939AF7 /* やさい.csv */,
				4F25C03D2C913AE400939AF7 /* くつした.csv */,
				4F25C0422C913B3000939AF7 /* そうじき.csv */,
				4F25C04C2C913B3600939AF7 /* ふうりん.csv */,
				4F25C03E2C913B1F00939AF7 /* のみもの.csv */,
				4F25C0492C913B3600939AF7 /* かみなり.csv */,
				4F25C03F2C913B2200939AF7 /* ほうせき.csv */,
				4F25C0442C913B3000939AF7 /* ひまわり.csv */,
				4F25C0462C913B3000939AF7 /* あおぞら.csv */,
				4F25C0402C913B2400939AF7 /* てぶくろ.csv */,
				4F25C04E2C913B3600939AF7 /* こうえん.csv */,
				4F25C04F2C913B3600939AF7 /* よむ.csv */,
				4F25C0432C913B3000939AF7 /* すず.csv */,
				4FA2EBE22D6DF33F003069CA /* さる.csv */,
				4F25C04A2C913B3600939AF7 /* ねこ.csv */,
				4F25C04D2C913B3600939AF7 /* せみ.csv */,
				4F25C0412C913B2B00939AF7 /* むし.csv */,
				4F25C0452C913B3000939AF7 /* いぬ.csv */,
				4F25C0472C913B3600939AF7 /* やま.csv */,
				4F5E17562C91A71E00597A03 /* よる.csv */,
				4F25C0482C913B3600939AF7 /* へび.csv */,
				4F25C04B2C913B3600939AF7 /* もも.csv */,
				4FA2E8AE2D6DAAC5003069CA /* ふゆ.csv */,
				4F25C0502C913D1900939AF7 /* ほん.csv */,
				4F25C0512C913D1900939AF7 /* にく.csv */,
			);
			path = csv;
			sourceTree = "<group>";
		};
		4F25BFD72C90322E00939AF7 /* mp3 */ = {
			isa = PBXGroup;
			children = (
				4FA2EB1A2D6DE7A1003069CA /* あ.mp3 */,
				4FA2EB1B2D6DE7A1003069CA /* い.mp3 */,
				4FA2EB1C2D6DE7A1003069CA /* う.mp3 */,
				4FA2EB1D2D6DE7A1003069CA /* え.mp3 */,
				4FA2EB1E2D6DE7A1003069CA /* お.mp3 */,
				4FA2EB1F2D6DE7A1003069CA /* か.mp3 */,
				4FA2EB202D6DE7A1003069CA /* き.mp3 */,
				4FA2EB212D6DE7A1003069CA /* く.mp3 */,
				4FA2EB222D6DE7A1003069CA /* け.mp3 */,
				4FA2EB232D6DE7A1003069CA /* こ.mp3 */,
				4FA2EB242D6DE7A1003069CA /* さ.mp3 */,
				4FA2EB252D6DE7A1003069CA /* し.mp3 */,
				4FA2EB262D6DE7A1003069CA /* す.mp3 */,
				4FA2EB272D6DE7A1003069CA /* せ.mp3 */,
				4FA2EB282D6DE7A1003069CA /* そ.mp3 */,
				4FA2EB292D6DE7A1003069CA /* た.mp3 */,
				4FA2EB2A2D6DE7A1003069CA /* ち.mp3 */,
				4FA2EB2B2D6DE7A1003069CA /* つ.mp3 */,
				4FA2EB2C2D6DE7A1003069CA /* て.mp3 */,
				4FA2EB2D2D6DE7A1003069CA /* と.mp3 */,
				4FA2EB2E2D6DE7A1003069CA /* な.mp3 */,
				4FA2EB2F2D6DE7A1003069CA /* に.mp3 */,
				4FA2EB302D6DE7A1003069CA /* ぬ.mp3 */,
				4FA2EB312D6DE7A1003069CA /* ね.mp3 */,
				4FA2EB322D6DE7A1003069CA /* の.mp3 */,
				4FA2EB332D6DE7A1003069CA /* は.mp3 */,
				4FA2EB342D6DE7A1003069CA /* ひ.mp3 */,
				4FA2EB352D6DE7A1003069CA /* ふ.mp3 */,
				4FA2EB362D6DE7A1003069CA /* へ.mp3 */,
				4FA2EB372D6DE7A1003069CA /* ほ.mp3 */,
				4FA2EB382D6DE7A1003069CA /* ま.mp3 */,
				4FA2EB392D6DE7A1003069CA /* み.mp3 */,
				4FA2EB3A2D6DE7A1003069CA /* む.mp3 */,
				4FA2EB3B2D6DE7A1003069CA /* め.mp3 */,
				4FA2EB3C2D6DE7A1003069CA /* も.mp3 */,
				4FA2EB3D2D6DE7A1003069CA /* や.mp3 */,
				4FA2EB3E2D6DE7A1003069CA /* ゆ.mp3 */,
				4FA2EB3F2D6DE7A1003069CA /* よ.mp3 */,
				4FA2EB402D6DE7A1003069CA /* ら.mp3 */,
				4FA2EB412D6DE7A1003069CA /* り.mp3 */,
				4FA2EB422D6DE7A1003069CA /* る.mp3 */,
				4FA2EB432D6DE7A1003069CA /* れ.mp3 */,
				4FA2EB442D6DE7A1003069CA /* ろ.mp3 */,
				4FA2EB452D6DE7A1003069CA /* わ.mp3 */,
				4FA2EB462D6DE7A1003069CA /* ん.mp3 */,
				4FA2EB742D6DE838003069CA /* あめ.mp3 */,
				4FA2EB752D6DE838003069CA /* さる.mp3 */,
				4FA2EB8E2D6DE847003069CA /* いぬ.mp3 */,
				4FA2EBA82D6DEB84003069CA /* むし.mp3 */,
				4FA2EB762D6DE838003069CA /* すず.mp3 */,
				4FA2EB772D6DE838003069CA /* せみ.mp3 */,
				4FA2EB782D6DE838003069CA /* にく.mp3 */,
				4FA2EB792D6DE838003069CA /* ねこ.mp3 */,
				4FA2EB7A2D6DE838003069CA /* ふゆ.mp3 */,
				4FA2EB7B2D6DE838003069CA /* へび.mp3 */,
				4FA2EB7C2D6DE838003069CA /* ほん.mp3 */,
				4FA2EB7D2D6DE838003069CA /* もも.mp3 */,
				4FA2EB7E2D6DE838003069CA /* やま.mp3 */,
				4FA2EB7F2D6DE838003069CA /* よむ.mp3 */,
				4FA2EB802D6DE838003069CA /* よる.mp3 */,
				4FA2EBB22D6DEE9E003069CA /* おかし.mp3 */,
				4FA2EBBB2D6DEF03003069CA /* うんち.mp3 */,
				4FA2EBBD2D6DEF03003069CA /* おばけ.mp3 */,
				4FA2EBBF2D6DEF03003069CA /* からす.mp3 */,
				4FA2EBC22D6DEF03003069CA /* じしん.mp3 */,
				4FA2EBC42D6DEF03003069CA /* たきび.mp3 */,
				4FA2EBC62D6DEF03003069CA /* といれ.mp3 */,
				4FA2EBC92D6DEF03003069CA /* はなび.mp3 */,
				4FA2EBCD2D6DEF03003069CA /* やさい.mp3 */,
				4FA2EBB32D6DEE9E003069CA /* おかね.mp3 */,
				4FA2EBB42D6DEE9E003069CA /* てれび.mp3 */,
				4FA2EBB52D6DEE9E003069CA /* とけい.mp3 */,
				4FA2EBBA2D6DEF03003069CA /* あおぞら.mp3 */,
				4FA2EBBC2D6DEF03003069CA /* えんぴつ.mp3 */,
				4FA2EBBE2D6DEF03003069CA /* かみなり.mp3 */,
				4FA2EBC02D6DEF03003069CA /* くつした.mp3 */,
				4FA2EBC12D6DEF03003069CA /* こうえん.mp3 */,
				4FA2EBC32D6DEF03003069CA /* そうじき.mp3 */,
				4FA2EBC52D6DEF03003069CA /* てぶくろ.mp3 */,
				4FA2EBC72D6DEF03003069CA /* にわとり.mp3 */,
				4FA2EBC82D6DEF03003069CA /* のみもの.mp3 */,
				4FA2EBCA2D6DEF03003069CA /* ひまわり.mp3 */,
				4FA2EBCB2D6DEF03003069CA /* ふうりん.mp3 */,
				4FA2EBCC2D6DEF03003069CA /* ほうせき.mp3 */,
			);
			path = mp3;
			sourceTree = "<group>";
		};
		4F25C0062C904BF400939AF7 /* png */ = {
			isa = PBXGroup;
			children = (
				4F75C02B2D6A99F400534812 /* ばつ.png */,
				4F75C0292D6A96BC00534812 /* まる.png */,
				4F1DBCA72D6713F300F7DCE8 /* あめ.png */,
				4FA2E86D2D6DA81C003069CA /* さる.png */,
				4FA2E8632D6DA81C003069CA /* いぬ.png */,
				4FA2E86F2D6DA81C003069CA /* すず.png */,
				4FA2E8702D6DA81C003069CA /* せみ.png */,
				4FA2E8772D6DA81C003069CA /* にく.png */,
				4FA2E8792D6DA81C003069CA /* ねこ.png */,
				4FA2E8812D6DA81C003069CA /* ほん.png */,
				4FA2E8822D6DA81C003069CA /* むし.png */,
				4FA2E8832D6DA81C003069CA /* もも.png */,
				4FA2E87E2D6DA81C003069CA /* ふゆ.png */,
				4FA2E8852D6DA81C003069CA /* やま.png */,
				4FA2E8862D6DA81C003069CA /* よむ.png */,
				4FA2E8872D6DA81C003069CA /* よる.png */,
				4FA2E87F2D6DA81C003069CA /* へび.png */,
				4FA2E8642D6DA81C003069CA /* うんち.png */,
				4FA2E8722D6DA81C003069CA /* たきび.png */,
				4FA2EBAC2D6DEDDB003069CA /* おばけ.png */,
				4FA2E8672D6DA81C003069CA /* おかね.png */,
				4FA2E86A2D6DA81C003069CA /* からす.png */,
				4FA2E8742D6DA81C003069CA /* てれび.png */,
				4FA2E8752D6DA81C003069CA /* といれ.png */,
				4FA2E8762D6DA81C003069CA /* とけい.png */,
				4FA2E86E2D6DA81C003069CA /* じしん.png */,
				4FA2E8662D6DA81C003069CA /* おかし.png */,
				4FA2E87B2D6DA81C003069CA /* はなび.png */,
				4FA2E8842D6DA81C003069CA /* やさい.png */,
				4FA2EBAE2D6DEE57003069CA /* くつした.png */,
				4FA2EBAF2D6DEE57003069CA /* にわとり.png */,
				4FA2E8622D6DA81C003069CA /* あおぞら.png */,
				4FA2E8652D6DA81C003069CA /* えんぴつ.png */,
				4FA2E8692D6DA81C003069CA /* かみなり.png */,
				4FA2E86C2D6DA81C003069CA /* こうえん.png */,
				4FA2EBAA2D6DECFA003069CA /* てぶくろ.png */,
				4FA2E8712D6DA81C003069CA /* そうじき.png */,
				4FA2E87A2D6DA81C003069CA /* のみもの.png */,
				4FA2E87C2D6DA81C003069CA /* ひまわり.png */,
				4FA2E87D2D6DA81C003069CA /* ふうりん.png */,
				4FA2E8802D6DA81C003069CA /* ほうせき.png */,
			);
			path = png;
			sourceTree = "<group>";
		};
		67BC5E918D986672FD0BD43B /* Pods */ = {
			isa = PBXGroup;
			children = (
				D04E762ADA905AFAB33395B6 /* Pods-WordReading4.debug.xcconfig */,
				57CD20213335CF6F3F670AE4 /* Pods-WordReading4.release.xcconfig */,
			);
			path = Pods;
			sourceTree = "<group>";
		};
		B16EAE522D1AECD04345DA62 /* Frameworks */ = {
			isa = PBXGroup;
			children = (
				48E1DA2FDB33D5248F2A8B4B /* Pods_WordReading4.framework */,
			);
			name = Frameworks;
			sourceTree = "<group>";
		};
/* End PBXGroup section */

/* Begin PBXNativeTarget section */
		4F25BF9D2C8FD8FB00939AF7 /* WordReading4 */ = {
			isa = PBXNativeTarget;
			buildConfigurationList = 4F25BFB22C8FD8FD00939AF7 /* Build configuration list for PBXNativeTarget "WordReading4" */;
			buildPhases = (
				8FDECEBB4EF6479F1A791860 /* [CP] Check Pods Manifest.lock */,
				4F25BF9A2C8FD8FB00939AF7 /* Sources */,
				4F25BF9B2C8FD8FB00939AF7 /* Frameworks */,
				4F25BF9C2C8FD8FB00939AF7 /* Resources */,
				79C0AE68B677E26D3A38AFE9 /* [CP] Embed Pods Frameworks */,
			);
			buildRules = (
			);
			dependencies = (
			);
			name = WordReading4;
			productName = WordReading;
			productReference = 4F25BF9E2C8FD8FB00939AF7 /* WordReading4.app */;
			productType = "com.apple.product-type.application";
		};
/* End PBXNativeTarget section */

/* Begin PBXProject section */
		4F25BF962C8FD8FB00939AF7 /* Project object */ = {
			isa = PBXProject;
			attributes = {
				BuildIndependentTargetsInParallel = 1;
				LastSwiftUpdateCheck = 1540;
				LastUpgradeCheck = 1540;
				TargetAttributes = {
					4F25BF9D2C8FD8FB00939AF7 = {
						CreatedOnToolsVersion = 15.4;
					};
				};
			};
			buildConfigurationList = 4F25BF992C8FD8FB00939AF7 /* Build configuration list for PBXProject "WordReading4" */;
			compatibilityVersion = "Xcode 14.0";
			developmentRegion = en;
			hasScannedForEncodings = 0;
			knownRegions = (
				en,
				Base,
			);
			mainGroup = 4F25BF952C8FD8FB00939AF7;
			productRefGroup = 4F25BF9F2C8FD8FB00939AF7 /* Products */;
			projectDirPath = "";
			projectRoot = "";
			targets = (
				4F25BF9D2C8FD8FB00939AF7 /* WordReading4 */,
			);
		};
/* End PBXProject section */

/* Begin PBXResourcesBuildPhase section */
		4F25BF9C2C8FD8FB00939AF7 /* Resources */ = {
			isa = PBXResourcesBuildPhase;
			buildActionMask = 2147483647;
			files = (
				4F25BFD22C90280F00939AF7 /* からす.csv in Resources */,
				4F75C02A2D6A96BC00534812 /* まる.png in Resources */,
				4FA2E8882D6DA81C003069CA /* からす.png in Resources */,
				4FA2E8892D6DA81C003069CA /* いぬ.png in Resources */,
				4FA2E88A2D6DA81C003069CA /* にく.png in Resources */,
				4FA2E88B2D6DA81C003069CA /* すず.png in Resources */,
				4FA2E88C2D6DA81C003069CA /* よむ.png in Resources */,
				4FA2E88D2D6DA81C003069CA /* ひまわり.png in Resources */,
				4FA2E88E2D6DA81C003069CA /* えんぴつ.png in Resources */,
				4FA2E88F2D6DA81C003069CA /* へび.png in Resources */,
				4FA2E8922D6DA81C003069CA /* てれび.png in Resources */,
				4FA2E8932D6DA81C003069CA /* むし.png in Resources */,
				4FA2E8942D6DA81C003069CA /* たきび.png in Resources */,
				4FA2E8952D6DA81C003069CA /* といれ.png in Resources */,
				4FA2E8962D6DA81C003069CA /* ねこ.png in Resources */,
				4FA2E8972D6DA81C003069CA /* じしん.png in Resources */,
				4FA2E8982D6DA81C003069CA /* もも.png in Resources */,
				4FA2E89A2D6DA81C003069CA /* あおぞら.png in Resources */,
				4FA2E89B2D6DA81C003069CA /* うんち.png in Resources */,
				4FA2E89C2D6DA81C003069CA /* かみなり.png in Resources */,
				4FA2E89D2D6DA81C003069CA /* よる.png in Resources */,
				4FA2E89E2D6DA81C003069CA /* おかね.png in Resources */,
				4FA2E89F2D6DA81C003069CA /* とけい.png in Resources */,
				4FA2E8A02D6DA81C003069CA /* そうじき.png in Resources */,
				4FA2E8A12D6DA81C003069CA /* さる.png in Resources */,
				4FA2E8A22D6DA81C003069CA /* はなび.png in Resources */,
				4FA2EB472D6DE7A1003069CA /* た.mp3 in Resources */,
				4FA2EB482D6DE7A1003069CA /* ね.mp3 in Resources */,
				4FA2EB492D6DE7A1003069CA /* の.mp3 in Resources */,
				4FA2EB4A2D6DE7A1003069CA /* ひ.mp3 in Resources */,
				4FA2EB4B2D6DE7A1003069CA /* へ.mp3 in Resources */,
				4FA2EB4C2D6DE7A1003069CA /* お.mp3 in Resources */,
				4FA2EB4D2D6DE7A1003069CA /* よ.mp3 in Resources */,
				4FA2EB4E2D6DE7A1003069CA /* つ.mp3 in Resources */,
				4FA2EBAD2D6DEDDB003069CA /* おばけ.png in Resources */,
				4FA2EB812D6DE838003069CA /* にく.mp3 in Resources */,
				4FA2EB822D6DE838003069CA /* やま.mp3 in Resources */,
				4FA2EB832D6DE838003069CA /* よむ.mp3 in Resources */,
				4FA2EB842D6DE838003069CA /* さる.mp3 in Resources */,
				4FA2EB852D6DE838003069CA /* ほん.mp3 in Resources */,
				4FA2EB862D6DE838003069CA /* せみ.mp3 in Resources */,
				4FA2EB872D6DE838003069CA /* あめ.mp3 in Resources */,
				4FA2EB882D6DE838003069CA /* よる.mp3 in Resources */,
				4FA2EB892D6DE838003069CA /* すず.mp3 in Resources */,
				4FA2EB8A2D6DE838003069CA /* へび.mp3 in Resources */,
				4FA2EB8B2D6DE838003069CA /* ねこ.mp3 in Resources */,
				4FA2EB8C2D6DE838003069CA /* ふゆ.mp3 in Resources */,
				4FA2EB8D2D6DE838003069CA /* もも.mp3 in Resources */,
				4FA2EB4F2D6DE7A1003069CA /* ん.mp3 in Resources */,
				4FA2EB502D6DE7A1003069CA /* え.mp3 in Resources */,
				4FA2EB512D6DE7A1003069CA /* き.mp3 in Resources */,
				4FA2EB522D6DE7A1003069CA /* ほ.mp3 in Resources */,
				4FA2EB532D6DE7A1003069CA /* て.mp3 in Resources */,
				4FA2EB542D6DE7A1003069CA /* ら.mp3 in Resources */,
				4FA2EB552D6DE7A1003069CA /* と.mp3 in Resources */,
				4FA2EB562D6DE7A1003069CA /* せ.mp3 in Resources */,
				4FA2EB572D6DE7A1003069CA /* な.mp3 in Resources */,
				4FA2EB582D6DE7A1003069CA /* い.mp3 in Resources */,
				4FA2EB592D6DE7A1003069CA /* め.mp3 in Resources */,
				4FA2EB5A2D6DE7A1003069CA /* む.mp3 in Resources */,
				4FA2EB5B2D6DE7A1003069CA /* あ.mp3 in Resources */,
				4FA2EB5C2D6DE7A1003069CA /* る.mp3 in Resources */,
				4FA2EB5D2D6DE7A1003069CA /* ろ.mp3 in Resources */,
				4FA2EB5E2D6DE7A1003069CA /* し.mp3 in Resources */,
				4FA2EB5F2D6DE7A1003069CA /* も.mp3 in Resources */,
				4FA2EB602D6DE7A1003069CA /* わ.mp3 in Resources */,
				4FA2EB612D6DE7A1003069CA /* か.mp3 in Resources */,
				4FA2EB622D6DE7A1003069CA /* く.mp3 in Resources */,
				4FA2EBCE2D6DEF03003069CA /* かみなり.mp3 in Resources */,
				4FA2EBCF2D6DEF03003069CA /* はなび.mp3 in Resources */,
				4FA2EBD02D6DEF03003069CA /* えんぴつ.mp3 in Resources */,
				4FA2EBD12D6DEF03003069CA /* ひまわり.mp3 in Resources */,
				4FA2EBE32D6DF33F003069CA /* さる.csv in Resources */,
				4FA2EBD22D6DEF03003069CA /* からす.mp3 in Resources */,
				4FA2EBD32D6DEF03003069CA /* そうじき.mp3 in Resources */,
				4FA2EBD42D6DEF03003069CA /* のみもの.mp3 in Resources */,
				4FA2EBD52D6DEF03003069CA /* くつした.mp3 in Resources */,
				4FA2EBD62D6DEF03003069CA /* おばけ.mp3 in Resources */,
				4FA2EBD72D6DEF03003069CA /* あおぞら.mp3 in Resources */,
				4FA2EBD82D6DEF03003069CA /* といれ.mp3 in Resources */,
				4FA2EBD92D6DEF03003069CA /* うんち.mp3 in Resources */,
				4FA2EBDA2D6DEF03003069CA /* じしん.mp3 in Resources */,
				4FA2EBDB2D6DEF03003069CA /* たきび.mp3 in Resources */,
				4FA2EBDC2D6DEF03003069CA /* にわとり.mp3 in Resources */,
				4FA2EBDD2D6DEF03003069CA /* ほうせき.mp3 in Resources */,
				4FA2EBDE2D6DEF03003069CA /* ふうりん.mp3 in Resources */,
				4FA2EBDF2D6DEF03003069CA /* こうえん.mp3 in Resources */,
				4FA2EBE02D6DEF03003069CA /* やさい.mp3 in Resources */,
				4FA2EBE12D6DEF03003069CA /* てぶくろ.mp3 in Resources */,
				4FA2EB632D6DE7A1003069CA /* け.mp3 in Resources */,
				4FA2EB642D6DE7A1003069CA /* こ.mp3 in Resources */,
				4FA2EB652D6DE7A1003069CA /* そ.mp3 in Resources */,
				4FA2EB662D6DE7A1003069CA /* ち.mp3 in Resources */,
				4FA2EB672D6DE7A1003069CA /* ぬ.mp3 in Resources */,
				4FA2EB682D6DE7A1003069CA /* に.mp3 in Resources */,
				4FA2EB692D6DE7A1003069CA /* は.mp3 in Resources */,
				4FA2EBAB2D6DECFA003069CA /* てぶくろ.png in Resources */,
				4FA2EB6A2D6DE7A1003069CA /* ふ.mp3 in Resources */,
				4FA2EB6B2D6DE7A1003069CA /* や.mp3 in Resources */,
				4FA2EB6C2D6DE7A1003069CA /* う.mp3 in Resources */,
				4FA2EB6D2D6DE7A1003069CA /* み.mp3 in Resources */,
				4FA2EB6E2D6DE7A1003069CA /* ゆ.mp3 in Resources */,
				4FA2EB6F2D6DE7A1003069CA /* れ.mp3 in Resources */,
				4FA2EB702D6DE7A1003069CA /* さ.mp3 in Resources */,
				4FA2EB712D6DE7A1003069CA /* ま.mp3 in Resources */,
				4FA2EB722D6DE7A1003069CA /* り.mp3 in Resources */,
				4FA2EB732D6DE7A1003069CA /* す.mp3 in Resources */,
				4FA2E8A32D6DA81C003069CA /* ほうせき.png in Resources */,
				4FA2E8A42D6DA81C003069CA /* せみ.png in Resources */,
				4FA2E8A52D6DA81C003069CA /* ふうりん.png in Resources */,
				4FA2E8A72D6DA81C003069CA /* やさい.png in Resources */,
				4FA2E8A82D6DA81C003069CA /* こうえん.png in Resources */,
				4FA2EBA92D6DEB84003069CA /* むし.mp3 in Resources */,
				4FA2E8A92D6DA81C003069CA /* のみもの.png in Resources */,
				4FA2E8AA2D6DA81C003069CA /* やま.png in Resources */,
				4FA2E8AB2D6DA81C003069CA /* おかし.png in Resources */,
				4FA2E8AC2D6DA81C003069CA /* ふゆ.png in Resources */,
				4FA2E8AD2D6DA81C003069CA /* ほん.png in Resources */,
				4FA2E8612D6D6F50003069CA /* 13.csv in Resources */,
				4F25BFD02C90280A00939AF7 /* じしん.csv in Resources */,
				4FA2EDDD2D6E86D3003069CA /* 12.csv in Resources */,
				4F25C0522C913EAB00939AF7 /* のみもの.csv in Resources */,
				4F25C0532C913EAB00939AF7 /* あおぞら.csv in Resources */,
				4F25C0542C913EAB00939AF7 /* てぶくろ.csv in Resources */,
				4F25C0552C913EAB00939AF7 /* ひまわり.csv in Resources */,
				4F25C0562C913EAB00939AF7 /* にく.csv in Resources */,
				4F25C0572C913EAB00939AF7 /* すず.csv in Resources */,
				4F25C0582C913EAB00939AF7 /* そうじき.csv in Resources */,
				4F25C0592C913EAB00939AF7 /* ほん.csv in Resources */,
				4F25C05A2C913EAB00939AF7 /* やま.csv in Resources */,
				4F25C05B2C913EAB00939AF7 /* かみなり.csv in Resources */,
				4FA2EBB02D6DEE57003069CA /* くつした.png in Resources */,
				4FA2EBB12D6DEE57003069CA /* にわとり.png in Resources */,
				4F25C05C2C913EAB00939AF7 /* むし.csv in Resources */,
				4F25C05D2C913EAB00939AF7 /* ねこ.csv in Resources */,
				4F25C05E2C913EAB00939AF7 /* くつした.csv in Resources */,
				4F25C05F2C913EAB00939AF7 /* よむ.csv in Resources */,
				4F25C0602C913EAB00939AF7 /* もも.csv in Resources */,
				4F25C0612C913EAB00939AF7 /* せみ.csv in Resources */,
				4F25C0622C913EAB00939AF7 /* ほうせき.csv in Resources */,
				4F25C0632C913EAB00939AF7 /* こうえん.csv in Resources */,
				4F25C0642C913EAB00939AF7 /* ふうりん.csv in Resources */,
				4F25C0652C913EAB00939AF7 /* いぬ.csv in Resources */,
				4F25C0662C913EAB00939AF7 /* へび.csv in Resources */,
				4FA2E8AF2D6DAAC5003069CA /* ふゆ.csv in Resources */,
				4F25BFCE2C90280400939AF7 /* といれ.csv in Resources */,
				4F1DBCA42D670C1000F7DCE8 /* あめ.csv in Resources */,
				4F25BFCD2C90280100939AF7 /* てれび.csv in Resources */,
				4F25BFD42C90281500939AF7 /* やさい.csv in Resources */,
				4F1DBCB22D69CB8300F7DCE8 /* 14.csv in Resources */,
				4FA2EB8F2D6DE847003069CA /* いぬ.mp3 in Resources */,
				4F25BFCC2C9027FF00939AF7 /* とけい.csv in Resources */,
				4F25BFBA2C8FE70B00939AF7 /* はなび.csv in Resources */,
				4F5E17572C91A73900597A03 /* よる.csv in Resources */,
				4F75C02C2D6A99F400534812 /* ばつ.png in Resources */,
				4FA2EBB62D6DEE9E003069CA /* おかね.mp3 in Resources */,
				4FA2EBB72D6DEE9E003069CA /* とけい.mp3 in Resources */,
				4FA2EBB82D6DEE9E003069CA /* おかし.mp3 in Resources */,
				4FA2EBB92D6DEE9E003069CA /* てれび.mp3 in Resources */,
				4F25BFAB2C8FD8FD00939AF7 /* Assets.xcassets in Resources */,
				4F1DBCA82D6713F300F7DCE8 /* あめ.png in Resources */,
				4F25BFAE2C8FD8FD00939AF7 /* Base in Resources */,
				4F25BFC72C90257F00939AF7 /* おかし.csv in Resources */,
				4F25BFBE2C90251500939AF7 /* おかね.csv in Resources */,
				4F25BFD32C90281200939AF7 /* うんち.csv in Resources */,
				4F25BFA92C8FD8FB00939AF7 /* Base in Resources */,
				4F25BFD12C90280D00939AF7 /* たきび.csv in Resources */,
				4F25BFCF2C90280600939AF7 /* おばけ.csv in Resources */,
			);
			runOnlyForDeploymentPostprocessing = 0;
		};
/* End PBXResourcesBuildPhase section */

/* Begin PBXShellScriptBuildPhase section */
		79C0AE68B677E26D3A38AFE9 /* [CP] Embed Pods Frameworks */ = {
			isa = PBXShellScriptBuildPhase;
			buildActionMask = 2147483647;
			files = (
			);
			inputFileListPaths = (
				"${PODS_ROOT}/Target Support Files/Pods-WordReading4/Pods-WordReading4-frameworks-${CONFIGURATION}-input-files.xcfilelist",
			);
			name = "[CP] Embed Pods Frameworks";
			outputFileListPaths = (
				"${PODS_ROOT}/Target Support Files/Pods-WordReading4/Pods-WordReading4-frameworks-${CONFIGURATION}-output-files.xcfilelist",
			);
			runOnlyForDeploymentPostprocessing = 0;
			shellPath = /bin/sh;
			shellScript = "\"${PODS_ROOT}/Target Support Files/Pods-WordReading4/Pods-WordReading4-frameworks.sh\"\n";
			showEnvVarsInLog = 0;
		};
		8FDECEBB4EF6479F1A791860 /* [CP] Check Pods Manifest.lock */ = {
			isa = PBXShellScriptBuildPhase;
			buildActionMask = 2147483647;
			files = (
			);
			inputFileListPaths = (
			);
			inputPaths = (
				"${PODS_PODFILE_DIR_PATH}/Podfile.lock",
				"${PODS_ROOT}/Manifest.lock",
			);
			name = "[CP] Check Pods Manifest.lock";
			outputFileListPaths = (
			);
			outputPaths = (
				"$(DERIVED_FILE_DIR)/Pods-WordReading4-checkManifestLockResult.txt",
			);
			runOnlyForDeploymentPostprocessing = 0;
			shellPath = /bin/sh;
			shellScript = "diff \"${PODS_PODFILE_DIR_PATH}/Podfile.lock\" \"${PODS_ROOT}/Manifest.lock\" > /dev/null\nif [ $? != 0 ] ; then\n    # print error to STDERR\n    echo \"error: The sandbox is not in sync with the Podfile.lock. Run 'pod install' or update your CocoaPods installation.\" >&2\n    exit 1\nfi\n# This output is used by Xcode 'outputs' to avoid re-running this script phase.\necho \"SUCCESS\" > \"${SCRIPT_OUTPUT_FILE_0}\"\n";
			showEnvVarsInLog = 0;
		};
/* End PBXShellScriptBuildPhase section */

/* Begin PBXSourcesBuildPhase section */
		4F25BF9A2C8FD8FB00939AF7 /* Sources */ = {
			isa = PBXSourcesBuildPhase;
			buildActionMask = 2147483647;
			files = (
				4F25BFA62C8FD8FB00939AF7 /* StartViewController.swift in Sources */,
				4F1DBCB02D69C02800F7DCE8 /* QuizViewController.swift in Sources */,
				4F1DBCA22D66EAE500F7DCE8 /* Ssp2WordViewController.swift in Sources */,
				4F75C0282D6A84D600534812 /* ResultViewController.swift in Sources */,
				4F25C0382C91101000939AF7 /* Ssp4WordViewController.swift in Sources */,
				4F1DBCAE2D69AF2E00F7DCE8 /* PersonalHistoryViewController.swift in Sources */,
				4F1DBCAC2D683BC100F7DCE8 /* SelectQuizViewController.swift in Sources */,
				4F25BFB82C8FE3BC00939AF7 /* LastViewController.swift in Sources */,
				4F25BFA22C8FD8FB00939AF7 /* AppDelegate.swift in Sources */,
				4F25BFB62C8FE2C900939AF7 /* Ssp3WordViewController.swift in Sources */,
				4F1DBCA02D66E87C00F7DCE8 /* Select2WordViewController.swift in Sources */,
				4F1DBCB42D69DB4400F7DCE8 /* SelectCharacterLengthViewController.swift in Sources */,
				4F75C02E2D6AAB2F00534812 /* QuizResult.swift in Sources */,
				4F25C03C2C912B8100939AF7 /* SelectViewController.swift in Sources */,
				4F25BFBC2C90096000939AF7 /* Select3WordViewController.swift in Sources */,
				4F25C0362C910FD800939AF7 /* Select4WordViewController.swift in Sources */,
				4F25BFA42C8FD8FB00939AF7 /* SceneDelegate.swift in Sources */,
			);
			runOnlyForDeploymentPostprocessing = 0;
		};
/* End PBXSourcesBuildPhase section */

/* Begin PBXVariantGroup section */
		4F25BFA72C8FD8FB00939AF7 /* Main.storyboard */ = {
			isa = PBXVariantGroup;
			children = (
				4F25BFA82C8FD8FB00939AF7 /* Base */,
			);
			name = Main.storyboard;
			sourceTree = "<group>";
		};
		4F25BFAC2C8FD8FD00939AF7 /* LaunchScreen.storyboard */ = {
			isa = PBXVariantGroup;
			children = (
				4F25BFAD2C8FD8FD00939AF7 /* Base */,
			);
			name = LaunchScreen.storyboard;
			sourceTree = "<group>";
		};
/* End PBXVariantGroup section */

/* Begin XCBuildConfiguration section */
		4F25BFB02C8FD8FD00939AF7 /* Debug */ = {
			isa = XCBuildConfiguration;
			buildSettings = {
				ALWAYS_SEARCH_USER_PATHS = NO;
				ASSETCATALOG_COMPILER_GENERATE_SWIFT_ASSET_SYMBOL_EXTENSIONS = YES;
				CLANG_ANALYZER_NONNULL = YES;
				CLANG_ANALYZER_NUMBER_OBJECT_CONVERSION = YES_AGGRESSIVE;
				CLANG_CXX_LANGUAGE_STANDARD = "gnu++20";
				CLANG_ENABLE_MODULES = YES;
				CLANG_ENABLE_OBJC_ARC = YES;
				CLANG_ENABLE_OBJC_WEAK = YES;
				CLANG_WARN_BLOCK_CAPTURE_AUTORELEASING = YES;
				CLANG_WARN_BOOL_CONVERSION = YES;
				CLANG_WARN_COMMA = YES;
				CLANG_WARN_CONSTANT_CONVERSION = YES;
				CLANG_WARN_DEPRECATED_OBJC_IMPLEMENTATIONS = YES;
				CLANG_WARN_DIRECT_OBJC_ISA_USAGE = YES_ERROR;
				CLANG_WARN_DOCUMENTATION_COMMENTS = YES;
				CLANG_WARN_EMPTY_BODY = YES;
				CLANG_WARN_ENUM_CONVERSION = YES;
				CLANG_WARN_INFINITE_RECURSION = YES;
				CLANG_WARN_INT_CONVERSION = YES;
				CLANG_WARN_NON_LITERAL_NULL_CONVERSION = YES;
				CLANG_WARN_OBJC_IMPLICIT_RETAIN_SELF = YES;
				CLANG_WARN_OBJC_LITERAL_CONVERSION = YES;
				CLANG_WARN_OBJC_ROOT_CLASS = YES_ERROR;
				CLANG_WARN_QUOTED_INCLUDE_IN_FRAMEWORK_HEADER = YES;
				CLANG_WARN_RANGE_LOOP_ANALYSIS = YES;
				CLANG_WARN_STRICT_PROTOTYPES = YES;
				CLANG_WARN_SUSPICIOUS_MOVE = YES;
				CLANG_WARN_UNGUARDED_AVAILABILITY = YES_AGGRESSIVE;
				CLANG_WARN_UNREACHABLE_CODE = YES;
				CLANG_WARN__DUPLICATE_METHOD_MATCH = YES;
				COPY_PHASE_STRIP = NO;
				DEBUG_INFORMATION_FORMAT = dwarf;
				ENABLE_STRICT_OBJC_MSGSEND = YES;
				ENABLE_TESTABILITY = YES;
				ENABLE_USER_SCRIPT_SANDBOXING = YES;
				GCC_C_LANGUAGE_STANDARD = gnu17;
				GCC_DYNAMIC_NO_PIC = NO;
				GCC_NO_COMMON_BLOCKS = YES;
				GCC_OPTIMIZATION_LEVEL = 0;
				GCC_PREPROCESSOR_DEFINITIONS = (
					"DEBUG=1",
					"$(inherited)",
				);
				GCC_WARN_64_TO_32_BIT_CONVERSION = YES;
				GCC_WARN_ABOUT_RETURN_TYPE = YES_ERROR;
				GCC_WARN_UNDECLARED_SELECTOR = YES;
				GCC_WARN_UNINITIALIZED_AUTOS = YES_AGGRESSIVE;
				GCC_WARN_UNUSED_FUNCTION = YES;
				GCC_WARN_UNUSED_VARIABLE = YES;
				IPHONEOS_DEPLOYMENT_TARGET = 17.5;
				LOCALIZATION_PREFERS_STRING_CATALOGS = YES;
				MTL_ENABLE_DEBUG_INFO = INCLUDE_SOURCE;
				MTL_FAST_MATH = YES;
				ONLY_ACTIVE_ARCH = YES;
				SDKROOT = iphoneos;
				SWIFT_ACTIVE_COMPILATION_CONDITIONS = "DEBUG $(inherited)";
				SWIFT_OPTIMIZATION_LEVEL = "-Onone";
			};
			name = Debug;
		};
		4F25BFB12C8FD8FD00939AF7 /* Release */ = {
			isa = XCBuildConfiguration;
			buildSettings = {
				ALWAYS_SEARCH_USER_PATHS = NO;
				ASSETCATALOG_COMPILER_GENERATE_SWIFT_ASSET_SYMBOL_EXTENSIONS = YES;
				CLANG_ANALYZER_NONNULL = YES;
				CLANG_ANALYZER_NUMBER_OBJECT_CONVERSION = YES_AGGRESSIVE;
				CLANG_CXX_LANGUAGE_STANDARD = "gnu++20";
				CLANG_ENABLE_MODULES = YES;
				CLANG_ENABLE_OBJC_ARC = YES;
				CLANG_ENABLE_OBJC_WEAK = YES;
				CLANG_WARN_BLOCK_CAPTURE_AUTORELEASING = YES;
				CLANG_WARN_BOOL_CONVERSION = YES;
				CLANG_WARN_COMMA = YES;
				CLANG_WARN_CONSTANT_CONVERSION = YES;
				CLANG_WARN_DEPRECATED_OBJC_IMPLEMENTATIONS = YES;
				CLANG_WARN_DIRECT_OBJC_ISA_USAGE = YES_ERROR;
				CLANG_WARN_DOCUMENTATION_COMMENTS = YES;
				CLANG_WARN_EMPTY_BODY = YES;
				CLANG_WARN_ENUM_CONVERSION = YES;
				CLANG_WARN_INFINITE_RECURSION = YES;
				CLANG_WARN_INT_CONVERSION = YES;
				CLANG_WARN_NON_LITERAL_NULL_CONVERSION = YES;
				CLANG_WARN_OBJC_IMPLICIT_RETAIN_SELF = YES;
				CLANG_WARN_OBJC_LITERAL_CONVERSION = YES;
				CLANG_WARN_OBJC_ROOT_CLASS = YES_ERROR;
				CLANG_WARN_QUOTED_INCLUDE_IN_FRAMEWORK_HEADER = YES;
				CLANG_WARN_RANGE_LOOP_ANALYSIS = YES;
				CLANG_WARN_STRICT_PROTOTYPES = YES;
				CLANG_WARN_SUSPICIOUS_MOVE = YES;
				CLANG_WARN_UNGUARDED_AVAILABILITY = YES_AGGRESSIVE;
				CLANG_WARN_UNREACHABLE_CODE = YES;
				CLANG_WARN__DUPLICATE_METHOD_MATCH = YES;
				COPY_PHASE_STRIP = NO;
				DEBUG_INFORMATION_FORMAT = "dwarf-with-dsym";
				ENABLE_NS_ASSERTIONS = NO;
				ENABLE_STRICT_OBJC_MSGSEND = YES;
				ENABLE_USER_SCRIPT_SANDBOXING = YES;
				GCC_C_LANGUAGE_STANDARD = gnu17;
				GCC_NO_COMMON_BLOCKS = YES;
				GCC_WARN_64_TO_32_BIT_CONVERSION = YES;
				GCC_WARN_ABOUT_RETURN_TYPE = YES_ERROR;
				GCC_WARN_UNDECLARED_SELECTOR = YES;
				GCC_WARN_UNINITIALIZED_AUTOS = YES_AGGRESSIVE;
				GCC_WARN_UNUSED_FUNCTION = YES;
				GCC_WARN_UNUSED_VARIABLE = YES;
				IPHONEOS_DEPLOYMENT_TARGET = 17.5;
				LOCALIZATION_PREFERS_STRING_CATALOGS = YES;
				MTL_ENABLE_DEBUG_INFO = NO;
				MTL_FAST_MATH = YES;
				SDKROOT = iphoneos;
				SWIFT_COMPILATION_MODE = wholemodule;
				VALIDATE_PRODUCT = YES;
			};
			name = Release;
		};
		4F25BFB32C8FD8FD00939AF7 /* Debug */ = {
			isa = XCBuildConfiguration;
			baseConfigurationReference = D04E762ADA905AFAB33395B6 /* Pods-WordReading4.debug.xcconfig */;
			buildSettings = {
				ASSETCATALOG_COMPILER_APPICON_NAME = AppIcon;
				ASSETCATALOG_COMPILER_GLOBAL_ACCENT_COLOR_NAME = AccentColor;
				CODE_SIGN_STYLE = Automatic;
				CURRENT_PROJECT_VERSION = 1;
				DEVELOPMENT_TEAM = K2789NPGR4;
				ENABLE_USER_SCRIPT_SANDBOXING = NO;
				GENERATE_INFOPLIST_FILE = YES;
				INFOPLIST_FILE = WordReading/Info.plist;
				INFOPLIST_KEY_UIApplicationSupportsIndirectInputEvents = YES;
				INFOPLIST_KEY_UILaunchStoryboardName = LaunchScreen;
				INFOPLIST_KEY_UIMainStoryboardFile = Main;
				INFOPLIST_KEY_UISupportedInterfaceOrientations_iPad = "UIInterfaceOrientationPortrait UIInterfaceOrientationPortraitUpsideDown UIInterfaceOrientationLandscapeLeft UIInterfaceOrientationLandscapeRight";
				INFOPLIST_KEY_UISupportedInterfaceOrientations_iPhone = "UIInterfaceOrientationPortrait UIInterfaceOrientationLandscapeLeft UIInterfaceOrientationLandscapeRight";
				LD_RUNPATH_SEARCH_PATHS = (
					"$(inherited)",
					"@executable_path/Frameworks",
				);
				MARKETING_VERSION = 1.0;
				PRODUCT_BUNDLE_IDENTIFIER = "Swift-Beginners.WordReading";
				PRODUCT_NAME = "$(TARGET_NAME)";
				SWIFT_EMIT_LOC_STRINGS = YES;
				SWIFT_VERSION = 5.0;
				TARGETED_DEVICE_FAMILY = "1,2";
			};
			name = Debug;
		};
		4F25BFB42C8FD8FD00939AF7 /* Release */ = {
			isa = XCBuildConfiguration;
			baseConfigurationReference = 57CD20213335CF6F3F670AE4 /* Pods-WordReading4.release.xcconfig */;
			buildSettings = {
				ASSETCATALOG_COMPILER_APPICON_NAME = AppIcon;
				ASSETCATALOG_COMPILER_GLOBAL_ACCENT_COLOR_NAME = AccentColor;
				CODE_SIGN_STYLE = Automatic;
				CURRENT_PROJECT_VERSION = 1;
				DEVELOPMENT_TEAM = K2789NPGR4;
				ENABLE_USER_SCRIPT_SANDBOXING = NO;
				GENERATE_INFOPLIST_FILE = YES;
				INFOPLIST_FILE = WordReading/Info.plist;
				INFOPLIST_KEY_UIApplicationSupportsIndirectInputEvents = YES;
				INFOPLIST_KEY_UILaunchStoryboardName = LaunchScreen;
				INFOPLIST_KEY_UIMainStoryboardFile = Main;
				INFOPLIST_KEY_UISupportedInterfaceOrientations_iPad = "UIInterfaceOrientationPortrait UIInterfaceOrientationPortraitUpsideDown UIInterfaceOrientationLandscapeLeft UIInterfaceOrientationLandscapeRight";
				INFOPLIST_KEY_UISupportedInterfaceOrientations_iPhone = "UIInterfaceOrientationPortrait UIInterfaceOrientationLandscapeLeft UIInterfaceOrientationLandscapeRight";
				LD_RUNPATH_SEARCH_PATHS = (
					"$(inherited)",
					"@executable_path/Frameworks",
				);
				MARKETING_VERSION = 1.0;
				PRODUCT_BUNDLE_IDENTIFIER = "Swift-Beginners.WordReading";
				PRODUCT_NAME = "$(TARGET_NAME)";
				SWIFT_EMIT_LOC_STRINGS = YES;
				SWIFT_VERSION = 5.0;
				TARGETED_DEVICE_FAMILY = "1,2";
			};
			name = Release;
		};
/* End XCBuildConfiguration section */

/* Begin XCConfigurationList section */
		4F25BF992C8FD8FB00939AF7 /* Build configuration list for PBXProject "WordReading4" */ = {
			isa = XCConfigurationList;
			buildConfigurations = (
				4F25BFB02C8FD8FD00939AF7 /* Debug */,
				4F25BFB12C8FD8FD00939AF7 /* Release */,
			);
			defaultConfigurationIsVisible = 0;
			defaultConfigurationName = Release;
		};
		4F25BFB22C8FD8FD00939AF7 /* Build configuration list for PBXNativeTarget "WordReading4" */ = {
			isa = XCConfigurationList;
			buildConfigurations = (
				4F25BFB32C8FD8FD00939AF7 /* Debug */,
				4F25BFB42C8FD8FD00939AF7 /* Release */,
			);
			defaultConfigurationIsVisible = 0;
			defaultConfigurationName = Release;
		};
/* End XCConfigurationList section */
	};
	rootObject = 4F25BF962C8FD8FB00939AF7 /* Project object */;
}
